Microsoft Visual Studio Solution File, Format Version 9.00
# Visual Studio 2005
Project("{8BC9CEB8-8B4A-11D0-8D11-00A0C91BC942}") = "dtABC", "src\dtABC\dtabc_2005.vcproj", "{D1B34D72-1FCC-45E4-8CA7-BFF9C7D7689C}"
	ProjectSection(ProjectDependencies) = postProject
		{F4AF0428-087E-4AE9-BAB2-B18E910DF67A} = {F4AF0428-087E-4AE9-BAB2-B18E910DF67A}
		{E8B2FBBF-19C9-4814-9F30-90FE0A036232} = {E8B2FBBF-19C9-4814-9F30-90FE0A036232}
	EndProjectSection
EndProject
Project("{8BC9CEB8-8B4A-11D0-8D11-00A0C91BC942}") = "dtAudio", "src\dtAudio\dtaudio_2005.vcproj", "{6C9F6D0C-9B74-404F-808B-9E480777F757}"
	ProjectSection(ProjectDependencies) = postProject
		{E8B2FBBF-19C9-4814-9F30-90FE0A036232} = {E8B2FBBF-19C9-4814-9F30-90FE0A036232}
	EndProjectSection
EndProject
Project("{8BC9CEB8-8B4A-11D0-8D11-00A0C91BC942}") = "dtCore", "src\dtCore\dtcore_2005.vcproj", "{E8B2FBBF-19C9-4814-9F30-90FE0A036232}"
	ProjectSection(ProjectDependencies) = postProject
		{5F516A22-15B8-4160-B032-BDFD78707350} = {5F516A22-15B8-4160-B032-BDFD78707350}
	EndProjectSection
EndProject
Project("{8BC9CEB8-8B4A-11D0-8D11-00A0C91BC942}") = "dtScript", "src\dtScript\dtscript_2005.vcproj", "{4168D2C5-39C3-4368-B152-3C0F6AD1A95F}"
	ProjectSection(ProjectDependencies) = postProject
		{E8B2FBBF-19C9-4814-9F30-90FE0A036232} = {E8B2FBBF-19C9-4814-9F30-90FE0A036232}
	EndProjectSection
EndProject
Project("{8BC9CEB8-8B4A-11D0-8D11-00A0C91BC942}") = "dtUtil", "src\dtUtil\dtutil_2005.vcproj", "{5F516A22-15B8-4160-B032-BDFD78707350}"
EndProject
Project("{8BC9CEB8-8B4A-11D0-8D11-00A0C91BC942}") = "dtInspector", "src\dtInspector\dtinspector_2005.vcproj", "{7F7CF9FA-EFB9-4DD0-964E-0562DBED2C09}"
	ProjectSection(ProjectDependencies) = postProject
		{D1B34D72-1FCC-45E4-8CA7-BFF9C7D7689C} = {D1B34D72-1FCC-45E4-8CA7-BFF9C7D7689C}
		{E8B2FBBF-19C9-4814-9F30-90FE0A036232} = {E8B2FBBF-19C9-4814-9F30-90FE0A036232}
	EndProjectSection
EndProject
Project("{8BC9CEB8-8B4A-11D0-8D11-00A0C91BC942}") = "dtABCBindings", "src\python\dtabcbindings_2005.vcproj", "{537ADD2A-2558-46E6-B40F-27AAE5DAEAA2}"
	ProjectSection(ProjectDependencies) = postProject
		{D1B34D72-1FCC-45E4-8CA7-BFF9C7D7689C} = {D1B34D72-1FCC-45E4-8CA7-BFF9C7D7689C}
		{E8B2FBBF-19C9-4814-9F30-90FE0A036232} = {E8B2FBBF-19C9-4814-9F30-90FE0A036232}
	EndProjectSection
EndProject
Project("{8BC9CEB8-8B4A-11D0-8D11-00A0C91BC942}") = "dtAudioBindings", "src\python\dtaudiobindings_2005.vcproj", "{0D2F6673-29DD-492F-8ABD-6BCA7925F2DE}"
	ProjectSection(ProjectDependencies) = postProject
		{6C9F6D0C-9B74-404F-808B-9E480777F757} = {6C9F6D0C-9B74-404F-808B-9E480777F757}
	EndProjectSection
EndProject
Project("{8BC9CEB8-8B4A-11D0-8D11-00A0C91BC942}") = "dtCoreBindings", "src\python\dtcorebindings_2005.vcproj", "{17C8B821-1515-4CE5-9C9A-00193C34FF0F}"
	ProjectSection(ProjectDependencies) = postProject
		{E8B2FBBF-19C9-4814-9F30-90FE0A036232} = {E8B2FBBF-19C9-4814-9F30-90FE0A036232}
	EndProjectSection
EndProject
Project("{8BC9CEB8-8B4A-11D0-8D11-00A0C91BC942}") = "testApp", "examples\testApp\testApp_2005.vcproj", "{4A1728D2-7B7C-4D0C-B089-31E9A6FC0AF7}"
	ProjectSection(ProjectDependencies) = postProject
		{D1B34D72-1FCC-45E4-8CA7-BFF9C7D7689C} = {D1B34D72-1FCC-45E4-8CA7-BFF9C7D7689C}
		{E8B2FBBF-19C9-4814-9F30-90FE0A036232} = {E8B2FBBF-19C9-4814-9F30-90FE0A036232}
	EndProjectSection
EndProject
Project("{8BC9CEB8-8B4A-11D0-8D11-00A0C91BC942}") = "testAudio", "examples\testAudio\testAudio_2005.vcproj", "{E11EA848-D306-4034-92FB-F4FABC95D7BE}"
	ProjectSection(ProjectDependencies) = postProject
		{6C9F6D0C-9B74-404F-808B-9E480777F757} = {6C9F6D0C-9B74-404F-808B-9E480777F757}
		{D1B34D72-1FCC-45E4-8CA7-BFF9C7D7689C} = {D1B34D72-1FCC-45E4-8CA7-BFF9C7D7689C}
		{E8B2FBBF-19C9-4814-9F30-90FE0A036232} = {E8B2FBBF-19C9-4814-9F30-90FE0A036232}
	EndProjectSection
EndProject
Project("{8BC9CEB8-8B4A-11D0-8D11-00A0C91BC942}") = "testClouds", "examples\testClouds\testClouds_2005.vcproj", "{080CB95C-2B86-42F8-831D-490367ED0A43}"
	ProjectSection(ProjectDependencies) = postProject
		{D1B34D72-1FCC-45E4-8CA7-BFF9C7D7689C} = {D1B34D72-1FCC-45E4-8CA7-BFF9C7D7689C}
		{E8B2FBBF-19C9-4814-9F30-90FE0A036232} = {E8B2FBBF-19C9-4814-9F30-90FE0A036232}
		{7F7CF9FA-EFB9-4DD0-964E-0562DBED2C09} = {7F7CF9FA-EFB9-4DD0-964E-0562DBED2C09}
	EndProjectSection
EndProject
Project("{8BC9CEB8-8B4A-11D0-8D11-00A0C91BC942}") = "testEffects", "examples\testEffects\testEffects_2005.vcproj", "{8F5AAEC9-3184-497E-B4D6-E399FA9A8928}"
	ProjectSection(ProjectDependencies) = postProject
		{D1B34D72-1FCC-45E4-8CA7-BFF9C7D7689C} = {D1B34D72-1FCC-45E4-8CA7-BFF9C7D7689C}
		{E8B2FBBF-19C9-4814-9F30-90FE0A036232} = {E8B2FBBF-19C9-4814-9F30-90FE0A036232}
	EndProjectSection
EndProject
Project("{8BC9CEB8-8B4A-11D0-8D11-00A0C91BC942}") = "testGUI", "examples\testGUI\testGUI_2005.vcproj", "{4B1B3A75-0621-48F6-8045-38B526B6F805}"
	ProjectSection(ProjectDependencies) = postProject
		{D1B34D72-1FCC-45E4-8CA7-BFF9C7D7689C} = {D1B34D72-1FCC-45E4-8CA7-BFF9C7D7689C}
		{CF160A9E-61E2-4D81-83AB-C8165BB0678C} = {CF160A9E-61E2-4D81-83AB-C8165BB0678C}
		{E8B2FBBF-19C9-4814-9F30-90FE0A036232} = {E8B2FBBF-19C9-4814-9F30-90FE0A036232}
	EndProjectSection
EndProject
Project("{8BC9CEB8-8B4A-11D0-8D11-00A0C91BC942}") = "testInput", "examples\testInput\testInput_2005.vcproj", "{EC0CE4B2-7700-470E-A980-63A27A235A7D}"
	ProjectSection(ProjectDependencies) = postProject
		{F91AB03E-59A0-4C2F-BC0A-ABA41F0492A9} = {F91AB03E-59A0-4C2F-BC0A-ABA41F0492A9}
		{963D6948-2667-47EF-ADD7-C7D9AEFD9344} = {963D6948-2667-47EF-ADD7-C7D9AEFD9344}
		{E2003D60-9BE3-4995-A417-75C84DC07579} = {E2003D60-9BE3-4995-A417-75C84DC07579}
		{D1B34D72-1FCC-45E4-8CA7-BFF9C7D7689C} = {D1B34D72-1FCC-45E4-8CA7-BFF9C7D7689C}
		{E8B2FBBF-19C9-4814-9F30-90FE0A036232} = {E8B2FBBF-19C9-4814-9F30-90FE0A036232}
	EndProjectSection
EndProject
Project("{8BC9CEB8-8B4A-11D0-8D11-00A0C91BC942}") = "testLights", "examples\testLights\testLights_2005.vcproj", "{CF2D4F60-317E-4CDF-A568-24F50A2D03AF}"
	ProjectSection(ProjectDependencies) = postProject
		{D1B34D72-1FCC-45E4-8CA7-BFF9C7D7689C} = {D1B34D72-1FCC-45E4-8CA7-BFF9C7D7689C}
		{E8B2FBBF-19C9-4814-9F30-90FE0A036232} = {E8B2FBBF-19C9-4814-9F30-90FE0A036232}
	EndProjectSection
EndProject
Project("{8BC9CEB8-8B4A-11D0-8D11-00A0C91BC942}") = "testMotionModels", "examples\testMotionModels\testMotionModels_2005.vcproj", "{5DB67CE6-5BF7-4DBA-BB3F-FC4D3E92430E}"
	ProjectSection(ProjectDependencies) = postProject
		{D1B34D72-1FCC-45E4-8CA7-BFF9C7D7689C} = {D1B34D72-1FCC-45E4-8CA7-BFF9C7D7689C}
		{CF160A9E-61E2-4D81-83AB-C8165BB0678C} = {CF160A9E-61E2-4D81-83AB-C8165BB0678C}
		{E8B2FBBF-19C9-4814-9F30-90FE0A036232} = {E8B2FBBF-19C9-4814-9F30-90FE0A036232}
	EndProjectSection
EndProject
Project("{8BC9CEB8-8B4A-11D0-8D11-00A0C91BC942}") = "testPhysics", "examples\testPhysics\testPhysics_2005.vcproj", "{5E9843C9-AF67-4229-89D6-EDED6CECEC18}"
	ProjectSection(ProjectDependencies) = postProject
		{5F516A22-15B8-4160-B032-BDFD78707350} = {5F516A22-15B8-4160-B032-BDFD78707350}
		{D1B34D72-1FCC-45E4-8CA7-BFF9C7D7689C} = {D1B34D72-1FCC-45E4-8CA7-BFF9C7D7689C}
		{E8B2FBBF-19C9-4814-9F30-90FE0A036232} = {E8B2FBBF-19C9-4814-9F30-90FE0A036232}
	EndProjectSection
EndProject
Project("{8BC9CEB8-8B4A-11D0-8D11-00A0C91BC942}") = "testSound", "examples\testSound\testSound_2005.vcproj", "{88DD5AA5-9AE2-4C10-8326-DDC577E290EB}"
	ProjectSection(ProjectDependencies) = postProject
		{6C9F6D0C-9B74-404F-808B-9E480777F757} = {6C9F6D0C-9B74-404F-808B-9E480777F757}
		{D1B34D72-1FCC-45E4-8CA7-BFF9C7D7689C} = {D1B34D72-1FCC-45E4-8CA7-BFF9C7D7689C}
		{E8B2FBBF-19C9-4814-9F30-90FE0A036232} = {E8B2FBBF-19C9-4814-9F30-90FE0A036232}
	EndProjectSection
EndProject
Project("{8BC9CEB8-8B4A-11D0-8D11-00A0C91BC942}") = "testWeather", "examples\testWeather\testWeather_2005.vcproj", "{FC8CDF6F-4FE6-4A8D-8D68-5DA752C977E2}"
	ProjectSection(ProjectDependencies) = postProject
		{D1B34D72-1FCC-45E4-8CA7-BFF9C7D7689C} = {D1B34D72-1FCC-45E4-8CA7-BFF9C7D7689C}
		{E8B2FBBF-19C9-4814-9F30-90FE0A036232} = {E8B2FBBF-19C9-4814-9F30-90FE0A036232}
		{7F7CF9FA-EFB9-4DD0-964E-0562DBED2C09} = {7F7CF9FA-EFB9-4DD0-964E-0562DBED2C09}
	EndProjectSection
EndProject
Project("{8BC9CEB8-8B4A-11D0-8D11-00A0C91BC942}") = "testWidget", "examples\testWidget\testWidget_2005.vcproj", "{355AF710-FC5B-442C-A69A-17A6FA1F1025}"
	ProjectSection(ProjectDependencies) = postProject
		{D1B34D72-1FCC-45E4-8CA7-BFF9C7D7689C} = {D1B34D72-1FCC-45E4-8CA7-BFF9C7D7689C}
		{E8B2FBBF-19C9-4814-9F30-90FE0A036232} = {E8B2FBBF-19C9-4814-9F30-90FE0A036232}
	EndProjectSection
EndProject
Project("{8BC9CEB8-8B4A-11D0-8D11-00A0C91BC942}") = "testWin", "examples\testWin\testWin_2005.vcproj", "{37B8BAE2-2318-43AD-A052-95D22E2AF605}"
	ProjectSection(ProjectDependencies) = postProject
		{D1B34D72-1FCC-45E4-8CA7-BFF9C7D7689C} = {D1B34D72-1FCC-45E4-8CA7-BFF9C7D7689C}
		{E8B2FBBF-19C9-4814-9F30-90FE0A036232} = {E8B2FBBF-19C9-4814-9F30-90FE0A036232}
	EndProjectSection
EndProject
Project("{8BC9CEB8-8B4A-11D0-8D11-00A0C91BC942}") = "psEditor", "utilities\psEditor\psEditor_2005.vcproj", "{7F57A273-325C-487B-B130-9643754B8232}"
	ProjectSection(ProjectDependencies) = postProject
		{5F516A22-15B8-4160-B032-BDFD78707350} = {5F516A22-15B8-4160-B032-BDFD78707350}
		{D1B34D72-1FCC-45E4-8CA7-BFF9C7D7689C} = {D1B34D72-1FCC-45E4-8CA7-BFF9C7D7689C}
		{E8B2FBBF-19C9-4814-9F30-90FE0A036232} = {E8B2FBBF-19C9-4814-9F30-90FE0A036232}
	EndProjectSection
EndProject
Project("{8BC9CEB8-8B4A-11D0-8D11-00A0C91BC942}") = "Viewer", "utilities\Viewer\Viewer_2005.vcproj", "{56EA31EF-9CED-4CB0-9D0B-88C67F61A089}"
	ProjectSection(ProjectDependencies) = postProject
		{F4AF0428-087E-4AE9-BAB2-B18E910DF67A} = {F4AF0428-087E-4AE9-BAB2-B18E910DF67A}
		{D1B34D72-1FCC-45E4-8CA7-BFF9C7D7689C} = {D1B34D72-1FCC-45E4-8CA7-BFF9C7D7689C}
		{E8B2FBBF-19C9-4814-9F30-90FE0A036232} = {E8B2FBBF-19C9-4814-9F30-90FE0A036232}
	EndProjectSection
EndProject
Project("{8BC9CEB8-8B4A-11D0-8D11-00A0C91BC942}") = "testPython", "examples\testPython\testPython_2005.vcproj", "{403C280B-31D4-48D5-BBBA-D9EA774FAB05}"
	ProjectSection(ProjectDependencies) = postProject
		{17C8B821-1515-4CE5-9C9A-00193C34FF0F} = {17C8B821-1515-4CE5-9C9A-00193C34FF0F}
		{D1B34D72-1FCC-45E4-8CA7-BFF9C7D7689C} = {D1B34D72-1FCC-45E4-8CA7-BFF9C7D7689C}
		{E8B2FBBF-19C9-4814-9F30-90FE0A036232} = {E8B2FBBF-19C9-4814-9F30-90FE0A036232}
		{4168D2C5-39C3-4368-B152-3C0F6AD1A95F} = {4168D2C5-39C3-4368-B152-3C0F6AD1A95F}
	EndProjectSection
EndProject
Project("{8BC9CEB8-8B4A-11D0-8D11-00A0C91BC942}") = "testMultiWin", "examples\testMultiWin\testMultiWin_2005.vcproj", "{6FC97D94-9895-43AA-87BB-7206B4E267AA}"
	ProjectSection(ProjectDependencies) = postProject
		{D1B34D72-1FCC-45E4-8CA7-BFF9C7D7689C} = {D1B34D72-1FCC-45E4-8CA7-BFF9C7D7689C}
		{E8B2FBBF-19C9-4814-9F30-90FE0A036232} = {E8B2FBBF-19C9-4814-9F30-90FE0A036232}
	EndProjectSection
EndProject
Project("{8BC9CEB8-8B4A-11D0-8D11-00A0C91BC942}") = "dtGUI", "src\dtGUI\dtGUI_2005.vcproj", "{CF160A9E-61E2-4D81-83AB-C8165BB0678C}"
	ProjectSection(ProjectDependencies) = postProject
		{E8B2FBBF-19C9-4814-9F30-90FE0A036232} = {E8B2FBBF-19C9-4814-9F30-90FE0A036232}
	EndProjectSection
EndProject
Project("{8BC9CEB8-8B4A-11D0-8D11-00A0C91BC942}") = "testMap", "examples\testMap\testMap_2005.vcproj", "{0AD37625-7CF8-42C4-90FF-1F5329B91FAE}"
	ProjectSection(ProjectDependencies) = postProject
		{F4AF0428-087E-4AE9-BAB2-B18E910DF67A} = {F4AF0428-087E-4AE9-BAB2-B18E910DF67A}
		{E8B2FBBF-19C9-4814-9F30-90FE0A036232} = {E8B2FBBF-19C9-4814-9F30-90FE0A036232}
		{FD79E7C7-15CE-49BC-B7C6-EFE5B4564B1A} = {FD79E7C7-15CE-49BC-B7C6-EFE5B4564B1A}
	EndProjectSection
EndProject
Project("{8BC9CEB8-8B4A-11D0-8D11-00A0C91BC942}") = "testActorLibrary", "examples\testActorLibrary\testActorLibrary_2005.vcproj", "{776B9B6F-C222-4899-84C7-648877FEBEAE}"
	ProjectSection(ProjectDependencies) = postProject
		{5F516A22-15B8-4160-B032-BDFD78707350} = {5F516A22-15B8-4160-B032-BDFD78707350}
		{F4AF0428-087E-4AE9-BAB2-B18E910DF67A} = {F4AF0428-087E-4AE9-BAB2-B18E910DF67A}
		{E8B2FBBF-19C9-4814-9F30-90FE0A036232} = {E8B2FBBF-19C9-4814-9F30-90FE0A036232}
		{FD79E7C7-15CE-49BC-B7C6-EFE5B4564B1A} = {FD79E7C7-15CE-49BC-B7C6-EFE5B4564B1A}
	EndProjectSection
EndProject
Project("{8BC9CEB8-8B4A-11D0-8D11-00A0C91BC942}") = "dtDAL", "src\dtDAL\dtDAL_2005.vcproj", "{F4AF0428-087E-4AE9-BAB2-B18E910DF67A}"
	ProjectSection(ProjectDependencies) = postProject
		{5F516A22-15B8-4160-B032-BDFD78707350} = {5F516A22-15B8-4160-B032-BDFD78707350}
		{963D6948-2667-47EF-ADD7-C7D9AEFD9344} = {963D6948-2667-47EF-ADD7-C7D9AEFD9344}
		{E8B2FBBF-19C9-4814-9F30-90FE0A036232} = {E8B2FBBF-19C9-4814-9F30-90FE0A036232}
	EndProjectSection
EndProject
Project("{8BC9CEB8-8B4A-11D0-8D11-00A0C91BC942}") = "dtActors", "src\dtActors\dtActors_2005.vcproj", "{FD79E7C7-15CE-49BC-B7C6-EFE5B4564B1A}"
	ProjectSection(ProjectDependencies) = postProject
		{6C9F6D0C-9B74-404F-808B-9E480777F757} = {6C9F6D0C-9B74-404F-808B-9E480777F757}
		{5F516A22-15B8-4160-B032-BDFD78707350} = {5F516A22-15B8-4160-B032-BDFD78707350}
		{F4AF0428-087E-4AE9-BAB2-B18E910DF67A} = {F4AF0428-087E-4AE9-BAB2-B18E910DF67A}
		{A768B050-B0CF-454C-BE75-9F31E1ECF85F} = {A768B050-B0CF-454C-BE75-9F31E1ECF85F}
		{D1B34D72-1FCC-45E4-8CA7-BFF9C7D7689C} = {D1B34D72-1FCC-45E4-8CA7-BFF9C7D7689C}
		{1E2C3DB5-00E0-45B9-AA4B-F54BD5A9C60B} = {1E2C3DB5-00E0-45B9-AA4B-F54BD5A9C60B}
		{E8B2FBBF-19C9-4814-9F30-90FE0A036232} = {E8B2FBBF-19C9-4814-9F30-90FE0A036232}
	EndProjectSection
EndProject
Project("{8BC9CEB8-8B4A-11D0-8D11-00A0C91BC942}") = "dtEditQt", "utilities\STAGE\dtEditQt_2005.vcproj", "{C97F2060-5B64-4F5A-822E-16A9C3BE491E}"
	ProjectSection(ProjectDependencies) = postProject
		{F4AF0428-087E-4AE9-BAB2-B18E910DF67A} = {F4AF0428-087E-4AE9-BAB2-B18E910DF67A}
		{FD79E7C7-15CE-49BC-B7C6-EFE5B4564B1A} = {FD79E7C7-15CE-49BC-B7C6-EFE5B4564B1A}
	EndProjectSection
EndProject
Project("{8BC9CEB8-8B4A-11D0-8D11-00A0C91BC942}") = "testStateManager", "examples\testStateManager\teststatemanager_2005.vcproj", "{3C3FEE6D-F7FE-4D1B-BE27-BBA95AFCC931}"
	ProjectSection(ProjectDependencies) = postProject
		{D1B34D72-1FCC-45E4-8CA7-BFF9C7D7689C} = {D1B34D72-1FCC-45E4-8CA7-BFF9C7D7689C}
		{E8B2FBBF-19C9-4814-9F30-90FE0A036232} = {E8B2FBBF-19C9-4814-9F30-90FE0A036232}
	EndProjectSection
EndProject
Project("{8BC9CEB8-8B4A-11D0-8D11-00A0C91BC942}") = "testShaders", "examples\testShaders\testShaders_2005.vcproj", "{F3C3B681-713F-498F-8031-F00E86E38D36}"
	ProjectSection(ProjectDependencies) = postProject
		{D1B34D72-1FCC-45E4-8CA7-BFF9C7D7689C} = {D1B34D72-1FCC-45E4-8CA7-BFF9C7D7689C}
		{E8B2FBBF-19C9-4814-9F30-90FE0A036232} = {E8B2FBBF-19C9-4814-9F30-90FE0A036232}
	EndProjectSection
EndProject
Project("{8BC9CEB8-8B4A-11D0-8D11-00A0C91BC942}") = "testBumpMap", "examples\testBumpMap\testBumpMap_2005.vcproj", "{2876E90C-70C8-4911-A78F-BE9CF6930F7A}"
	ProjectSection(ProjectDependencies) = postProject
		{D1B34D72-1FCC-45E4-8CA7-BFF9C7D7689C} = {D1B34D72-1FCC-45E4-8CA7-BFF9C7D7689C}
		{E8B2FBBF-19C9-4814-9F30-90FE0A036232} = {E8B2FBBF-19C9-4814-9F30-90FE0A036232}
	EndProjectSection
EndProject
Project("{8BC9CEB8-8B4A-11D0-8D11-00A0C91BC942}") = "dtNet", "src\dtNet\dtNet_2005.vcproj", "{B799957E-9AFF-43DD-A46A-6BC98424C6B2}"
EndProject
Project("{8BC9CEB8-8B4A-11D0-8D11-00A0C91BC942}") = "testRecorder", "examples\testRecorder\testRecorder_2005.vcproj", "{E0E704E7-1D16-4A9A-AFE8-3298132F80E2}"
	ProjectSection(ProjectDependencies) = postProject
		{E8B2FBBF-19C9-4814-9F30-90FE0A036232} = {E8B2FBBF-19C9-4814-9F30-90FE0A036232}
	EndProjectSection
EndProject
Project("{8BC9CEB8-8B4A-11D0-8D11-00A0C91BC942}") = "testNetwork", "examples\testNetwork\testNetwork_2005.vcproj", "{B9C0F01B-55C1-4830-BF31-B17D208A645E}"
	ProjectSection(ProjectDependencies) = postProject
		{5F516A22-15B8-4160-B032-BDFD78707350} = {5F516A22-15B8-4160-B032-BDFD78707350}
		{D1B34D72-1FCC-45E4-8CA7-BFF9C7D7689C} = {D1B34D72-1FCC-45E4-8CA7-BFF9C7D7689C}
		{B799957E-9AFF-43DD-A46A-6BC98424C6B2} = {B799957E-9AFF-43DD-A46A-6BC98424C6B2}
		{E8B2FBBF-19C9-4814-9F30-90FE0A036232} = {E8B2FBBF-19C9-4814-9F30-90FE0A036232}
	EndProjectSection
EndProject
Project("{8BC9CEB8-8B4A-11D0-8D11-00A0C91BC942}") = "dtInspectorBindings", "src\python\dtinspectorbindings_2005.vcproj", "{89FA50C3-B575-42EE-9EA7-E4E4ED193813}"
	ProjectSection(ProjectDependencies) = postProject
		{7F7CF9FA-EFB9-4DD0-964E-0562DBED2C09} = {7F7CF9FA-EFB9-4DD0-964E-0562DBED2C09}
	EndProjectSection
EndProject
Project("{8BC9CEB8-8B4A-11D0-8D11-00A0C91BC942}") = "dtUtilBindings", "src\python\dtutilbindings_2005.vcproj", "{54256297-8E22-4BA6-BF57-4FE4CDD0DCB5}"
	ProjectSection(ProjectDependencies) = postProject
		{5F516A22-15B8-4160-B032-BDFD78707350} = {5F516A22-15B8-4160-B032-BDFD78707350}
	EndProjectSection
EndProject
Project("{8BC9CEB8-8B4A-11D0-8D11-00A0C91BC942}") = "testTerrain", "examples\testTerrain\testTerrain_2005.vcproj", "{395A9BDC-850A-4F79-BEA5-3D39F5E32E33}"
	ProjectSection(ProjectDependencies) = postProject
		{2688CD16-9490-48A8-A3FD-89C0E7605AA5} = {2688CD16-9490-48A8-A3FD-89C0E7605AA5}
		{5F516A22-15B8-4160-B032-BDFD78707350} = {5F516A22-15B8-4160-B032-BDFD78707350}
		{D1B34D72-1FCC-45E4-8CA7-BFF9C7D7689C} = {D1B34D72-1FCC-45E4-8CA7-BFF9C7D7689C}
		{E8B2FBBF-19C9-4814-9F30-90FE0A036232} = {E8B2FBBF-19C9-4814-9F30-90FE0A036232}
	EndProjectSection
EndProject
Project("{8BC9CEB8-8B4A-11D0-8D11-00A0C91BC942}") = "dtTerrain", "src\dtTerrain\dtTerrain_2005.vcproj", "{2688CD16-9490-48A8-A3FD-89C0E7605AA5}"
	ProjectSection(ProjectDependencies) = postProject
		{5F516A22-15B8-4160-B032-BDFD78707350} = {5F516A22-15B8-4160-B032-BDFD78707350}
		{E8B2FBBF-19C9-4814-9F30-90FE0A036232} = {E8B2FBBF-19C9-4814-9F30-90FE0A036232}
	EndProjectSection
EndProject
Project("{8BC9CEB8-8B4A-11D0-8D11-00A0C91BC942}") = "dtDALBindings", "src\python\dtdalbindings_2005.vcproj", "{DCA6E500-A5D4-496E-9B0A-B22790AD6611}"
	ProjectSection(ProjectDependencies) = postProject
		{F4AF0428-087E-4AE9-BAB2-B18E910DF67A} = {F4AF0428-087E-4AE9-BAB2-B18E910DF67A}
	EndProjectSection
EndProject
Project("{8BC9CEB8-8B4A-11D0-8D11-00A0C91BC942}") = "testTrigger", "examples\testTrigger\testTrigger_2005.vcproj", "{040E3389-1104-4C1A-8F3D-528BDC4B4C3A}"
	ProjectSection(ProjectDependencies) = postProject
		{5F516A22-15B8-4160-B032-BDFD78707350} = {5F516A22-15B8-4160-B032-BDFD78707350}
		{D1B34D72-1FCC-45E4-8CA7-BFF9C7D7689C} = {D1B34D72-1FCC-45E4-8CA7-BFF9C7D7689C}
		{E8B2FBBF-19C9-4814-9F30-90FE0A036232} = {E8B2FBBF-19C9-4814-9F30-90FE0A036232}
	EndProjectSection
EndProject
Project("{8BC9CEB8-8B4A-11D0-8D11-00A0C91BC942}") = "dtGame", "src\dtGame\dtgame_2005.vcproj", "{A768B050-B0CF-454C-BE75-9F31E1ECF85F}"
	ProjectSection(ProjectDependencies) = postProject
		{5F516A22-15B8-4160-B032-BDFD78707350} = {5F516A22-15B8-4160-B032-BDFD78707350}
		{F4AF0428-087E-4AE9-BAB2-B18E910DF67A} = {F4AF0428-087E-4AE9-BAB2-B18E910DF67A}
		{D1B34D72-1FCC-45E4-8CA7-BFF9C7D7689C} = {D1B34D72-1FCC-45E4-8CA7-BFF9C7D7689C}
		{E8B2FBBF-19C9-4814-9F30-90FE0A036232} = {E8B2FBBF-19C9-4814-9F30-90FE0A036232}
	EndProjectSection
EndProject
Project("{8BC9CEB8-8B4A-11D0-8D11-00A0C91BC942}") = "testGameActorLibrary", "examples\testGameActorLibrary\testGameActorLibrary_2005.vcproj", "{F74370BD-A29D-4502-823D-68C2D6FF3C5E}"
	ProjectSection(ProjectDependencies) = postProject
		{F4AF0428-087E-4AE9-BAB2-B18E910DF67A} = {F4AF0428-087E-4AE9-BAB2-B18E910DF67A}
		{A768B050-B0CF-454C-BE75-9F31E1ECF85F} = {A768B050-B0CF-454C-BE75-9F31E1ECF85F}
		{E8B2FBBF-19C9-4814-9F30-90FE0A036232} = {E8B2FBBF-19C9-4814-9F30-90FE0A036232}
		{FD79E7C7-15CE-49BC-B7C6-EFE5B4564B1A} = {FD79E7C7-15CE-49BC-B7C6-EFE5B4564B1A}
	EndProjectSection
EndProject
Project("{8BC9CEB8-8B4A-11D0-8D11-00A0C91BC942}") = "testAAR", "examples\testAAR\testAAR_2005.vcproj", "{8A63969B-307E-4B7B-8851-EB9059D6E82A}"
	ProjectSection(ProjectDependencies) = postProject
		{A768B050-B0CF-454C-BE75-9F31E1ECF85F} = {A768B050-B0CF-454C-BE75-9F31E1ECF85F}
		{47EDED5A-2744-4131-934D-3C7FC0559DEB} = {47EDED5A-2744-4131-934D-3C7FC0559DEB}
		{D1B34D72-1FCC-45E4-8CA7-BFF9C7D7689C} = {D1B34D72-1FCC-45E4-8CA7-BFF9C7D7689C}
		{CF160A9E-61E2-4D81-83AB-C8165BB0678C} = {CF160A9E-61E2-4D81-83AB-C8165BB0678C}
		{F74370BD-A29D-4502-823D-68C2D6FF3C5E} = {F74370BD-A29D-4502-823D-68C2D6FF3C5E}
		{E8B2FBBF-19C9-4814-9F30-90FE0A036232} = {E8B2FBBF-19C9-4814-9F30-90FE0A036232}
		{FD79E7C7-15CE-49BC-B7C6-EFE5B4564B1A} = {FD79E7C7-15CE-49BC-B7C6-EFE5B4564B1A}
	EndProjectSection
EndProject
Project("{8BC9CEB8-8B4A-11D0-8D11-00A0C91BC942}") = "dtHLAGM", "src\dtHLAGM\dtHLAGM_2005.vcproj", "{C094C032-3742-43FA-92C8-BED2C0449DDB}"
	ProjectSection(ProjectDependencies) = postProject
		{5F516A22-15B8-4160-B032-BDFD78707350} = {5F516A22-15B8-4160-B032-BDFD78707350}
		{F4AF0428-087E-4AE9-BAB2-B18E910DF67A} = {F4AF0428-087E-4AE9-BAB2-B18E910DF67A}
		{A768B050-B0CF-454C-BE75-9F31E1ECF85F} = {A768B050-B0CF-454C-BE75-9F31E1ECF85F}
		{E8B2FBBF-19C9-4814-9F30-90FE0A036232} = {E8B2FBBF-19C9-4814-9F30-90FE0A036232}
	EndProjectSection
EndProject
Project("{8BC9CEB8-8B4A-11D0-8D11-00A0C91BC942}") = "GameStart", "utilities\GameStart\GameStart_2005.vcproj", "{47EDED5A-2744-4131-934D-3C7FC0559DEB}"
	ProjectSection(ProjectDependencies) = postProject
		{5F516A22-15B8-4160-B032-BDFD78707350} = {5F516A22-15B8-4160-B032-BDFD78707350}
		{F4AF0428-087E-4AE9-BAB2-B18E910DF67A} = {F4AF0428-087E-4AE9-BAB2-B18E910DF67A}
		{A768B050-B0CF-454C-BE75-9F31E1ECF85F} = {A768B050-B0CF-454C-BE75-9F31E1ECF85F}
		{D1B34D72-1FCC-45E4-8CA7-BFF9C7D7689C} = {D1B34D72-1FCC-45E4-8CA7-BFF9C7D7689C}
		{E8B2FBBF-19C9-4814-9F30-90FE0A036232} = {E8B2FBBF-19C9-4814-9F30-90FE0A036232}
	EndProjectSection
EndProject
Project("{8BC9CEB8-8B4A-11D0-8D11-00A0C91BC942}") = "testGameEnvironment", "examples\testGameEnvironment\testGameEnvironment_2005.vcproj", "{EBACBA32-E24E-46EE-947C-9BDBF883271E}"
	ProjectSection(ProjectDependencies) = postProject
		{F4AF0428-087E-4AE9-BAB2-B18E910DF67A} = {F4AF0428-087E-4AE9-BAB2-B18E910DF67A}
		{D1B34D72-1FCC-45E4-8CA7-BFF9C7D7689C} = {D1B34D72-1FCC-45E4-8CA7-BFF9C7D7689C}
		{E8B2FBBF-19C9-4814-9F30-90FE0A036232} = {E8B2FBBF-19C9-4814-9F30-90FE0A036232}
		{A768B050-B0CF-454C-BE75-9F31E1ECF85F} = {A768B050-B0CF-454C-BE75-9F31E1ECF85F}
		{5F516A22-15B8-4160-B032-BDFD78707350} = {5F516A22-15B8-4160-B032-BDFD78707350}
	EndProjectSection
EndProject
Project("{8BC9CEB8-8B4A-11D0-8D11-00A0C91BC942}") = "dtTerrainBindings", "src\python\dtTerrainBindings_2005.vcproj", "{3C3C8E3D-BC7E-47EC-9392-D5579B3C7524}"
	ProjectSection(ProjectDependencies) = postProject
		{2688CD16-9490-48A8-A3FD-89C0E7605AA5} = {2688CD16-9490-48A8-A3FD-89C0E7605AA5}
		{E8B2FBBF-19C9-4814-9F30-90FE0A036232} = {E8B2FBBF-19C9-4814-9F30-90FE0A036232}
	EndProjectSection
EndProject
Project("{8BC9CEB8-8B4A-11D0-8D11-00A0C91BC942}") = "dtAI", "src\dtAI\dtai_2005.vcproj", "{963D6948-2667-47EF-ADD7-C7D9AEFD9344}"
	ProjectSection(ProjectDependencies) = postProject
		{5F516A22-15B8-4160-B032-BDFD78707350} = {5F516A22-15B8-4160-B032-BDFD78707350}
		{E8B2FBBF-19C9-4814-9F30-90FE0A036232} = {E8B2FBBF-19C9-4814-9F30-90FE0A036232}
	EndProjectSection
EndProject
Project("{8BC9CEB8-8B4A-11D0-8D11-00A0C91BC942}") = "testAI", "examples\testAI\testAI_2005.vcproj", "{DA8DACA1-C402-4C95-98EA-9805FBC05B12}"
	ProjectSection(ProjectDependencies) = postProject
		{5F516A22-15B8-4160-B032-BDFD78707350} = {5F516A22-15B8-4160-B032-BDFD78707350}
		{F4AF0428-087E-4AE9-BAB2-B18E910DF67A} = {F4AF0428-087E-4AE9-BAB2-B18E910DF67A}
		{963D6948-2667-47EF-ADD7-C7D9AEFD9344} = {963D6948-2667-47EF-ADD7-C7D9AEFD9344}
		{D1B34D72-1FCC-45E4-8CA7-BFF9C7D7689C} = {D1B34D72-1FCC-45E4-8CA7-BFF9C7D7689C}
		{E8B2FBBF-19C9-4814-9F30-90FE0A036232} = {E8B2FBBF-19C9-4814-9F30-90FE0A036232}
		{FD79E7C7-15CE-49BC-B7C6-EFE5B4564B1A} = {FD79E7C7-15CE-49BC-B7C6-EFE5B4564B1A}
	EndProjectSection
EndProject
Project("{8BC9CEB8-8B4A-11D0-8D11-00A0C91BC942}") = "dtAIBindings", "src\python\dtaibindings_2005.vcproj", "{45D4F709-62D9-461A-8251-F7AF42877936}"
	ProjectSection(ProjectDependencies) = postProject
		{963D6948-2667-47EF-ADD7-C7D9AEFD9344} = {963D6948-2667-47EF-ADD7-C7D9AEFD9344}
	EndProjectSection
EndProject
Project("{8BC9CEB8-8B4A-11D0-8D11-00A0C91BC942}") = "WebPackager", "utilities\LMS\WebPackager\WebPackager_2005.vcproj", "{5B6308CC-0970-47D6-82B7-08CF0B1F5F1F}"
	ProjectSection(ProjectDependencies) = postProject
		{5F516A22-15B8-4160-B032-BDFD78707350} = {5F516A22-15B8-4160-B032-BDFD78707350}
		{F4AF0428-087E-4AE9-BAB2-B18E910DF67A} = {F4AF0428-087E-4AE9-BAB2-B18E910DF67A}
		{E8B2FBBF-19C9-4814-9F30-90FE0A036232} = {E8B2FBBF-19C9-4814-9F30-90FE0A036232}
		{F13215F4-EDDC-4402-AF78-6DC99077FB11} = {F13215F4-EDDC-4402-AF78-6DC99077FB11}
	EndProjectSection
EndProject
Project("{8BC9CEB8-8B4A-11D0-8D11-00A0C91BC942}") = "dtGameLaunch", "utilities\LMS\GameLaunch\dtGameLaunch_2005.vcproj", "{49E1BA4C-BF48-4AFA-8FFE-EAEAFA943DC0}"
	ProjectSection(ProjectDependencies) = postProject
		{5F516A22-15B8-4160-B032-BDFD78707350} = {5F516A22-15B8-4160-B032-BDFD78707350}
		{F4AF0428-087E-4AE9-BAB2-B18E910DF67A} = {F4AF0428-087E-4AE9-BAB2-B18E910DF67A}
		{A768B050-B0CF-454C-BE75-9F31E1ECF85F} = {A768B050-B0CF-454C-BE75-9F31E1ECF85F}
		{E8B2FBBF-19C9-4814-9F30-90FE0A036232} = {E8B2FBBF-19C9-4814-9F30-90FE0A036232}
		{FD79E7C7-15CE-49BC-B7C6-EFE5B4564B1A} = {FD79E7C7-15CE-49BC-B7C6-EFE5B4564B1A}
		{F13215F4-EDDC-4402-AF78-6DC99077FB11} = {F13215F4-EDDC-4402-AF78-6DC99077FB11}
	EndProjectSection
EndProject
Project("{8BC9CEB8-8B4A-11D0-8D11-00A0C91BC942}") = "dtLMS", "src\dtLMS\dtLMS_2005.vcproj", "{F13215F4-EDDC-4402-AF78-6DC99077FB11}"
	ProjectSection(ProjectDependencies) = postProject
		{5F516A22-15B8-4160-B032-BDFD78707350} = {5F516A22-15B8-4160-B032-BDFD78707350}
		{F4AF0428-087E-4AE9-BAB2-B18E910DF67A} = {F4AF0428-087E-4AE9-BAB2-B18E910DF67A}
		{E8B2FBBF-19C9-4814-9F30-90FE0A036232} = {E8B2FBBF-19C9-4814-9F30-90FE0A036232}
		{FD79E7C7-15CE-49BC-B7C6-EFE5B4564B1A} = {FD79E7C7-15CE-49BC-B7C6-EFE5B4564B1A}
	EndProjectSection
EndProject
Project("{8BC9CEB8-8B4A-11D0-8D11-00A0C91BC942}") = "UnitTestsMain", "tests\UnitTestsMain\UnitTestsMain_2005.vcproj", "{BF50DBFB-65B5-4F28-89AE-E9355E46C255}"
	ProjectSection(ProjectDependencies) = postProject
		{5F516A22-15B8-4160-B032-BDFD78707350} = {5F516A22-15B8-4160-B032-BDFD78707350}
		{F4AF0428-087E-4AE9-BAB2-B18E910DF67A} = {F4AF0428-087E-4AE9-BAB2-B18E910DF67A}
		{963D6948-2667-47EF-ADD7-C7D9AEFD9344} = {963D6948-2667-47EF-ADD7-C7D9AEFD9344}
		{A768B050-B0CF-454C-BE75-9F31E1ECF85F} = {A768B050-B0CF-454C-BE75-9F31E1ECF85F}
		{776B9B6F-C222-4899-84C7-648877FEBEAE} = {776B9B6F-C222-4899-84C7-648877FEBEAE}
		{D1B34D72-1FCC-45E4-8CA7-BFF9C7D7689C} = {D1B34D72-1FCC-45E4-8CA7-BFF9C7D7689C}
		{CF160A9E-61E2-4D81-83AB-C8165BB0678C} = {CF160A9E-61E2-4D81-83AB-C8165BB0678C}
		{1E2C3DB5-00E0-45B9-AA4B-F54BD5A9C60B} = {1E2C3DB5-00E0-45B9-AA4B-F54BD5A9C60B}
		{F74370BD-A29D-4502-823D-68C2D6FF3C5E} = {F74370BD-A29D-4502-823D-68C2D6FF3C5E}
		{E8B2FBBF-19C9-4814-9F30-90FE0A036232} = {E8B2FBBF-19C9-4814-9F30-90FE0A036232}
		{FD79E7C7-15CE-49BC-B7C6-EFE5B4564B1A} = {FD79E7C7-15CE-49BC-B7C6-EFE5B4564B1A}
		{F13215F4-EDDC-4402-AF78-6DC99077FB11} = {F13215F4-EDDC-4402-AF78-6DC99077FB11}
	EndProjectSection
EndProject
Project("{8BC9CEB8-8B4A-11D0-8D11-00A0C91BC942}") = "UnitTestsExtras", "tests\UnitTestsExtras\UnitTestsExtras_2005.vcproj", "{6E9BBF42-B120-4D37-8D42-311A95127B89}"
	ProjectSection(ProjectDependencies) = postProject
		{6C9F6D0C-9B74-404F-808B-9E480777F757} = {6C9F6D0C-9B74-404F-808B-9E480777F757}
		{5F516A22-15B8-4160-B032-BDFD78707350} = {5F516A22-15B8-4160-B032-BDFD78707350}
		{F4AF0428-087E-4AE9-BAB2-B18E910DF67A} = {F4AF0428-087E-4AE9-BAB2-B18E910DF67A}
		{C094C032-3742-43FA-92C8-BED2C0449DDB} = {C094C032-3742-43FA-92C8-BED2C0449DDB}
		{A768B050-B0CF-454C-BE75-9F31E1ECF85F} = {A768B050-B0CF-454C-BE75-9F31E1ECF85F}
		{D1B34D72-1FCC-45E4-8CA7-BFF9C7D7689C} = {D1B34D72-1FCC-45E4-8CA7-BFF9C7D7689C}
		{F74370BD-A29D-4502-823D-68C2D6FF3C5E} = {F74370BD-A29D-4502-823D-68C2D6FF3C5E}
		{E8B2FBBF-19C9-4814-9F30-90FE0A036232} = {E8B2FBBF-19C9-4814-9F30-90FE0A036232}
		{FD79E7C7-15CE-49BC-B7C6-EFE5B4564B1A} = {FD79E7C7-15CE-49BC-B7C6-EFE5B4564B1A}
		{A52F91E9-EF5D-48E9-A91C-062645CEEFE5} = {A52F91E9-EF5D-48E9-A91C-062645CEEFE5}
	EndProjectSection
EndProject
Project("{8BC9CEB8-8B4A-11D0-8D11-00A0C91BC942}") = "testClient", "examples\testClient\testClient_2005.vcproj", "{A191E56D-EF4E-4D60-B659-355C61895FF4}"
	ProjectSection(ProjectDependencies) = postProject
		{DD57A500-500C-42FA-938D-5172CC503393} = {DD57A500-500C-42FA-938D-5172CC503393}
		{5F516A22-15B8-4160-B032-BDFD78707350} = {5F516A22-15B8-4160-B032-BDFD78707350}
		{F4AF0428-087E-4AE9-BAB2-B18E910DF67A} = {F4AF0428-087E-4AE9-BAB2-B18E910DF67A}
		{A768B050-B0CF-454C-BE75-9F31E1ECF85F} = {A768B050-B0CF-454C-BE75-9F31E1ECF85F}
		{D1B34D72-1FCC-45E4-8CA7-BFF9C7D7689C} = {D1B34D72-1FCC-45E4-8CA7-BFF9C7D7689C}
		{E8B2FBBF-19C9-4814-9F30-90FE0A036232} = {E8B2FBBF-19C9-4814-9F30-90FE0A036232}
	EndProjectSection
EndProject
Project("{8BC9CEB8-8B4A-11D0-8D11-00A0C91BC942}") = "testEchoServer", "examples\testEchoServer\testEchoServer_2005.vcproj", "{87BF82D4-2F5F-4FF9-8226-4DFE2DF8B89C}"
	ProjectSection(ProjectDependencies) = postProject
		{E8B2FBBF-19C9-4814-9F30-90FE0A036232} = {E8B2FBBF-19C9-4814-9F30-90FE0A036232}
	EndProjectSection
EndProject
Project("{8BC9CEB8-8B4A-11D0-8D11-00A0C91BC942}") = "dtNetGM", "src\dtNetGM\dtNetGM_2005.vcproj", "{DD57A500-500C-42FA-938D-5172CC503393}"
	ProjectSection(ProjectDependencies) = postProject
		{5F516A22-15B8-4160-B032-BDFD78707350} = {5F516A22-15B8-4160-B032-BDFD78707350}
		{F4AF0428-087E-4AE9-BAB2-B18E910DF67A} = {F4AF0428-087E-4AE9-BAB2-B18E910DF67A}
		{A768B050-B0CF-454C-BE75-9F31E1ECF85F} = {A768B050-B0CF-454C-BE75-9F31E1ECF85F}
		{E8B2FBBF-19C9-4814-9F30-90FE0A036232} = {E8B2FBBF-19C9-4814-9F30-90FE0A036232}
	EndProjectSection
EndProject
Project("{8BC9CEB8-8B4A-11D0-8D11-00A0C91BC942}") = "dtInputISense", "src\dtInputISense\dtInputISense_2005.vcproj", "{F91AB03E-59A0-4C2F-BC0A-ABA41F0492A9}"
	ProjectSection(ProjectDependencies) = postProject
		{E8B2FBBF-19C9-4814-9F30-90FE0A036232} = {E8B2FBBF-19C9-4814-9F30-90FE0A036232}
	EndProjectSection
EndProject
Project("{8BC9CEB8-8B4A-11D0-8D11-00A0C91BC942}") = "dtInputPLIB", "src\dtInputPLIB\dtInputPLIB_2005.vcproj", "{E2003D60-9BE3-4995-A417-75C84DC07579}"
	ProjectSection(ProjectDependencies) = postProject
		{E8B2FBBF-19C9-4814-9F30-90FE0A036232} = {E8B2FBBF-19C9-4814-9F30-90FE0A036232}
	EndProjectSection
EndProject
Project("{8BC9CEB8-8B4A-11D0-8D11-00A0C91BC942}") = "dtinputplibbindings", "src\python\dtinputplibbindings_2005.vcproj", "{9748C933-1021-477A-9059-77DB18C9A949}"
	ProjectSection(ProjectDependencies) = postProject
		{E2003D60-9BE3-4995-A417-75C84DC07579} = {E2003D60-9BE3-4995-A417-75C84DC07579}
		{E8B2FBBF-19C9-4814-9F30-90FE0A036232} = {E8B2FBBF-19C9-4814-9F30-90FE0A036232}
	EndProjectSection
EndProject
Project("{8BC9CEB8-8B4A-11D0-8D11-00A0C91BC942}") = "dtAnim", "src\dtAnim\dtanim_2005.vcproj", "{1E2C3DB5-00E0-45B9-AA4B-F54BD5A9C60B}"
	ProjectSection(ProjectDependencies) = postProject
		{5F516A22-15B8-4160-B032-BDFD78707350} = {5F516A22-15B8-4160-B032-BDFD78707350}
		{A768B050-B0CF-454C-BE75-9F31E1ECF85F} = {A768B050-B0CF-454C-BE75-9F31E1ECF85F}
		{E8B2FBBF-19C9-4814-9F30-90FE0A036232} = {E8B2FBBF-19C9-4814-9F30-90FE0A036232}
	EndProjectSection
EndProject
Project("{8BC9CEB8-8B4A-11D0-8D11-00A0C91BC942}") = "dtDIS", "src\dtDIS\dtDIS_2005.vcproj", "{A52F91E9-EF5D-48E9-A91C-062645CEEFE5}"
	ProjectSection(ProjectDependencies) = postProject
		{5F516A22-15B8-4160-B032-BDFD78707350} = {5F516A22-15B8-4160-B032-BDFD78707350}
		{F4AF0428-087E-4AE9-BAB2-B18E910DF67A} = {F4AF0428-087E-4AE9-BAB2-B18E910DF67A}
		{A768B050-B0CF-454C-BE75-9F31E1ECF85F} = {A768B050-B0CF-454C-BE75-9F31E1ECF85F}
		{E8B2FBBF-19C9-4814-9F30-90FE0A036232} = {E8B2FBBF-19C9-4814-9F30-90FE0A036232}
	EndProjectSection
EndProject
Project("{8BC9CEB8-8B4A-11D0-8D11-00A0C91BC942}") = "testAnim", "examples\testAnim\testAnim_2005.vcproj", "{34C4169A-C6DF-4A7F-8351-CCF75BB0D1DE}"
	ProjectSection(ProjectDependencies) = postProject
		{5F516A22-15B8-4160-B032-BDFD78707350} = {5F516A22-15B8-4160-B032-BDFD78707350}
		{F4AF0428-087E-4AE9-BAB2-B18E910DF67A} = {F4AF0428-087E-4AE9-BAB2-B18E910DF67A}
		{E8B2FBBF-19C9-4814-9F30-90FE0A036232} = {E8B2FBBF-19C9-4814-9F30-90FE0A036232}
		{D1B34D72-1FCC-45E4-8CA7-BFF9C7D7689C} = {D1B34D72-1FCC-45E4-8CA7-BFF9C7D7689C}
		{FD79E7C7-15CE-49BC-B7C6-EFE5B4564B1A} = {FD79E7C7-15CE-49BC-B7C6-EFE5B4564B1A}
		{A768B050-B0CF-454C-BE75-9F31E1ECF85F} = {A768B050-B0CF-454C-BE75-9F31E1ECF85F}
	EndProjectSection
EndProject
Global
	GlobalSection(SolutionConfigurationPlatforms) = preSolution
		Debug|Win32 = Debug|Win32
		Release|Win32 = Release|Win32
	EndGlobalSection
	GlobalSection(ProjectConfigurationPlatforms) = postSolution
		{D1B34D72-1FCC-45E4-8CA7-BFF9C7D7689C}.Debug|Win32.ActiveCfg = Debug|Win32
		{D1B34D72-1FCC-45E4-8CA7-BFF9C7D7689C}.Debug|Win32.Build.0 = Debug|Win32
		{D1B34D72-1FCC-45E4-8CA7-BFF9C7D7689C}.Release|Win32.ActiveCfg = Release|Win32
		{D1B34D72-1FCC-45E4-8CA7-BFF9C7D7689C}.Release|Win32.Build.0 = Release|Win32
		{6C9F6D0C-9B74-404F-808B-9E480777F757}.Debug|Win32.ActiveCfg = Debug|Win32
		{6C9F6D0C-9B74-404F-808B-9E480777F757}.Debug|Win32.Build.0 = Debug|Win32
		{6C9F6D0C-9B74-404F-808B-9E480777F757}.Release|Win32.ActiveCfg = Release|Win32
		{6C9F6D0C-9B74-404F-808B-9E480777F757}.Release|Win32.Build.0 = Release|Win32
		{E8B2FBBF-19C9-4814-9F30-90FE0A036232}.Debug|Win32.ActiveCfg = Debug|Win32
		{E8B2FBBF-19C9-4814-9F30-90FE0A036232}.Debug|Win32.Build.0 = Debug|Win32
		{E8B2FBBF-19C9-4814-9F30-90FE0A036232}.Release|Win32.ActiveCfg = Release|Win32
		{E8B2FBBF-19C9-4814-9F30-90FE0A036232}.Release|Win32.Build.0 = Release|Win32
		{4168D2C5-39C3-4368-B152-3C0F6AD1A95F}.Debug|Win32.ActiveCfg = Debug|Win32
		{4168D2C5-39C3-4368-B152-3C0F6AD1A95F}.Release|Win32.ActiveCfg = Release|Win32
		{4168D2C5-39C3-4368-B152-3C0F6AD1A95F}.Release|Win32.Build.0 = Release|Win32
		{5F516A22-15B8-4160-B032-BDFD78707350}.Debug|Win32.ActiveCfg = Debug|Win32
		{5F516A22-15B8-4160-B032-BDFD78707350}.Debug|Win32.Build.0 = Debug|Win32
		{5F516A22-15B8-4160-B032-BDFD78707350}.Release|Win32.ActiveCfg = Release|Win32
		{5F516A22-15B8-4160-B032-BDFD78707350}.Release|Win32.Build.0 = Release|Win32
		{7F7CF9FA-EFB9-4DD0-964E-0562DBED2C09}.Debug|Win32.ActiveCfg = Debug|Win32
		{7F7CF9FA-EFB9-4DD0-964E-0562DBED2C09}.Debug|Win32.Build.0 = Debug|Win32
		{7F7CF9FA-EFB9-4DD0-964E-0562DBED2C09}.Release|Win32.ActiveCfg = Release|Win32
		{7F7CF9FA-EFB9-4DD0-964E-0562DBED2C09}.Release|Win32.Build.0 = Release|Win32
		{537ADD2A-2558-46E6-B40F-27AAE5DAEAA2}.Debug|Win32.ActiveCfg = Release|Win32
		{537ADD2A-2558-46E6-B40F-27AAE5DAEAA2}.Release|Win32.ActiveCfg = Release|Win32
		{537ADD2A-2558-46E6-B40F-27AAE5DAEAA2}.Release|Win32.Build.0 = Release|Win32
		{0D2F6673-29DD-492F-8ABD-6BCA7925F2DE}.Debug|Win32.ActiveCfg = Release|Win32
		{0D2F6673-29DD-492F-8ABD-6BCA7925F2DE}.Release|Win32.ActiveCfg = Release|Win32
		{0D2F6673-29DD-492F-8ABD-6BCA7925F2DE}.Release|Win32.Build.0 = Release|Win32
		{17C8B821-1515-4CE5-9C9A-00193C34FF0F}.Debug|Win32.ActiveCfg = Release|Win32
		{17C8B821-1515-4CE5-9C9A-00193C34FF0F}.Release|Win32.ActiveCfg = Release|Win32
		{17C8B821-1515-4CE5-9C9A-00193C34FF0F}.Release|Win32.Build.0 = Release|Win32
		{4A1728D2-7B7C-4D0C-B089-31E9A6FC0AF7}.Debug|Win32.ActiveCfg = Debug|Win32
		{4A1728D2-7B7C-4D0C-B089-31E9A6FC0AF7}.Debug|Win32.Build.0 = Debug|Win32
		{4A1728D2-7B7C-4D0C-B089-31E9A6FC0AF7}.Release|Win32.ActiveCfg = Release|Win32
		{4A1728D2-7B7C-4D0C-B089-31E9A6FC0AF7}.Release|Win32.Build.0 = Release|Win32
		{E11EA848-D306-4034-92FB-F4FABC95D7BE}.Debug|Win32.ActiveCfg = Debug|Win32
		{E11EA848-D306-4034-92FB-F4FABC95D7BE}.Debug|Win32.Build.0 = Debug|Win32
		{E11EA848-D306-4034-92FB-F4FABC95D7BE}.Release|Win32.ActiveCfg = Release|Win32
		{E11EA848-D306-4034-92FB-F4FABC95D7BE}.Release|Win32.Build.0 = Release|Win32
		{080CB95C-2B86-42F8-831D-490367ED0A43}.Debug|Win32.ActiveCfg = Debug|Win32
		{080CB95C-2B86-42F8-831D-490367ED0A43}.Debug|Win32.Build.0 = Debug|Win32
		{080CB95C-2B86-42F8-831D-490367ED0A43}.Release|Win32.ActiveCfg = Release|Win32
		{080CB95C-2B86-42F8-831D-490367ED0A43}.Release|Win32.Build.0 = Release|Win32
		{8F5AAEC9-3184-497E-B4D6-E399FA9A8928}.Debug|Win32.ActiveCfg = Debug|Win32
		{8F5AAEC9-3184-497E-B4D6-E399FA9A8928}.Debug|Win32.Build.0 = Debug|Win32
		{8F5AAEC9-3184-497E-B4D6-E399FA9A8928}.Release|Win32.ActiveCfg = Release|Win32
		{8F5AAEC9-3184-497E-B4D6-E399FA9A8928}.Release|Win32.Build.0 = Release|Win32
		{4B1B3A75-0621-48F6-8045-38B526B6F805}.Debug|Win32.ActiveCfg = Debug|Win32
		{4B1B3A75-0621-48F6-8045-38B526B6F805}.Debug|Win32.Build.0 = Debug|Win32
		{4B1B3A75-0621-48F6-8045-38B526B6F805}.Release|Win32.ActiveCfg = Release|Win32
		{4B1B3A75-0621-48F6-8045-38B526B6F805}.Release|Win32.Build.0 = Release|Win32
		{EC0CE4B2-7700-470E-A980-63A27A235A7D}.Debug|Win32.ActiveCfg = Debug|Win32
		{EC0CE4B2-7700-470E-A980-63A27A235A7D}.Debug|Win32.Build.0 = Debug|Win32
		{EC0CE4B2-7700-470E-A980-63A27A235A7D}.Release|Win32.ActiveCfg = Release|Win32
		{EC0CE4B2-7700-470E-A980-63A27A235A7D}.Release|Win32.Build.0 = Release|Win32
		{CF2D4F60-317E-4CDF-A568-24F50A2D03AF}.Debug|Win32.ActiveCfg = Debug|Win32
		{CF2D4F60-317E-4CDF-A568-24F50A2D03AF}.Debug|Win32.Build.0 = Debug|Win32
		{CF2D4F60-317E-4CDF-A568-24F50A2D03AF}.Release|Win32.ActiveCfg = Release|Win32
		{CF2D4F60-317E-4CDF-A568-24F50A2D03AF}.Release|Win32.Build.0 = Release|Win32
		{5DB67CE6-5BF7-4DBA-BB3F-FC4D3E92430E}.Debug|Win32.ActiveCfg = Debug|Win32
		{5DB67CE6-5BF7-4DBA-BB3F-FC4D3E92430E}.Debug|Win32.Build.0 = Debug|Win32
		{5DB67CE6-5BF7-4DBA-BB3F-FC4D3E92430E}.Release|Win32.ActiveCfg = Release|Win32
		{5DB67CE6-5BF7-4DBA-BB3F-FC4D3E92430E}.Release|Win32.Build.0 = Release|Win32
		{5E9843C9-AF67-4229-89D6-EDED6CECEC18}.Debug|Win32.ActiveCfg = Debug|Win32
		{5E9843C9-AF67-4229-89D6-EDED6CECEC18}.Debug|Win32.Build.0 = Debug|Win32
		{5E9843C9-AF67-4229-89D6-EDED6CECEC18}.Release|Win32.ActiveCfg = Release|Win32
		{5E9843C9-AF67-4229-89D6-EDED6CECEC18}.Release|Win32.Build.0 = Release|Win32
		{88DD5AA5-9AE2-4C10-8326-DDC577E290EB}.Debug|Win32.ActiveCfg = Debug|Win32
		{88DD5AA5-9AE2-4C10-8326-DDC577E290EB}.Debug|Win32.Build.0 = Debug|Win32
		{88DD5AA5-9AE2-4C10-8326-DDC577E290EB}.Release|Win32.ActiveCfg = Release|Win32
		{88DD5AA5-9AE2-4C10-8326-DDC577E290EB}.Release|Win32.Build.0 = Release|Win32
		{FC8CDF6F-4FE6-4A8D-8D68-5DA752C977E2}.Debug|Win32.ActiveCfg = Debug|Win32
		{FC8CDF6F-4FE6-4A8D-8D68-5DA752C977E2}.Debug|Win32.Build.0 = Debug|Win32
		{FC8CDF6F-4FE6-4A8D-8D68-5DA752C977E2}.Release|Win32.ActiveCfg = Release|Win32
		{FC8CDF6F-4FE6-4A8D-8D68-5DA752C977E2}.Release|Win32.Build.0 = Release|Win32
		{355AF710-FC5B-442C-A69A-17A6FA1F1025}.Debug|Win32.ActiveCfg = Debug|Win32
		{355AF710-FC5B-442C-A69A-17A6FA1F1025}.Debug|Win32.Build.0 = Debug|Win32
		{355AF710-FC5B-442C-A69A-17A6FA1F1025}.Release|Win32.ActiveCfg = Release|Win32
		{355AF710-FC5B-442C-A69A-17A6FA1F1025}.Release|Win32.Build.0 = Release|Win32
		{37B8BAE2-2318-43AD-A052-95D22E2AF605}.Debug|Win32.ActiveCfg = Debug|Win32
		{37B8BAE2-2318-43AD-A052-95D22E2AF605}.Debug|Win32.Build.0 = Debug|Win32
		{37B8BAE2-2318-43AD-A052-95D22E2AF605}.Release|Win32.ActiveCfg = Release|Win32
		{37B8BAE2-2318-43AD-A052-95D22E2AF605}.Release|Win32.Build.0 = Release|Win32
		{7F57A273-325C-487B-B130-9643754B8232}.Debug|Win32.ActiveCfg = Debug|Win32
		{7F57A273-325C-487B-B130-9643754B8232}.Debug|Win32.Build.0 = Debug|Win32
		{7F57A273-325C-487B-B130-9643754B8232}.Release|Win32.ActiveCfg = Release|Win32
		{7F57A273-325C-487B-B130-9643754B8232}.Release|Win32.Build.0 = Release|Win32
		{56EA31EF-9CED-4CB0-9D0B-88C67F61A089}.Debug|Win32.ActiveCfg = Debug|Win32
		{56EA31EF-9CED-4CB0-9D0B-88C67F61A089}.Debug|Win32.Build.0 = Debug|Win32
		{56EA31EF-9CED-4CB0-9D0B-88C67F61A089}.Release|Win32.ActiveCfg = Release|Win32
		{56EA31EF-9CED-4CB0-9D0B-88C67F61A089}.Release|Win32.Build.0 = Release|Win32
		{403C280B-31D4-48D5-BBBA-D9EA774FAB05}.Debug|Win32.ActiveCfg = Release|Win32
		{403C280B-31D4-48D5-BBBA-D9EA774FAB05}.Release|Win32.ActiveCfg = Release|Win32
		{403C280B-31D4-48D5-BBBA-D9EA774FAB05}.Release|Win32.Build.0 = Release|Win32
		{6FC97D94-9895-43AA-87BB-7206B4E267AA}.Debug|Win32.ActiveCfg = Debug|Win32
		{6FC97D94-9895-43AA-87BB-7206B4E267AA}.Debug|Win32.Build.0 = Debug|Win32
		{6FC97D94-9895-43AA-87BB-7206B4E267AA}.Release|Win32.ActiveCfg = Release|Win32
		{6FC97D94-9895-43AA-87BB-7206B4E267AA}.Release|Win32.Build.0 = Release|Win32
		{CF160A9E-61E2-4D81-83AB-C8165BB0678C}.Debug|Win32.ActiveCfg = Debug|Win32
		{CF160A9E-61E2-4D81-83AB-C8165BB0678C}.Debug|Win32.Build.0 = Debug|Win32
		{CF160A9E-61E2-4D81-83AB-C8165BB0678C}.Release|Win32.ActiveCfg = Release|Win32
		{CF160A9E-61E2-4D81-83AB-C8165BB0678C}.Release|Win32.Build.0 = Release|Win32
		{0AD37625-7CF8-42C4-90FF-1F5329B91FAE}.Debug|Win32.ActiveCfg = Debug|Win32
		{0AD37625-7CF8-42C4-90FF-1F5329B91FAE}.Debug|Win32.Build.0 = Debug|Win32
		{0AD37625-7CF8-42C4-90FF-1F5329B91FAE}.Release|Win32.ActiveCfg = Release|Win32
		{0AD37625-7CF8-42C4-90FF-1F5329B91FAE}.Release|Win32.Build.0 = Release|Win32
		{776B9B6F-C222-4899-84C7-648877FEBEAE}.Debug|Win32.ActiveCfg = Debug|Win32
		{776B9B6F-C222-4899-84C7-648877FEBEAE}.Debug|Win32.Build.0 = Debug|Win32
		{776B9B6F-C222-4899-84C7-648877FEBEAE}.Release|Win32.ActiveCfg = Release|Win32
		{776B9B6F-C222-4899-84C7-648877FEBEAE}.Release|Win32.Build.0 = Release|Win32
		{F4AF0428-087E-4AE9-BAB2-B18E910DF67A}.Debug|Win32.ActiveCfg = Debug|Win32
		{F4AF0428-087E-4AE9-BAB2-B18E910DF67A}.Debug|Win32.Build.0 = Debug|Win32
		{F4AF0428-087E-4AE9-BAB2-B18E910DF67A}.Release|Win32.ActiveCfg = Release|Win32
		{F4AF0428-087E-4AE9-BAB2-B18E910DF67A}.Release|Win32.Build.0 = Release|Win32
		{FD79E7C7-15CE-49BC-B7C6-EFE5B4564B1A}.Debug|Win32.ActiveCfg = Debug|Win32
		{FD79E7C7-15CE-49BC-B7C6-EFE5B4564B1A}.Debug|Win32.Build.0 = Debug|Win32
		{FD79E7C7-15CE-49BC-B7C6-EFE5B4564B1A}.Release|Win32.ActiveCfg = Release|Win32
		{FD79E7C7-15CE-49BC-B7C6-EFE5B4564B1A}.Release|Win32.Build.0 = Release|Win32
		{C97F2060-5B64-4F5A-822E-16A9C3BE491E}.Debug|Win32.ActiveCfg = Debug|Win32
		{C97F2060-5B64-4F5A-822E-16A9C3BE491E}.Debug|Win32.Build.0 = Debug|Win32
		{C97F2060-5B64-4F5A-822E-16A9C3BE491E}.Release|Win32.ActiveCfg = Release|Win32
		{C97F2060-5B64-4F5A-822E-16A9C3BE491E}.Release|Win32.Build.0 = Release|Win32
		{3C3FEE6D-F7FE-4D1B-BE27-BBA95AFCC931}.Debug|Win32.ActiveCfg = Debug|Win32
		{3C3FEE6D-F7FE-4D1B-BE27-BBA95AFCC931}.Debug|Win32.Build.0 = Debug|Win32
		{3C3FEE6D-F7FE-4D1B-BE27-BBA95AFCC931}.Release|Win32.ActiveCfg = Release|Win32
		{3C3FEE6D-F7FE-4D1B-BE27-BBA95AFCC931}.Release|Win32.Build.0 = Release|Win32
		{F3C3B681-713F-498F-8031-F00E86E38D36}.Debug|Win32.ActiveCfg = Debug|Win32
		{F3C3B681-713F-498F-8031-F00E86E38D36}.Debug|Win32.Build.0 = Debug|Win32
		{F3C3B681-713F-498F-8031-F00E86E38D36}.Release|Win32.ActiveCfg = Release|Win32
		{F3C3B681-713F-498F-8031-F00E86E38D36}.Release|Win32.Build.0 = Release|Win32
		{2876E90C-70C8-4911-A78F-BE9CF6930F7A}.Debug|Win32.ActiveCfg = Debug|Win32
		{2876E90C-70C8-4911-A78F-BE9CF6930F7A}.Debug|Win32.Build.0 = Debug|Win32
		{2876E90C-70C8-4911-A78F-BE9CF6930F7A}.Release|Win32.ActiveCfg = Release|Win32
		{2876E90C-70C8-4911-A78F-BE9CF6930F7A}.Release|Win32.Build.0 = Release|Win32
		{B799957E-9AFF-43DD-A46A-6BC98424C6B2}.Debug|Win32.ActiveCfg = Debug|Win32
		{B799957E-9AFF-43DD-A46A-6BC98424C6B2}.Debug|Win32.Build.0 = Debug|Win32
		{B799957E-9AFF-43DD-A46A-6BC98424C6B2}.Release|Win32.ActiveCfg = Release|Win32
		{B799957E-9AFF-43DD-A46A-6BC98424C6B2}.Release|Win32.Build.0 = Release|Win32
		{E0E704E7-1D16-4A9A-AFE8-3298132F80E2}.Debug|Win32.ActiveCfg = Debug|Win32
		{E0E704E7-1D16-4A9A-AFE8-3298132F80E2}.Debug|Win32.Build.0 = Debug|Win32
		{E0E704E7-1D16-4A9A-AFE8-3298132F80E2}.Release|Win32.ActiveCfg = Release|Win32
		{E0E704E7-1D16-4A9A-AFE8-3298132F80E2}.Release|Win32.Build.0 = Release|Win32
		{B9C0F01B-55C1-4830-BF31-B17D208A645E}.Debug|Win32.ActiveCfg = Debug|Win32
		{B9C0F01B-55C1-4830-BF31-B17D208A645E}.Debug|Win32.Build.0 = Debug|Win32
		{B9C0F01B-55C1-4830-BF31-B17D208A645E}.Release|Win32.ActiveCfg = Release|Win32
		{B9C0F01B-55C1-4830-BF31-B17D208A645E}.Release|Win32.Build.0 = Release|Win32
		{89FA50C3-B575-42EE-9EA7-E4E4ED193813}.Debug|Win32.ActiveCfg = Release|Win32
		{89FA50C3-B575-42EE-9EA7-E4E4ED193813}.Release|Win32.ActiveCfg = Release|Win32
		{89FA50C3-B575-42EE-9EA7-E4E4ED193813}.Release|Win32.Build.0 = Release|Win32
		{54256297-8E22-4BA6-BF57-4FE4CDD0DCB5}.Debug|Win32.ActiveCfg = Release|Win32
		{54256297-8E22-4BA6-BF57-4FE4CDD0DCB5}.Release|Win32.ActiveCfg = Release|Win32
		{54256297-8E22-4BA6-BF57-4FE4CDD0DCB5}.Release|Win32.Build.0 = Release|Win32
		{395A9BDC-850A-4F79-BEA5-3D39F5E32E33}.Debug|Win32.ActiveCfg = Debug|Win32
		{395A9BDC-850A-4F79-BEA5-3D39F5E32E33}.Debug|Win32.Build.0 = Debug|Win32
		{395A9BDC-850A-4F79-BEA5-3D39F5E32E33}.Release|Win32.ActiveCfg = Release|Win32
		{395A9BDC-850A-4F79-BEA5-3D39F5E32E33}.Release|Win32.Build.0 = Release|Win32
		{2688CD16-9490-48A8-A3FD-89C0E7605AA5}.Debug|Win32.ActiveCfg = Debug|Win32
		{2688CD16-9490-48A8-A3FD-89C0E7605AA5}.Debug|Win32.Build.0 = Debug|Win32
		{2688CD16-9490-48A8-A3FD-89C0E7605AA5}.Release|Win32.ActiveCfg = Release|Win32
		{2688CD16-9490-48A8-A3FD-89C0E7605AA5}.Release|Win32.Build.0 = Release|Win32
		{DCA6E500-A5D4-496E-9B0A-B22790AD6611}.Debug|Win32.ActiveCfg = Release|Win32
		{DCA6E500-A5D4-496E-9B0A-B22790AD6611}.Release|Win32.ActiveCfg = Release|Win32
		{DCA6E500-A5D4-496E-9B0A-B22790AD6611}.Release|Win32.Build.0 = Release|Win32
		{040E3389-1104-4C1A-8F3D-528BDC4B4C3A}.Debug|Win32.ActiveCfg = Debug|Win32
		{040E3389-1104-4C1A-8F3D-528BDC4B4C3A}.Debug|Win32.Build.0 = Debug|Win32
		{040E3389-1104-4C1A-8F3D-528BDC4B4C3A}.Release|Win32.ActiveCfg = Release|Win32
		{040E3389-1104-4C1A-8F3D-528BDC4B4C3A}.Release|Win32.Build.0 = Release|Win32
		{A768B050-B0CF-454C-BE75-9F31E1ECF85F}.Debug|Win32.ActiveCfg = Debug|Win32
		{A768B050-B0CF-454C-BE75-9F31E1ECF85F}.Debug|Win32.Build.0 = Debug|Win32
		{A768B050-B0CF-454C-BE75-9F31E1ECF85F}.Release|Win32.ActiveCfg = Release|Win32
		{A768B050-B0CF-454C-BE75-9F31E1ECF85F}.Release|Win32.Build.0 = Release|Win32
		{F74370BD-A29D-4502-823D-68C2D6FF3C5E}.Debug|Win32.ActiveCfg = Debug|Win32
		{F74370BD-A29D-4502-823D-68C2D6FF3C5E}.Debug|Win32.Build.0 = Debug|Win32
		{F74370BD-A29D-4502-823D-68C2D6FF3C5E}.Release|Win32.ActiveCfg = Release|Win32
		{F74370BD-A29D-4502-823D-68C2D6FF3C5E}.Release|Win32.Build.0 = Release|Win32
		{8A63969B-307E-4B7B-8851-EB9059D6E82A}.Debug|Win32.ActiveCfg = Debug|Win32
		{8A63969B-307E-4B7B-8851-EB9059D6E82A}.Debug|Win32.Build.0 = Debug|Win32
		{8A63969B-307E-4B7B-8851-EB9059D6E82A}.Release|Win32.ActiveCfg = Release|Win32
		{8A63969B-307E-4B7B-8851-EB9059D6E82A}.Release|Win32.Build.0 = Release|Win32
		{C094C032-3742-43FA-92C8-BED2C0449DDB}.Debug|Win32.ActiveCfg = Debug|Win32
		{C094C032-3742-43FA-92C8-BED2C0449DDB}.Debug|Win32.Build.0 = Debug|Win32
		{C094C032-3742-43FA-92C8-BED2C0449DDB}.Release|Win32.ActiveCfg = Release|Win32
		{C094C032-3742-43FA-92C8-BED2C0449DDB}.Release|Win32.Build.0 = Release|Win32
		{47EDED5A-2744-4131-934D-3C7FC0559DEB}.Debug|Win32.ActiveCfg = Debug|Win32
		{47EDED5A-2744-4131-934D-3C7FC0559DEB}.Debug|Win32.Build.0 = Debug|Win32
		{47EDED5A-2744-4131-934D-3C7FC0559DEB}.Release|Win32.ActiveCfg = Release|Win32
		{47EDED5A-2744-4131-934D-3C7FC0559DEB}.Release|Win32.Build.0 = Release|Win32
		{EBACBA32-E24E-46EE-947C-9BDBF883271E}.Debug|Win32.ActiveCfg = Debug|Win32
		{EBACBA32-E24E-46EE-947C-9BDBF883271E}.Debug|Win32.Build.0 = Debug|Win32
		{EBACBA32-E24E-46EE-947C-9BDBF883271E}.Release|Win32.ActiveCfg = Release|Win32
		{EBACBA32-E24E-46EE-947C-9BDBF883271E}.Release|Win32.Build.0 = Release|Win32
		{3C3C8E3D-BC7E-47EC-9392-D5579B3C7524}.Debug|Win32.ActiveCfg = Release|Win32
		{3C3C8E3D-BC7E-47EC-9392-D5579B3C7524}.Release|Win32.ActiveCfg = Release|Win32
		{3C3C8E3D-BC7E-47EC-9392-D5579B3C7524}.Release|Win32.Build.0 = Release|Win32
		{963D6948-2667-47EF-ADD7-C7D9AEFD9344}.Debug|Win32.ActiveCfg = Debug|Win32
		{963D6948-2667-47EF-ADD7-C7D9AEFD9344}.Debug|Win32.Build.0 = Debug|Win32
		{963D6948-2667-47EF-ADD7-C7D9AEFD9344}.Release|Win32.ActiveCfg = Release|Win32
		{963D6948-2667-47EF-ADD7-C7D9AEFD9344}.Release|Win32.Build.0 = Release|Win32
		{DA8DACA1-C402-4C95-98EA-9805FBC05B12}.Debug|Win32.ActiveCfg = Debug|Win32
		{DA8DACA1-C402-4C95-98EA-9805FBC05B12}.Debug|Win32.Build.0 = Debug|Win32
		{DA8DACA1-C402-4C95-98EA-9805FBC05B12}.Release|Win32.ActiveCfg = Release|Win32
		{DA8DACA1-C402-4C95-98EA-9805FBC05B12}.Release|Win32.Build.0 = Release|Win32
		{45D4F709-62D9-461A-8251-F7AF42877936}.Debug|Win32.ActiveCfg = Release|Win32
		{45D4F709-62D9-461A-8251-F7AF42877936}.Release|Win32.ActiveCfg = Release|Win32
		{45D4F709-62D9-461A-8251-F7AF42877936}.Release|Win32.Build.0 = Release|Win32
		{5B6308CC-0970-47D6-82B7-08CF0B1F5F1F}.Debug|Win32.ActiveCfg = Debug|Win32
		{5B6308CC-0970-47D6-82B7-08CF0B1F5F1F}.Debug|Win32.Build.0 = Debug|Win32
		{5B6308CC-0970-47D6-82B7-08CF0B1F5F1F}.Release|Win32.ActiveCfg = Release|Win32
		{5B6308CC-0970-47D6-82B7-08CF0B1F5F1F}.Release|Win32.Build.0 = Release|Win32
		{49E1BA4C-BF48-4AFA-8FFE-EAEAFA943DC0}.Debug|Win32.ActiveCfg = Debug|Win32
		{49E1BA4C-BF48-4AFA-8FFE-EAEAFA943DC0}.Debug|Win32.Build.0 = Debug|Win32
		{49E1BA4C-BF48-4AFA-8FFE-EAEAFA943DC0}.Release|Win32.ActiveCfg = Release|Win32
		{49E1BA4C-BF48-4AFA-8FFE-EAEAFA943DC0}.Release|Win32.Build.0 = Release|Win32
		{F13215F4-EDDC-4402-AF78-6DC99077FB11}.Debug|Win32.ActiveCfg = Debug|Win32
		{F13215F4-EDDC-4402-AF78-6DC99077FB11}.Debug|Win32.Build.0 = Debug|Win32
		{F13215F4-EDDC-4402-AF78-6DC99077FB11}.Release|Win32.ActiveCfg = Release|Win32
		{F13215F4-EDDC-4402-AF78-6DC99077FB11}.Release|Win32.Build.0 = Release|Win32
		{BF50DBFB-65B5-4F28-89AE-E9355E46C255}.Debug|Win32.ActiveCfg = Debug|Win32
		{BF50DBFB-65B5-4F28-89AE-E9355E46C255}.Debug|Win32.Build.0 = Debug|Win32
		{BF50DBFB-65B5-4F28-89AE-E9355E46C255}.Release|Win32.ActiveCfg = Release|Win32
		{BF50DBFB-65B5-4F28-89AE-E9355E46C255}.Release|Win32.Build.0 = Release|Win32
		{6E9BBF42-B120-4D37-8D42-311A95127B89}.Debug|Win32.ActiveCfg = Debug|Win32
		{6E9BBF42-B120-4D37-8D42-311A95127B89}.Debug|Win32.Build.0 = Debug|Win32
		{6E9BBF42-B120-4D37-8D42-311A95127B89}.Release|Win32.ActiveCfg = Release|Win32
		{6E9BBF42-B120-4D37-8D42-311A95127B89}.Release|Win32.Build.0 = Release|Win32
		{A191E56D-EF4E-4D60-B659-355C61895FF4}.Debug|Win32.ActiveCfg = Debug|Win32
		{A191E56D-EF4E-4D60-B659-355C61895FF4}.Debug|Win32.Build.0 = Debug|Win32
		{A191E56D-EF4E-4D60-B659-355C61895FF4}.Release|Win32.ActiveCfg = Release|Win32
		{A191E56D-EF4E-4D60-B659-355C61895FF4}.Release|Win32.Build.0 = Release|Win32
		{87BF82D4-2F5F-4FF9-8226-4DFE2DF8B89C}.Debug|Win32.ActiveCfg = Debug|Win32
		{87BF82D4-2F5F-4FF9-8226-4DFE2DF8B89C}.Debug|Win32.Build.0 = Debug|Win32
		{87BF82D4-2F5F-4FF9-8226-4DFE2DF8B89C}.Release|Win32.ActiveCfg = Release|Win32
		{87BF82D4-2F5F-4FF9-8226-4DFE2DF8B89C}.Release|Win32.Build.0 = Release|Win32
		{DD57A500-500C-42FA-938D-5172CC503393}.Debug|Win32.ActiveCfg = Debug|Win32
		{DD57A500-500C-42FA-938D-5172CC503393}.Debug|Win32.Build.0 = Debug|Win32
		{DD57A500-500C-42FA-938D-5172CC503393}.Release|Win32.ActiveCfg = Release|Win32
		{DD57A500-500C-42FA-938D-5172CC503393}.Release|Win32.Build.0 = Release|Win32
		{F91AB03E-59A0-4C2F-BC0A-ABA41F0492A9}.Debug|Win32.ActiveCfg = Debug|Win32
		{F91AB03E-59A0-4C2F-BC0A-ABA41F0492A9}.Debug|Win32.Build.0 = Debug|Win32
		{F91AB03E-59A0-4C2F-BC0A-ABA41F0492A9}.Release|Win32.ActiveCfg = Release|Win32
		{F91AB03E-59A0-4C2F-BC0A-ABA41F0492A9}.Release|Win32.Build.0 = Release|Win32
		{E2003D60-9BE3-4995-A417-75C84DC07579}.Debug|Win32.ActiveCfg = Debug|Win32
		{E2003D60-9BE3-4995-A417-75C84DC07579}.Debug|Win32.Build.0 = Debug|Win32
		{E2003D60-9BE3-4995-A417-75C84DC07579}.Release|Win32.ActiveCfg = Release|Win32
		{E2003D60-9BE3-4995-A417-75C84DC07579}.Release|Win32.Build.0 = Release|Win32
		{9748C933-1021-477A-9059-77DB18C9A949}.Debug|Win32.ActiveCfg = Release|Win32
		{9748C933-1021-477A-9059-77DB18C9A949}.Release|Win32.ActiveCfg = Release|Win32
		{9748C933-1021-477A-9059-77DB18C9A949}.Release|Win32.Build.0 = Release|Win32
		{1E2C3DB5-00E0-45B9-AA4B-F54BD5A9C60B}.Debug|Win32.ActiveCfg = Debug|Win32
		{1E2C3DB5-00E0-45B9-AA4B-F54BD5A9C60B}.Debug|Win32.Build.0 = Debug|Win32
		{1E2C3DB5-00E0-45B9-AA4B-F54BD5A9C60B}.Release|Win32.ActiveCfg = Release|Win32
		{1E2C3DB5-00E0-45B9-AA4B-F54BD5A9C60B}.Release|Win32.Build.0 = Release|Win32
		{A52F91E9-EF5D-48E9-A91C-062645CEEFE5}.Debug|Win32.ActiveCfg = Debug|Win32
		{A52F91E9-EF5D-48E9-A91C-062645CEEFE5}.Debug|Win32.Build.0 = Debug|Win32
		{A52F91E9-EF5D-48E9-A91C-062645CEEFE5}.Release|Win32.ActiveCfg = Release|Win32
		{A52F91E9-EF5D-48E9-A91C-062645CEEFE5}.Release|Win32.Build.0 = Release|Win32
		{34C4169A-C6DF-4A7F-8351-CCF75BB0D1DE}.Debug|Win32.ActiveCfg = Debug|Win32
		{34C4169A-C6DF-4A7F-8351-CCF75BB0D1DE}.Debug|Win32.Build.0 = Debug|Win32
		{34C4169A-C6DF-4A7F-8351-CCF75BB0D1DE}.Release|Win32.ActiveCfg = Release|Win32
		{34C4169A-C6DF-4A7F-8351-CCF75BB0D1DE}.Release|Win32.Build.0 = Release|Win32
	EndGlobalSection
	GlobalSection(SolutionProperties) = preSolution
		HideSolutionNode = FALSE
	EndGlobalSection
EndGlobal
