Microsoft Visual Studio Solution File, Format Version 9.00
# Visual Studio 2005
Project("{8BC9CEB8-8B4A-11D0-8D11-00A0C91BC942}") = "dtABC", "..\..\src\dtABC\dtabc_2005.vcproj", "{D1B34D72-1FCC-45E4-8CA7-BFF9C7D7689C}"
EndProject
Project("{8BC9CEB8-8B4A-11D0-8D11-00A0C91BC942}") = "dtAnim", "..\..\src\dtAnim\dtanim_2005.vcproj", "{1E2C3DB5-00E0-45B9-AA4B-F54BD5A9C60B}"
	ProjectSection(ProjectDependencies) = postProject
		{F4AF0428-087E-4AE9-BAB2-B18E910DF67A} = {F4AF0428-087E-4AE9-BAB2-B18E910DF67A}
	EndProjectSection
EndProject
Project("{8BC9CEB8-8B4A-11D0-8D11-00A0C91BC942}") = "dtUtil", "..\..\src\dtUtil\dtutil_2005.vcproj", "{5F516A22-15B8-4160-B032-BDFD78707350}"
EndProject
Project("{8BC9CEB8-8B4A-11D0-8D11-00A0C91BC942}") = "dtDAL", "..\..\src\dtDAL\dtDAL_2005.vcproj", "{F4AF0428-087E-4AE9-BAB2-B18E910DF67A}"
EndProject
Project("{8BC9CEB8-8B4A-11D0-8D11-00A0C91BC942}") = "AnimationViewerD", "AnimationViewerD.vcproj", "{646BBAED-24E1-39BF-B6FB-A42A0113127C}"
EndProject
Global
	GlobalSection(SolutionConfigurationPlatforms) = preSolution
		Debug|Win32 = Debug|Win32
		Release|Win32 = Release|Win32
	EndGlobalSection
	GlobalSection(ProjectConfigurationPlatforms) = postSolution
		{D1B34D72-1FCC-45E4-8CA7-BFF9C7D7689C}.Debug|Win32.ActiveCfg = Debug|Win32
		{D1B34D72-1FCC-45E4-8CA7-BFF9C7D7689C}.Debug|Win32.Build.0 = Debug|Win32
		{D1B34D72-1FCC-45E4-8CA7-BFF9C7D7689C}.Release|Win32.ActiveCfg = Release|Win32
		{D1B34D72-1FCC-45E4-8CA7-BFF9C7D7689C}.Release|Win32.Build.0 = Release|Win32
		{1E2C3DB5-00E0-45B9-AA4B-F54BD5A9C60B}.Debug|Win32.ActiveCfg = Debug|Win32
		{1E2C3DB5-00E0-45B9-AA4B-F54BD5A9C60B}.Debug|Win32.Build.0 = Debug|Win32
		{1E2C3DB5-00E0-45B9-AA4B-F54BD5A9C60B}.Release|Win32.ActiveCfg = Release|Win32
		{1E2C3DB5-00E0-45B9-AA4B-F54BD5A9C60B}.Release|Win32.Build.0 = Release|Win32
		{5F516A22-15B8-4160-B032-BDFD78707350}.Debug|Win32.ActiveCfg = Debug|Win32
		{5F516A22-15B8-4160-B032-BDFD78707350}.Debug|Win32.Build.0 = Debug|Win32
		{5F516A22-15B8-4160-B032-BDFD78707350}.Release|Win32.ActiveCfg = Release|Win32
		{5F516A22-15B8-4160-B032-BDFD78707350}.Release|Win32.Build.0 = Release|Win32
		{F4AF0428-087E-4AE9-BAB2-B18E910DF67A}.Debug|Win32.ActiveCfg = Debug|Win32
		{F4AF0428-087E-4AE9-BAB2-B18E910DF67A}.Debug|Win32.Build.0 = Debug|Win32
		{F4AF0428-087E-4AE9-BAB2-B18E910DF67A}.Release|Win32.ActiveCfg = Release|Win32
		{F4AF0428-087E-4AE9-BAB2-B18E910DF67A}.Release|Win32.Build.0 = Release|Win32
		{646BBAED-24E1-39BF-B6FB-A42A0113127C}.Debug|Win32.ActiveCfg = Debug|Win32
		{646BBAED-24E1-39BF-B6FB-A42A0113127C}.Debug|Win32.Build.0 = Debug|Win32
		{646BBAED-24E1-39BF-B6FB-A42A0113127C}.Release|Win32.ActiveCfg = Release|Win32
		{646BBAED-24E1-39BF-B6FB-A42A0113127C}.Release|Win32.Build.0 = Release|Win32
	EndGlobalSection
	GlobalSection(SolutionProperties) = preSolution
		HideSolutionNode = FALSE
	EndGlobalSection
EndGlobal
