Microsoft Visual Studio Solution File, Format Version 8.00
Project("{8BC9CEB8-8B4A-11D0-8D11-00A0C91BC942}") = "dtabc", ".\src\dtABC\dtabc.vcproj", "{D1B34D72-1FCC-45E4-8CA7-BFF9C7D7689C}"
	ProjectSection(ProjectDependencies) = postProject
		{E8B2FBBF-19C9-4814-9F30-90FE0A036232} = {E8B2FBBF-19C9-4814-9F30-90FE0A036232}
	EndProjectSection
EndProject
Project("{8BC9CEB8-8B4A-11D0-8D11-00A0C91BC942}") = "dtaudio", ".\src\dtAudio\dtaudio.vcproj", "{6C9F6D0C-9B74-404F-808B-9E480777F757}"
	ProjectSection(ProjectDependencies) = postProject
		{E8B2FBBF-19C9-4814-9F30-90FE0A036232} = {E8B2FBBF-19C9-4814-9F30-90FE0A036232}
	EndProjectSection
EndProject
Project("{8BC9CEB8-8B4A-11D0-8D11-00A0C91BC942}") = "dtchar", ".\src\dtChar\dtchar.vcproj", "{91F7CF8D-9297-426F-B760-7E49EDA92A80}"
	ProjectSection(ProjectDependencies) = postProject
		{E8B2FBBF-19C9-4814-9F30-90FE0A036232} = {E8B2FBBF-19C9-4814-9F30-90FE0A036232}
	EndProjectSection
EndProject
Project("{8BC9CEB8-8B4A-11D0-8D11-00A0C91BC942}") = "dtcore", ".\src\dtCore\dtcore.vcproj", "{E8B2FBBF-19C9-4814-9F30-90FE0A036232}"
	ProjectSection(ProjectDependencies) = postProject
		{5F516A22-15B8-4160-B032-BDFD78707350} = {5F516A22-15B8-4160-B032-BDFD78707350}
	EndProjectSection
EndProject
Project("{8BC9CEB8-8B4A-11D0-8D11-00A0C91BC942}") = "dthla", ".\src\dtHLA\dthla.vcproj", "{C34553DE-4963-4CAD-BA56-39B550358E87}"
	ProjectSection(ProjectDependencies) = postProject
	EndProjectSection
EndProject
Project("{8BC9CEB8-8B4A-11D0-8D11-00A0C91BC942}") = "dtscript", ".\src\dtScript\dtscript.vcproj", "{4168D2C5-39C3-4368-B152-3C0F6AD1A95F}"
	ProjectSection(ProjectDependencies) = postProject
	EndProjectSection
EndProject
Project("{8BC9CEB8-8B4A-11D0-8D11-00A0C91BC942}") = "dtutil", ".\src\dtUtil\dtutil.vcproj", "{5F516A22-15B8-4160-B032-BDFD78707350}"
	ProjectSection(ProjectDependencies) = postProject
	EndProjectSection
EndProject
Project("{8BC9CEB8-8B4A-11D0-8D11-00A0C91BC942}") = "dtvis", ".\src\dtVis\dtvis.vcproj", "{6CB0D175-771B-4592-91A2-C367C61A3381}"
	ProjectSection(ProjectDependencies) = postProject
	EndProjectSection
EndProject
Project("{8BC9CEB8-8B4A-11D0-8D11-00A0C91BC942}") = "gui_fl", ".\src\gui_fl\gui_fl.vcproj", "{7F7CF9FA-EFB9-4DD0-964E-0562DBED2C09}"
	ProjectSection(ProjectDependencies) = postProject
		{D1B34D72-1FCC-45E4-8CA7-BFF9C7D7689C} = {D1B34D72-1FCC-45E4-8CA7-BFF9C7D7689C}
		{E8B2FBBF-19C9-4814-9F30-90FE0A036232} = {E8B2FBBF-19C9-4814-9F30-90FE0A036232}
	EndProjectSection
EndProject
Project("{8BC9CEB8-8B4A-11D0-8D11-00A0C91BC942}") = "dtABCBindings", ".\src\python\dtabcbindings.vcproj", "{537ADD2A-2558-46E6-B40F-27AAE5DAEAA2}"
	ProjectSection(ProjectDependencies) = postProject
		{D1B34D72-1FCC-45E4-8CA7-BFF9C7D7689C} = {D1B34D72-1FCC-45E4-8CA7-BFF9C7D7689C}
	EndProjectSection
EndProject
Project("{8BC9CEB8-8B4A-11D0-8D11-00A0C91BC942}") = "dtAudioBindings", ".\src\python\dtaudiobindings.vcproj", "{0D2F6673-29DD-492F-8ABD-6BCA7925F2DE}"
	ProjectSection(ProjectDependencies) = postProject
		{6C9F6D0C-9B74-404F-808B-9E480777F757} = {6C9F6D0C-9B74-404F-808B-9E480777F757}
	EndProjectSection
EndProject
Project("{8BC9CEB8-8B4A-11D0-8D11-00A0C91BC942}") = "dtCharBindings", ".\src\python\dtcharbindings.vcproj", "{20E80313-6099-4F8B-BB4E-E164F4ABEEC4}"
	ProjectSection(ProjectDependencies) = postProject
		{91F7CF8D-9297-426F-B760-7E49EDA92A80} = {91F7CF8D-9297-426F-B760-7E49EDA92A80}
	EndProjectSection
EndProject
Project("{8BC9CEB8-8B4A-11D0-8D11-00A0C91BC942}") = "dtCoreBindings", ".\src\python\dtcorebindings.vcproj", "{17C8B821-1515-4CE5-9C9A-00193C34FF0F}"
	ProjectSection(ProjectDependencies) = postProject
		{E8B2FBBF-19C9-4814-9F30-90FE0A036232} = {E8B2FBBF-19C9-4814-9F30-90FE0A036232}
	EndProjectSection
EndProject
Project("{8BC9CEB8-8B4A-11D0-8D11-00A0C91BC942}") = "dtGUIFlBindings", ".\src\python\dtguiflbindings.vcproj", "{89FA50C3-B575-42EE-9EA7-E4E4ED193813}"
	ProjectSection(ProjectDependencies) = postProject
		{7F7CF9FA-EFB9-4DD0-964E-0562DBED2C09} = {7F7CF9FA-EFB9-4DD0-964E-0562DBED2C09}
	EndProjectSection
EndProject
Project("{8BC9CEB8-8B4A-11D0-8D11-00A0C91BC942}") = "dtHLABindings", ".\src\python\dthlabindings.vcproj", "{A15A3D52-149E-4D94-836E-F051C3B1AC82}"
	ProjectSection(ProjectDependencies) = postProject
	EndProjectSection
EndProject
Project("{8BC9CEB8-8B4A-11D0-8D11-00A0C91BC942}") = "dtSOARXBindings", ".\src\python\dtsoarxbindings.vcproj", "{33C4924B-EBAE-4862-AA87-924A1DAEC4B7}"
	ProjectSection(ProjectDependencies) = postProject
		{A6562750-F7E3-4CB3-83C2-727F49F88CE0} = {A6562750-F7E3-4CB3-83C2-727F49F88CE0}
	EndProjectSection
EndProject
Project("{8BC9CEB8-8B4A-11D0-8D11-00A0C91BC942}") = "dtsoarx", ".\src\soarx\dtsoarx.vcproj", "{A6562750-F7E3-4CB3-83C2-727F49F88CE0}"
	ProjectSection(ProjectDependencies) = postProject
		{E8B2FBBF-19C9-4814-9F30-90FE0A036232} = {E8B2FBBF-19C9-4814-9F30-90FE0A036232}
	EndProjectSection
EndProject
Project("{8BC9CEB8-8B4A-11D0-8D11-00A0C91BC942}") = "testApp", ".\examples\testApp\testApp.vcproj", "{4A1728D2-7B7C-4D0C-B089-31E9A6FC0AF7}"
	ProjectSection(ProjectDependencies) = postProject
		{D1B34D72-1FCC-45E4-8CA7-BFF9C7D7689C} = {D1B34D72-1FCC-45E4-8CA7-BFF9C7D7689C}
		{E8B2FBBF-19C9-4814-9F30-90FE0A036232} = {E8B2FBBF-19C9-4814-9F30-90FE0A036232}
	EndProjectSection
EndProject
Project("{8BC9CEB8-8B4A-11D0-8D11-00A0C91BC942}") = "testAudio", ".\examples\testAudio\testAudio.vcproj", "{E11EA848-D306-4034-92FB-F4FABC95D7BE}"
	ProjectSection(ProjectDependencies) = postProject
		{6C9F6D0C-9B74-404F-808B-9E480777F757} = {6C9F6D0C-9B74-404F-808B-9E480777F757}
		{D1B34D72-1FCC-45E4-8CA7-BFF9C7D7689C} = {D1B34D72-1FCC-45E4-8CA7-BFF9C7D7689C}
		{E8B2FBBF-19C9-4814-9F30-90FE0A036232} = {E8B2FBBF-19C9-4814-9F30-90FE0A036232}
	EndProjectSection
EndProject
Project("{8BC9CEB8-8B4A-11D0-8D11-00A0C91BC942}") = "testCharacters", ".\examples\testCharacters\testCharacters.vcproj", "{D7A1B8D2-8C2A-4DBA-83A5-A0E13CC1C573}"
	ProjectSection(ProjectDependencies) = postProject
		{D1B34D72-1FCC-45E4-8CA7-BFF9C7D7689C} = {D1B34D72-1FCC-45E4-8CA7-BFF9C7D7689C}
		{91F7CF8D-9297-426F-B760-7E49EDA92A80} = {91F7CF8D-9297-426F-B760-7E49EDA92A80}
		{E8B2FBBF-19C9-4814-9F30-90FE0A036232} = {E8B2FBBF-19C9-4814-9F30-90FE0A036232}
	EndProjectSection
EndProject
Project("{8BC9CEB8-8B4A-11D0-8D11-00A0C91BC942}") = "testClouds", ".\examples\testClouds\testClouds.vcproj", "{080CB95C-2B86-42F8-831D-490367ED0A43}"
	ProjectSection(ProjectDependencies) = postProject
		{D1B34D72-1FCC-45E4-8CA7-BFF9C7D7689C} = {D1B34D72-1FCC-45E4-8CA7-BFF9C7D7689C}
		{E8B2FBBF-19C9-4814-9F30-90FE0A036232} = {E8B2FBBF-19C9-4814-9F30-90FE0A036232}
		{7F7CF9FA-EFB9-4DD0-964E-0562DBED2C09} = {7F7CF9FA-EFB9-4DD0-964E-0562DBED2C09}
	EndProjectSection
EndProject
Project("{8BC9CEB8-8B4A-11D0-8D11-00A0C91BC942}") = "testEffects", ".\examples\testEffects\testEffects.vcproj", "{8F5AAEC9-3184-497E-B4D6-E399FA9A8928}"
	ProjectSection(ProjectDependencies) = postProject
		{D1B34D72-1FCC-45E4-8CA7-BFF9C7D7689C} = {D1B34D72-1FCC-45E4-8CA7-BFF9C7D7689C}
		{E8B2FBBF-19C9-4814-9F30-90FE0A036232} = {E8B2FBBF-19C9-4814-9F30-90FE0A036232}
	EndProjectSection
EndProject
Project("{8BC9CEB8-8B4A-11D0-8D11-00A0C91BC942}") = "testGUI", ".\examples\testGUI\testGUI.vcproj", "{4B1B3A75-0621-48F6-8045-38B526B6F805}"
	ProjectSection(ProjectDependencies) = postProject
		{D1B34D72-1FCC-45E4-8CA7-BFF9C7D7689C} = {D1B34D72-1FCC-45E4-8CA7-BFF9C7D7689C}
		{CF160A9E-61E2-4D81-83AB-C8165BB0678C} = {CF160A9E-61E2-4D81-83AB-C8165BB0678C}
		{E8B2FBBF-19C9-4814-9F30-90FE0A036232} = {E8B2FBBF-19C9-4814-9F30-90FE0A036232}
	EndProjectSection
EndProject
Project("{8BC9CEB8-8B4A-11D0-8D11-00A0C91BC942}") = "testHLA", ".\examples\testHLA\testHLA.vcproj", "{99DE5935-9DF6-42B4-B6C3-BF549E28BB66}"
	ProjectSection(ProjectDependencies) = postProject
		{D1B34D72-1FCC-45E4-8CA7-BFF9C7D7689C} = {D1B34D72-1FCC-45E4-8CA7-BFF9C7D7689C}
		{E8B2FBBF-19C9-4814-9F30-90FE0A036232} = {E8B2FBBF-19C9-4814-9F30-90FE0A036232}
		{C34553DE-4963-4CAD-BA56-39B550358E87} = {C34553DE-4963-4CAD-BA56-39B550358E87}
	EndProjectSection
EndProject
Project("{8BC9CEB8-8B4A-11D0-8D11-00A0C91BC942}") = "testInput", ".\examples\testInput\testInput.vcproj", "{D7A1B8D2-8C2A-4DBA-83A5-A0E13CC1C573}"
	ProjectSection(ProjectDependencies) = postProject
		{D1B34D72-1FCC-45E4-8CA7-BFF9C7D7689C} = {D1B34D72-1FCC-45E4-8CA7-BFF9C7D7689C}
		{E8B2FBBF-19C9-4814-9F30-90FE0A036232} = {E8B2FBBF-19C9-4814-9F30-90FE0A036232}
	EndProjectSection
EndProject
Project("{8BC9CEB8-8B4A-11D0-8D11-00A0C91BC942}") = "testLights", ".\examples\testLights\testLights.vcproj", "{CF2D4F60-317E-4CDF-A568-24F50A2D03AF}"
	ProjectSection(ProjectDependencies) = postProject
		{D1B34D72-1FCC-45E4-8CA7-BFF9C7D7689C} = {D1B34D72-1FCC-45E4-8CA7-BFF9C7D7689C}
		{E8B2FBBF-19C9-4814-9F30-90FE0A036232} = {E8B2FBBF-19C9-4814-9F30-90FE0A036232}
	EndProjectSection
EndProject
Project("{8BC9CEB8-8B4A-11D0-8D11-00A0C91BC942}") = "testMotionModels", ".\examples\testMotionModels\testMotionModels.vcproj", "{D7A1B8D2-8C2A-4DBA-83A5-A0E13CC1C573}"
	ProjectSection(ProjectDependencies) = postProject
		{D1B34D72-1FCC-45E4-8CA7-BFF9C7D7689C} = {D1B34D72-1FCC-45E4-8CA7-BFF9C7D7689C}
		{E8B2FBBF-19C9-4814-9F30-90FE0A036232} = {E8B2FBBF-19C9-4814-9F30-90FE0A036232}
	EndProjectSection
EndProject
Project("{8BC9CEB8-8B4A-11D0-8D11-00A0C91BC942}") = "testPhysics", ".\examples\testPhysics\testPhysics.vcproj", "{D7A1B8D2-8C2A-4DBA-83A5-A0E13CC1C573}"
	ProjectSection(ProjectDependencies) = postProject
		{5F516A22-15B8-4160-B032-BDFD78707350} = {5F516A22-15B8-4160-B032-BDFD78707350}
		{D1B34D72-1FCC-45E4-8CA7-BFF9C7D7689C} = {D1B34D72-1FCC-45E4-8CA7-BFF9C7D7689C}
		{E8B2FBBF-19C9-4814-9F30-90FE0A036232} = {E8B2FBBF-19C9-4814-9F30-90FE0A036232}
	EndProjectSection
EndProject
Project("{8BC9CEB8-8B4A-11D0-8D11-00A0C91BC942}") = "testSound", ".\examples\testSound\testSound.vcproj", "{88DD5AA5-9AE2-4C10-8326-DDC577E290EB}"
	ProjectSection(ProjectDependencies) = postProject
		{6C9F6D0C-9B74-404F-808B-9E480777F757} = {6C9F6D0C-9B74-404F-808B-9E480777F757}
		{D1B34D72-1FCC-45E4-8CA7-BFF9C7D7689C} = {D1B34D72-1FCC-45E4-8CA7-BFF9C7D7689C}
		{E8B2FBBF-19C9-4814-9F30-90FE0A036232} = {E8B2FBBF-19C9-4814-9F30-90FE0A036232}
	EndProjectSection
EndProject
Project("{8BC9CEB8-8B4A-11D0-8D11-00A0C91BC942}") = "testWeather", ".\examples\testWeather\testWeather.vcproj", "{FC8CDF6F-4FE6-4A8D-8D68-5DA752C977E2}"
	ProjectSection(ProjectDependencies) = postProject
		{D1B34D72-1FCC-45E4-8CA7-BFF9C7D7689C} = {D1B34D72-1FCC-45E4-8CA7-BFF9C7D7689C}
		{E8B2FBBF-19C9-4814-9F30-90FE0A036232} = {E8B2FBBF-19C9-4814-9F30-90FE0A036232}
		{7F7CF9FA-EFB9-4DD0-964E-0562DBED2C09} = {7F7CF9FA-EFB9-4DD0-964E-0562DBED2C09}
	EndProjectSection
EndProject
Project("{8BC9CEB8-8B4A-11D0-8D11-00A0C91BC942}") = "testWidget", ".\examples\testWidget\testWidget.vcproj", "{355AF710-FC5B-442C-A69A-17A6FA1F1025}"
	ProjectSection(ProjectDependencies) = postProject
		{D1B34D72-1FCC-45E4-8CA7-BFF9C7D7689C} = {D1B34D72-1FCC-45E4-8CA7-BFF9C7D7689C}
		{E8B2FBBF-19C9-4814-9F30-90FE0A036232} = {E8B2FBBF-19C9-4814-9F30-90FE0A036232}
	EndProjectSection
EndProject
Project("{8BC9CEB8-8B4A-11D0-8D11-00A0C91BC942}") = "testWin", ".\examples\testWin\testWin.vcproj", "{37B8BAE2-2318-43AD-A052-95D22E2AF605}"
	ProjectSection(ProjectDependencies) = postProject
		{D1B34D72-1FCC-45E4-8CA7-BFF9C7D7689C} = {D1B34D72-1FCC-45E4-8CA7-BFF9C7D7689C}
		{E8B2FBBF-19C9-4814-9F30-90FE0A036232} = {E8B2FBBF-19C9-4814-9F30-90FE0A036232}
	EndProjectSection
EndProject
Project("{8BC9CEB8-8B4A-11D0-8D11-00A0C91BC942}") = "bspCompiler", ".\utilities\bspCompiler\bspCompiler.vcproj", "{BE9E03DF-21E7-45B7-87B3-F146CAA9D582}"
	ProjectSection(ProjectDependencies) = postProject
		{6CB0D175-771B-4592-91A2-C367C61A3381} = {6CB0D175-771B-4592-91A2-C367C61A3381}
	EndProjectSection
EndProject
Project("{8BC9CEB8-8B4A-11D0-8D11-00A0C91BC942}") = "hlaStealthViewer", ".\utilities\hlaStealthViewer\hlaStealthViewer.vcproj", "{D7E5DE16-0A28-4396-BAC2-05B4DEE27D04}"
	ProjectSection(ProjectDependencies) = postProject
		{D1B34D72-1FCC-45E4-8CA7-BFF9C7D7689C} = {D1B34D72-1FCC-45E4-8CA7-BFF9C7D7689C}
		{E8B2FBBF-19C9-4814-9F30-90FE0A036232} = {E8B2FBBF-19C9-4814-9F30-90FE0A036232}
		{C34553DE-4963-4CAD-BA56-39B550358E87} = {C34553DE-4963-4CAD-BA56-39B550358E87}
	EndProjectSection
EndProject
Project("{8BC9CEB8-8B4A-11D0-8D11-00A0C91BC942}") = "psEditor", ".\utilities\psEditor\psEditor.vcproj", "{7F57A273-325C-487B-B130-9643754B8232}"
	ProjectSection(ProjectDependencies) = postProject
		{D1B34D72-1FCC-45E4-8CA7-BFF9C7D7689C} = {D1B34D72-1FCC-45E4-8CA7-BFF9C7D7689C}
		{E8B2FBBF-19C9-4814-9F30-90FE0A036232} = {E8B2FBBF-19C9-4814-9F30-90FE0A036232}
	EndProjectSection
EndProject
Project("{8BC9CEB8-8B4A-11D0-8D11-00A0C91BC942}") = "Viewer", ".\utilities\Viewer\Viewer.vcproj", "{56EA31EF-9CED-4CB0-9D0B-88C67F61A089}"
	ProjectSection(ProjectDependencies) = postProject
		{D1B34D72-1FCC-45E4-8CA7-BFF9C7D7689C} = {D1B34D72-1FCC-45E4-8CA7-BFF9C7D7689C}
		{E8B2FBBF-19C9-4814-9F30-90FE0A036232} = {E8B2FBBF-19C9-4814-9F30-90FE0A036232}
	EndProjectSection
EndProject
Project("{8BC9CEB8-8B4A-11D0-8D11-00A0C91BC942}") = "testPython", ".\examples\testPython\testPython.vcproj", "{403C280B-31D4-48D5-BBBA-D9EA774FAB05}"
	ProjectSection(ProjectDependencies) = postProject
		{17C8B821-1515-4CE5-9C9A-00193C34FF0F} = {17C8B821-1515-4CE5-9C9A-00193C34FF0F}
		{D1B34D72-1FCC-45E4-8CA7-BFF9C7D7689C} = {D1B34D72-1FCC-45E4-8CA7-BFF9C7D7689C}
		{E8B2FBBF-19C9-4814-9F30-90FE0A036232} = {E8B2FBBF-19C9-4814-9F30-90FE0A036232}
		{7F7CF9FA-EFB9-4DD0-964E-0562DBED2C09} = {7F7CF9FA-EFB9-4DD0-964E-0562DBED2C09}
	EndProjectSection
EndProject
Project("{8BC9CEB8-8B4A-11D0-8D11-00A0C91BC942}") = "testMultiWin", ".\examples\testMultiWin\testMultiWin.vcproj", "{6FC97D94-9895-43AA-87BB-7206B4E267AA}"
	ProjectSection(ProjectDependencies) = postProject
		{D1B34D72-1FCC-45E4-8CA7-BFF9C7D7689C} = {D1B34D72-1FCC-45E4-8CA7-BFF9C7D7689C}
		{E8B2FBBF-19C9-4814-9F30-90FE0A036232} = {E8B2FBBF-19C9-4814-9F30-90FE0A036232}
	EndProjectSection
EndProject
Project("{8BC9CEB8-8B4A-11D0-8D11-00A0C91BC942}") = "testSoarx", ".\examples\testSoarx\testSoarx.vcproj", "{55F6C3C4-0CF8-4A84-9233-C938314C76CD}"
	ProjectSection(ProjectDependencies) = postProject
		{A6562750-F7E3-4CB3-83C2-727F49F88CE0} = {A6562750-F7E3-4CB3-83C2-727F49F88CE0}
		{D1B34D72-1FCC-45E4-8CA7-BFF9C7D7689C} = {D1B34D72-1FCC-45E4-8CA7-BFF9C7D7689C}
		{E8B2FBBF-19C9-4814-9F30-90FE0A036232} = {E8B2FBBF-19C9-4814-9F30-90FE0A036232}
	EndProjectSection
EndProject
Project("{8BC9CEB8-8B4A-11D0-8D11-00A0C91BC942}") = "dtGUI", ".\src\dtGUI\dtGUI.vcproj", "{CF160A9E-61E2-4D81-83AB-C8165BB0678C}"
	ProjectSection(ProjectDependencies) = postProject
		{E8B2FBBF-19C9-4814-9F30-90FE0A036232} = {E8B2FBBF-19C9-4814-9F30-90FE0A036232}
	EndProjectSection
EndProject
Global
	GlobalSection(SolutionConfiguration) = preSolution
		Debug = Debug
		Release = Release
	EndGlobalSection
	GlobalSection(ProjectConfiguration) = postSolution
		{D1B34D72-1FCC-45E4-8CA7-BFF9C7D7689C}.Debug.ActiveCfg = Debug|Win32
		{D1B34D72-1FCC-45E4-8CA7-BFF9C7D7689C}.Debug.Build.0 = Debug|Win32
		{D1B34D72-1FCC-45E4-8CA7-BFF9C7D7689C}.Release.ActiveCfg = Release|Win32
		{D1B34D72-1FCC-45E4-8CA7-BFF9C7D7689C}.Release.Build.0 = Release|Win32
		{6C9F6D0C-9B74-404F-808B-9E480777F757}.Debug.ActiveCfg = Debug|Win32
		{6C9F6D0C-9B74-404F-808B-9E480777F757}.Debug.Build.0 = Debug|Win32
		{6C9F6D0C-9B74-404F-808B-9E480777F757}.Release.ActiveCfg = Release|Win32
		{6C9F6D0C-9B74-404F-808B-9E480777F757}.Release.Build.0 = Release|Win32
		{91F7CF8D-9297-426F-B760-7E49EDA92A80}.Debug.ActiveCfg = Debug|Win32
		{91F7CF8D-9297-426F-B760-7E49EDA92A80}.Debug.Build.0 = Debug|Win32
		{91F7CF8D-9297-426F-B760-7E49EDA92A80}.Release.ActiveCfg = Release|Win32
		{91F7CF8D-9297-426F-B760-7E49EDA92A80}.Release.Build.0 = Release|Win32
		{E8B2FBBF-19C9-4814-9F30-90FE0A036232}.Debug.ActiveCfg = Debug|Win32
		{E8B2FBBF-19C9-4814-9F30-90FE0A036232}.Debug.Build.0 = Debug|Win32
		{E8B2FBBF-19C9-4814-9F30-90FE0A036232}.Release.ActiveCfg = Release|Win32
		{E8B2FBBF-19C9-4814-9F30-90FE0A036232}.Release.Build.0 = Release|Win32
		{C34553DE-4963-4CAD-BA56-39B550358E87}.Debug.ActiveCfg = Debug|Win32
		{C34553DE-4963-4CAD-BA56-39B550358E87}.Debug.Build.0 = Debug|Win32
		{C34553DE-4963-4CAD-BA56-39B550358E87}.Release.ActiveCfg = Release|Win32
		{C34553DE-4963-4CAD-BA56-39B550358E87}.Release.Build.0 = Release|Win32
		{4168D2C5-39C3-4368-B152-3C0F6AD1A95F}.Debug.ActiveCfg = Debug|Win32
		{4168D2C5-39C3-4368-B152-3C0F6AD1A95F}.Debug.Build.0 = Debug|Win32
		{4168D2C5-39C3-4368-B152-3C0F6AD1A95F}.Release.ActiveCfg = Release|Win32
		{4168D2C5-39C3-4368-B152-3C0F6AD1A95F}.Release.Build.0 = Release|Win32
		{5F516A22-15B8-4160-B032-BDFD78707350}.Debug.ActiveCfg = Debug|Win32
		{5F516A22-15B8-4160-B032-BDFD78707350}.Debug.Build.0 = Debug|Win32
		{5F516A22-15B8-4160-B032-BDFD78707350}.Release.ActiveCfg = Release|Win32
		{5F516A22-15B8-4160-B032-BDFD78707350}.Release.Build.0 = Release|Win32
		{6CB0D175-771B-4592-91A2-C367C61A3381}.Debug.ActiveCfg = Debug|Win32
		{6CB0D175-771B-4592-91A2-C367C61A3381}.Debug.Build.0 = Debug|Win32
		{6CB0D175-771B-4592-91A2-C367C61A3381}.Release.ActiveCfg = Release|Win32
		{6CB0D175-771B-4592-91A2-C367C61A3381}.Release.Build.0 = Release|Win32
		{7F7CF9FA-EFB9-4DD0-964E-0562DBED2C09}.Debug.ActiveCfg = Debug|Win32
		{7F7CF9FA-EFB9-4DD0-964E-0562DBED2C09}.Debug.Build.0 = Debug|Win32
		{7F7CF9FA-EFB9-4DD0-964E-0562DBED2C09}.Release.ActiveCfg = Release|Win32
		{7F7CF9FA-EFB9-4DD0-964E-0562DBED2C09}.Release.Build.0 = Release|Win32
		{537ADD2A-2558-46E6-B40F-27AAE5DAEAA2}.Debug.ActiveCfg = Debug|Win32
		{537ADD2A-2558-46E6-B40F-27AAE5DAEAA2}.Debug.Build.0 = Debug|Win32
		{537ADD2A-2558-46E6-B40F-27AAE5DAEAA2}.Release.ActiveCfg = Release|Win32
		{537ADD2A-2558-46E6-B40F-27AAE5DAEAA2}.Release.Build.0 = Release|Win32
		{0D2F6673-29DD-492F-8ABD-6BCA7925F2DE}.Debug.ActiveCfg = Debug|Win32
		{0D2F6673-29DD-492F-8ABD-6BCA7925F2DE}.Debug.Build.0 = Debug|Win32
		{0D2F6673-29DD-492F-8ABD-6BCA7925F2DE}.Release.ActiveCfg = Release|Win32
		{0D2F6673-29DD-492F-8ABD-6BCA7925F2DE}.Release.Build.0 = Release|Win32
		{20E80313-6099-4F8B-BB4E-E164F4ABEEC4}.Debug.ActiveCfg = Debug|Win32
		{20E80313-6099-4F8B-BB4E-E164F4ABEEC4}.Debug.Build.0 = Debug|Win32
		{20E80313-6099-4F8B-BB4E-E164F4ABEEC4}.Release.ActiveCfg = Release|Win32
		{20E80313-6099-4F8B-BB4E-E164F4ABEEC4}.Release.Build.0 = Release|Win32
		{17C8B821-1515-4CE5-9C9A-00193C34FF0F}.Debug.ActiveCfg = Debug|Win32
		{17C8B821-1515-4CE5-9C9A-00193C34FF0F}.Debug.Build.0 = Debug|Win32
		{17C8B821-1515-4CE5-9C9A-00193C34FF0F}.Release.ActiveCfg = Release|Win32
		{17C8B821-1515-4CE5-9C9A-00193C34FF0F}.Release.Build.0 = Release|Win32
		{89FA50C3-B575-42EE-9EA7-E4E4ED193813}.Debug.ActiveCfg = Debug|Win32
		{89FA50C3-B575-42EE-9EA7-E4E4ED193813}.Debug.Build.0 = Debug|Win32
		{89FA50C3-B575-42EE-9EA7-E4E4ED193813}.Release.ActiveCfg = Release|Win32
		{89FA50C3-B575-42EE-9EA7-E4E4ED193813}.Release.Build.0 = Release|Win32
		{A15A3D52-149E-4D94-836E-F051C3B1AC82}.Debug.ActiveCfg = Debug|Win32
		{A15A3D52-149E-4D94-836E-F051C3B1AC82}.Debug.Build.0 = Debug|Win32
		{A15A3D52-149E-4D94-836E-F051C3B1AC82}.Release.ActiveCfg = Release|Win32
		{A15A3D52-149E-4D94-836E-F051C3B1AC82}.Release.Build.0 = Release|Win32
		{33C4924B-EBAE-4862-AA87-924A1DAEC4B7}.Debug.ActiveCfg = Debug|Win32
		{33C4924B-EBAE-4862-AA87-924A1DAEC4B7}.Debug.Build.0 = Debug|Win32
		{33C4924B-EBAE-4862-AA87-924A1DAEC4B7}.Release.ActiveCfg = Release|Win32
		{33C4924B-EBAE-4862-AA87-924A1DAEC4B7}.Release.Build.0 = Release|Win32
		{A6562750-F7E3-4CB3-83C2-727F49F88CE0}.Debug.ActiveCfg = Debug|Win32
		{A6562750-F7E3-4CB3-83C2-727F49F88CE0}.Debug.Build.0 = Debug|Win32
		{A6562750-F7E3-4CB3-83C2-727F49F88CE0}.Release.ActiveCfg = Release|Win32
		{A6562750-F7E3-4CB3-83C2-727F49F88CE0}.Release.Build.0 = Release|Win32
		{4A1728D2-7B7C-4D0C-B089-31E9A6FC0AF7}.Debug.ActiveCfg = Debug|Win32
		{4A1728D2-7B7C-4D0C-B089-31E9A6FC0AF7}.Debug.Build.0 = Debug|Win32
		{4A1728D2-7B7C-4D0C-B089-31E9A6FC0AF7}.Release.ActiveCfg = Release|Win32
		{4A1728D2-7B7C-4D0C-B089-31E9A6FC0AF7}.Release.Build.0 = Release|Win32
		{E11EA848-D306-4034-92FB-F4FABC95D7BE}.Debug.ActiveCfg = Debug|Win32
		{E11EA848-D306-4034-92FB-F4FABC95D7BE}.Debug.Build.0 = Debug|Win32
		{E11EA848-D306-4034-92FB-F4FABC95D7BE}.Release.ActiveCfg = Release|Win32
		{E11EA848-D306-4034-92FB-F4FABC95D7BE}.Release.Build.0 = Release|Win32
		{D7A1B8D2-8C2A-4DBA-83A5-A0E13CC1C573}.Debug.ActiveCfg = Debug|Win32
		{D7A1B8D2-8C2A-4DBA-83A5-A0E13CC1C573}.Debug.Build.0 = Debug|Win32
		{D7A1B8D2-8C2A-4DBA-83A5-A0E13CC1C573}.Release.ActiveCfg = Release|Win32
		{D7A1B8D2-8C2A-4DBA-83A5-A0E13CC1C573}.Release.Build.0 = Release|Win32
		{080CB95C-2B86-42F8-831D-490367ED0A43}.Debug.ActiveCfg = Debug|Win32
		{080CB95C-2B86-42F8-831D-490367ED0A43}.Debug.Build.0 = Debug|Win32
		{080CB95C-2B86-42F8-831D-490367ED0A43}.Release.ActiveCfg = Release|Win32
		{080CB95C-2B86-42F8-831D-490367ED0A43}.Release.Build.0 = Release|Win32
		{8F5AAEC9-3184-497E-B4D6-E399FA9A8928}.Debug.ActiveCfg = Debug|Win32
		{8F5AAEC9-3184-497E-B4D6-E399FA9A8928}.Debug.Build.0 = Debug|Win32
		{8F5AAEC9-3184-497E-B4D6-E399FA9A8928}.Release.ActiveCfg = Release|Win32
		{8F5AAEC9-3184-497E-B4D6-E399FA9A8928}.Release.Build.0 = Release|Win32
		{4B1B3A75-0621-48F6-8045-38B526B6F805}.Debug.ActiveCfg = Debug|Win32
		{4B1B3A75-0621-48F6-8045-38B526B6F805}.Debug.Build.0 = Debug|Win32
		{4B1B3A75-0621-48F6-8045-38B526B6F805}.Release.ActiveCfg = Release|Win32
		{4B1B3A75-0621-48F6-8045-38B526B6F805}.Release.Build.0 = Release|Win32
		{99DE5935-9DF6-42B4-B6C3-BF549E28BB66}.Debug.ActiveCfg = Debug|Win32
		{99DE5935-9DF6-42B4-B6C3-BF549E28BB66}.Debug.Build.0 = Debug|Win32
		{99DE5935-9DF6-42B4-B6C3-BF549E28BB66}.Release.ActiveCfg = Release|Win32
		{99DE5935-9DF6-42B4-B6C3-BF549E28BB66}.Release.Build.0 = Release|Win32
		{D7A1B8D2-8C2A-4DBA-83A5-A0E13CC1C573}.Debug.ActiveCfg = Debug|Win32
		{D7A1B8D2-8C2A-4DBA-83A5-A0E13CC1C573}.Debug.Build.0 = Debug|Win32
		{D7A1B8D2-8C2A-4DBA-83A5-A0E13CC1C573}.Release.ActiveCfg = Release|Win32
		{D7A1B8D2-8C2A-4DBA-83A5-A0E13CC1C573}.Release.Build.0 = Release|Win32
		{CF2D4F60-317E-4CDF-A568-24F50A2D03AF}.Debug.ActiveCfg = Debug|Win32
		{CF2D4F60-317E-4CDF-A568-24F50A2D03AF}.Debug.Build.0 = Debug|Win32
		{CF2D4F60-317E-4CDF-A568-24F50A2D03AF}.Release.ActiveCfg = Release|Win32
		{CF2D4F60-317E-4CDF-A568-24F50A2D03AF}.Release.Build.0 = Release|Win32
		{D7A1B8D2-8C2A-4DBA-83A5-A0E13CC1C573}.Debug.ActiveCfg = Debug|Win32
		{D7A1B8D2-8C2A-4DBA-83A5-A0E13CC1C573}.Debug.Build.0 = Debug|Win32
		{D7A1B8D2-8C2A-4DBA-83A5-A0E13CC1C573}.Release.ActiveCfg = Release|Win32
		{D7A1B8D2-8C2A-4DBA-83A5-A0E13CC1C573}.Release.Build.0 = Release|Win32
		{D7A1B8D2-8C2A-4DBA-83A5-A0E13CC1C573}.Debug.ActiveCfg = Debug|Win32
		{D7A1B8D2-8C2A-4DBA-83A5-A0E13CC1C573}.Debug.Build.0 = Debug|Win32
		{D7A1B8D2-8C2A-4DBA-83A5-A0E13CC1C573}.Release.ActiveCfg = Release|Win32
		{D7A1B8D2-8C2A-4DBA-83A5-A0E13CC1C573}.Release.Build.0 = Release|Win32
		{88DD5AA5-9AE2-4C10-8326-DDC577E290EB}.Debug.ActiveCfg = Debug|Win32
		{88DD5AA5-9AE2-4C10-8326-DDC577E290EB}.Debug.Build.0 = Debug|Win32
		{88DD5AA5-9AE2-4C10-8326-DDC577E290EB}.Release.ActiveCfg = Release|Win32
		{88DD5AA5-9AE2-4C10-8326-DDC577E290EB}.Release.Build.0 = Release|Win32
		{FC8CDF6F-4FE6-4A8D-8D68-5DA752C977E2}.Debug.ActiveCfg = Debug|Win32
		{FC8CDF6F-4FE6-4A8D-8D68-5DA752C977E2}.Debug.Build.0 = Debug|Win32
		{FC8CDF6F-4FE6-4A8D-8D68-5DA752C977E2}.Release.ActiveCfg = Release|Win32
		{FC8CDF6F-4FE6-4A8D-8D68-5DA752C977E2}.Release.Build.0 = Release|Win32
		{355AF710-FC5B-442C-A69A-17A6FA1F1025}.Debug.ActiveCfg = Debug|Win32
		{355AF710-FC5B-442C-A69A-17A6FA1F1025}.Debug.Build.0 = Debug|Win32
		{355AF710-FC5B-442C-A69A-17A6FA1F1025}.Release.ActiveCfg = Release|Win32
		{355AF710-FC5B-442C-A69A-17A6FA1F1025}.Release.Build.0 = Release|Win32
		{37B8BAE2-2318-43AD-A052-95D22E2AF605}.Debug.ActiveCfg = Debug|Win32
		{37B8BAE2-2318-43AD-A052-95D22E2AF605}.Debug.Build.0 = Debug|Win32
		{37B8BAE2-2318-43AD-A052-95D22E2AF605}.Release.ActiveCfg = Release|Win32
		{37B8BAE2-2318-43AD-A052-95D22E2AF605}.Release.Build.0 = Release|Win32
		{BE9E03DF-21E7-45B7-87B3-F146CAA9D582}.Debug.ActiveCfg = Debug|Win32
		{BE9E03DF-21E7-45B7-87B3-F146CAA9D582}.Debug.Build.0 = Debug|Win32
		{BE9E03DF-21E7-45B7-87B3-F146CAA9D582}.Release.ActiveCfg = Release|Win32
		{BE9E03DF-21E7-45B7-87B3-F146CAA9D582}.Release.Build.0 = Release|Win32
		{D7E5DE16-0A28-4396-BAC2-05B4DEE27D04}.Debug.ActiveCfg = Debug|Win32
		{D7E5DE16-0A28-4396-BAC2-05B4DEE27D04}.Debug.Build.0 = Debug|Win32
		{D7E5DE16-0A28-4396-BAC2-05B4DEE27D04}.Release.ActiveCfg = Release|Win32
		{D7E5DE16-0A28-4396-BAC2-05B4DEE27D04}.Release.Build.0 = Release|Win32
		{7F57A273-325C-487B-B130-9643754B8232}.Debug.ActiveCfg = Debug|Win32
		{7F57A273-325C-487B-B130-9643754B8232}.Debug.Build.0 = Debug|Win32
		{7F57A273-325C-487B-B130-9643754B8232}.Release.ActiveCfg = Release|Win32
		{7F57A273-325C-487B-B130-9643754B8232}.Release.Build.0 = Release|Win32
		{56EA31EF-9CED-4CB0-9D0B-88C67F61A089}.Debug.ActiveCfg = Debug|Win32
		{56EA31EF-9CED-4CB0-9D0B-88C67F61A089}.Debug.Build.0 = Debug|Win32
		{56EA31EF-9CED-4CB0-9D0B-88C67F61A089}.Release.ActiveCfg = Release|Win32
		{56EA31EF-9CED-4CB0-9D0B-88C67F61A089}.Release.Build.0 = Release|Win32
		{403C280B-31D4-48D5-BBBA-D9EA774FAB05}.Debug.ActiveCfg = Debug|Win32
		{403C280B-31D4-48D5-BBBA-D9EA774FAB05}.Debug.Build.0 = Debug|Win32
		{403C280B-31D4-48D5-BBBA-D9EA774FAB05}.Release.ActiveCfg = Release|Win32
		{403C280B-31D4-48D5-BBBA-D9EA774FAB05}.Release.Build.0 = Release|Win32
		{6FC97D94-9895-43AA-87BB-7206B4E267AA}.Debug.ActiveCfg = Debug|Win32
		{6FC97D94-9895-43AA-87BB-7206B4E267AA}.Debug.Build.0 = Debug|Win32
		{6FC97D94-9895-43AA-87BB-7206B4E267AA}.Release.ActiveCfg = Release|Win32
		{6FC97D94-9895-43AA-87BB-7206B4E267AA}.Release.Build.0 = Release|Win32
		{55F6C3C4-0CF8-4A84-9233-C938314C76CD}.Debug.ActiveCfg = Debug|Win32
		{55F6C3C4-0CF8-4A84-9233-C938314C76CD}.Debug.Build.0 = Debug|Win32
		{55F6C3C4-0CF8-4A84-9233-C938314C76CD}.Release.ActiveCfg = Release|Win32
		{55F6C3C4-0CF8-4A84-9233-C938314C76CD}.Release.Build.0 = Release|Win32
		{CF160A9E-61E2-4D81-83AB-C8165BB0678C}.Debug.ActiveCfg = Debug|Win32
		{CF160A9E-61E2-4D81-83AB-C8165BB0678C}.Debug.Build.0 = Debug|Win32
		{CF160A9E-61E2-4D81-83AB-C8165BB0678C}.Release.ActiveCfg = Release|Win32
		{CF160A9E-61E2-4D81-83AB-C8165BB0678C}.Release.Build.0 = Release|Win32
	EndGlobalSection
	GlobalSection(ExtensibilityGlobals) = postSolution
	EndGlobalSection
	GlobalSection(ExtensibilityAddIns) = postSolution
	EndGlobalSection
EndGlobal
