Microsoft Visual Studio Solution File, Format Version 9.00
# Visual Studio 2005
Project("{8BC9CEB8-8B4A-11D0-8D11-00A0C91BC942}") = "testClient", "testClient_2005.vcproj", "{A191E56D-EF4E-4D60-B659-355C61895FF4}"
	ProjectSection(ProjectDependencies) = postProject
		{5F516A22-15B8-4160-B032-BDFD78707350} = {5F516A22-15B8-4160-B032-BDFD78707350}
		{F4AF0428-087E-4AE9-BAB2-B18E910DF67A} = {F4AF0428-087E-4AE9-BAB2-B18E910DF67A}
		{A768B050-B0CF-454C-BE75-9F31E1ECF85F} = {A768B050-B0CF-454C-BE75-9F31E1ECF85F}
		{B799957E-9AFF-43DD-A46A-6BC98424C6B2} = {B799957E-9AFF-43DD-A46A-6BC98424C6B2}
		{E8B2FBBF-19C9-4814-9F30-90FE0A036232} = {E8B2FBBF-19C9-4814-9F30-90FE0A036232}
	EndProjectSection
EndProject
Project("{8BC9CEB8-8B4A-11D0-8D11-00A0C91BC942}") = "dtGame", "..\..\src\dtGame\dtgame_2005.vcproj", "{A768B050-B0CF-454C-BE75-9F31E1ECF85F}"
EndProject
Project("{8BC9CEB8-8B4A-11D0-8D11-00A0C91BC942}") = "dtUtil", "..\..\src\dtUtil\dtutil_2005.vcproj", "{5F516A22-15B8-4160-B032-BDFD78707350}"
EndProject
Project("{8BC9CEB8-8B4A-11D0-8D11-00A0C91BC942}") = "dtCore", "..\..\src\dtCore\dtcore_2005.vcproj", "{E8B2FBBF-19C9-4814-9F30-90FE0A036232}"
EndProject
Project("{8BC9CEB8-8B4A-11D0-8D11-00A0C91BC942}") = "dtNet", "..\..\src\dtNet\dtNet_2005.vcproj", "{B799957E-9AFF-43DD-A46A-6BC98424C6B2}"
EndProject
Project("{8BC9CEB8-8B4A-11D0-8D11-00A0C91BC942}") = "dtDAL", "..\..\src\dtDAL\dtDAL_2005.vcproj", "{F4AF0428-087E-4AE9-BAB2-B18E910DF67A}"
EndProject
Project("{8BC9CEB8-8B4A-11D0-8D11-00A0C91BC942}") = "genericSatelliteApp", "..\..\..\..\SafeVR\VisualStudio\Applications\genericSatelliteApp\genericSatelliteApp.vcproj", "{C97F2060-5B64-4F5A-822E-16A9C3BE491E}"
EndProject
Global
	GlobalSection(SolutionConfigurationPlatforms) = preSolution
		Debug|Win32 = Debug|Win32
		Release|Win32 = Release|Win32
	EndGlobalSection
	GlobalSection(ProjectConfigurationPlatforms) = postSolution
		{A191E56D-EF4E-4D60-B659-355C61895FF4}.Debug|Win32.ActiveCfg = Debug|Win32
		{A191E56D-EF4E-4D60-B659-355C61895FF4}.Release|Win32.ActiveCfg = Release|Win32
		{A768B050-B0CF-454C-BE75-9F31E1ECF85F}.Debug|Win32.ActiveCfg = Debug|Win32
		{A768B050-B0CF-454C-BE75-9F31E1ECF85F}.Release|Win32.ActiveCfg = Release|Win32
		{5F516A22-15B8-4160-B032-BDFD78707350}.Debug|Win32.ActiveCfg = Debug|Win32
		{5F516A22-15B8-4160-B032-BDFD78707350}.Release|Win32.ActiveCfg = Release|Win32
		{E8B2FBBF-19C9-4814-9F30-90FE0A036232}.Debug|Win32.ActiveCfg = Debug|Win32
		{E8B2FBBF-19C9-4814-9F30-90FE0A036232}.Release|Win32.ActiveCfg = Release|Win32
		{B799957E-9AFF-43DD-A46A-6BC98424C6B2}.Debug|Win32.ActiveCfg = Debug|Win32
		{B799957E-9AFF-43DD-A46A-6BC98424C6B2}.Release|Win32.ActiveCfg = Release|Win32
		{B799957E-9AFF-43DD-A46A-6BC98424C6B2}.Release|Win32.Build.0 = Release|Win32
		{F4AF0428-087E-4AE9-BAB2-B18E910DF67A}.Debug|Win32.ActiveCfg = Debug|Win32
		{F4AF0428-087E-4AE9-BAB2-B18E910DF67A}.Release|Win32.ActiveCfg = Release|Win32
		{F4AF0428-087E-4AE9-BAB2-B18E910DF67A}.Release|Win32.Build.0 = Release|Win32
		{C97F2060-5B64-4F5A-822E-16A9C3BE491E}.Debug|Win32.ActiveCfg = Debug|Win32
		{C97F2060-5B64-4F5A-822E-16A9C3BE491E}.Release|Win32.ActiveCfg = Release|Win32
	EndGlobalSection
	GlobalSection(SolutionProperties) = preSolution
		HideSolutionNode = FALSE
	EndGlobalSection
EndGlobal
