Microsoft Visual Studio Solution File, Format Version 8.00
Project("{8BC9CEB8-8B4A-11D0-8D11-00A0C91BC942}") = "testGameActorLibrary", "testGameActorLibrary.vcproj", "{F74370BD-A29D-4502-823D-68C2D6FF3C5E}"
	ProjectSection(ProjectDependencies) = postProject
		{F4AF0428-087E-4AE9-BAB2-B18E910DF67A} = {F4AF0428-087E-4AE9-BAB2-B18E910DF67A}
		{A768B050-B0CF-454C-BE75-9F31E1ECF85F} = {A768B050-B0CF-454C-BE75-9F31E1ECF85F}
		{E8B2FBBF-19C9-4814-9F30-90FE0A036232} = {E8B2FBBF-19C9-4814-9F30-90FE0A036232}
	EndProjectSection
EndProject
Project("{8BC9CEB8-8B4A-11D0-8D11-00A0C91BC942}") = "dtCore", "..\..\src\dtCore\dtcore.vcproj", "{E8B2FBBF-19C9-4814-9F30-90FE0A036232}"
	ProjectSection(ProjectDependencies) = postProject
		{5F516A22-15B8-4160-B032-BDFD78707350} = {5F516A22-15B8-4160-B032-BDFD78707350}
	EndProjectSection
EndProject
Project("{8BC9CEB8-8B4A-11D0-8D11-00A0C91BC942}") = "dtDAL", "..\..\src\dtDAL\dtDAL.vcproj", "{F4AF0428-087E-4AE9-BAB2-B18E910DF67A}"
	ProjectSection(ProjectDependencies) = postProject
		{5F516A22-15B8-4160-B032-BDFD78707350} = {5F516A22-15B8-4160-B032-BDFD78707350}
		{E8B2FBBF-19C9-4814-9F30-90FE0A036232} = {E8B2FBBF-19C9-4814-9F30-90FE0A036232}
	EndProjectSection
EndProject
Project("{8BC9CEB8-8B4A-11D0-8D11-00A0C91BC942}") = "dtGame", "..\..\src\dtGame\dtgame.vcproj", "{A768B050-B0CF-454C-BE75-9F31E1ECF85F}"
	ProjectSection(ProjectDependencies) = postProject
		{5F516A22-15B8-4160-B032-BDFD78707350} = {5F516A22-15B8-4160-B032-BDFD78707350}
		{F4AF0428-087E-4AE9-BAB2-B18E910DF67A} = {F4AF0428-087E-4AE9-BAB2-B18E910DF67A}
		{E8B2FBBF-19C9-4814-9F30-90FE0A036232} = {E8B2FBBF-19C9-4814-9F30-90FE0A036232}
	EndProjectSection
EndProject
Project("{8BC9CEB8-8B4A-11D0-8D11-00A0C91BC942}") = "dtUtil", "..\..\src\dtUtil\dtutil.vcproj", "{5F516A22-15B8-4160-B032-BDFD78707350}"
	ProjectSection(ProjectDependencies) = postProject
	EndProjectSection
EndProject
Global
	GlobalSection(SolutionConfiguration) = preSolution
		Debug = Debug
		Release = Release
	EndGlobalSection
	GlobalSection(ProjectConfiguration) = postSolution
		{F74370BD-A29D-4502-823D-68C2D6FF3C5E}.Debug.ActiveCfg = Debug|Win32
		{F74370BD-A29D-4502-823D-68C2D6FF3C5E}.Debug.Build.0 = Debug|Win32
		{F74370BD-A29D-4502-823D-68C2D6FF3C5E}.Release.ActiveCfg = Release|Win32
		{F74370BD-A29D-4502-823D-68C2D6FF3C5E}.Release.Build.0 = Release|Win32
		{E8B2FBBF-19C9-4814-9F30-90FE0A036232}.Debug.ActiveCfg = Debug|Win32
		{E8B2FBBF-19C9-4814-9F30-90FE0A036232}.Debug.Build.0 = Debug|Win32
		{E8B2FBBF-19C9-4814-9F30-90FE0A036232}.Release.ActiveCfg = Release|Win32
		{E8B2FBBF-19C9-4814-9F30-90FE0A036232}.Release.Build.0 = Release|Win32
		{F4AF0428-087E-4AE9-BAB2-B18E910DF67A}.Debug.ActiveCfg = Debug|Win32
		{F4AF0428-087E-4AE9-BAB2-B18E910DF67A}.Debug.Build.0 = Debug|Win32
		{F4AF0428-087E-4AE9-BAB2-B18E910DF67A}.Release.ActiveCfg = Release|Win32
		{F4AF0428-087E-4AE9-BAB2-B18E910DF67A}.Release.Build.0 = Release|Win32
		{A768B050-B0CF-454C-BE75-9F31E1ECF85F}.Debug.ActiveCfg = Debug|Win32
		{A768B050-B0CF-454C-BE75-9F31E1ECF85F}.Debug.Build.0 = Debug|Win32
		{A768B050-B0CF-454C-BE75-9F31E1ECF85F}.Release.ActiveCfg = Release|Win32
		{A768B050-B0CF-454C-BE75-9F31E1ECF85F}.Release.Build.0 = Release|Win32
		{5F516A22-15B8-4160-B032-BDFD78707350}.Debug.ActiveCfg = Debug|Win32
		{5F516A22-15B8-4160-B032-BDFD78707350}.Debug.Build.0 = Debug|Win32
		{5F516A22-15B8-4160-B032-BDFD78707350}.Release.ActiveCfg = Release|Win32
		{5F516A22-15B8-4160-B032-BDFD78707350}.Release.Build.0 = Release|Win32
	EndGlobalSection
	GlobalSection(ExtensibilityGlobals) = postSolution
	EndGlobalSection
	GlobalSection(ExtensibilityAddIns) = postSolution
	EndGlobalSection
EndGlobal
