Microsoft Visual Studio Solution File, Format Version 8.00
Project("{8BC9CEB8-8B4A-11D0-8D11-00A0C91BC942}") = "dtCoreBindings", "dtCoreBindings.vcproj", "{17C8B821-1515-4CE5-9C9A-00193C34FF0F}"
	ProjectSection(ProjectDependencies) = postProject
		{E8B2FBBF-19C9-4814-9F30-90FE0A036232} = {E8B2FBBF-19C9-4814-9F30-90FE0A036232}
	EndProjectSection
EndProject
Project("{8BC9CEB8-8B4A-11D0-8D11-00A0C91BC942}") = "dtABCBindings", "dtabcbindings.vcproj", "{537ADD2A-2558-46E6-B40F-27AAE5DAEAA2}"
	ProjectSection(ProjectDependencies) = postProject
		{C34553DE-4963-4CAD-BA56-39B550358E87} = {C34553DE-4963-4CAD-BA56-39B550358E87}
	EndProjectSection
EndProject
Project("{8BC9CEB8-8B4A-11D0-8D11-00A0C91BC942}") = "dtCharBindings", "dtcharbindings.vcproj", "{20E80313-6099-4F8B-BB4E-E164F4ABEEC4}"
	ProjectSection(ProjectDependencies) = postProject
		{C34553DE-4963-4CAD-BA56-39B550358E87} = {C34553DE-4963-4CAD-BA56-39B550358E87}
	EndProjectSection
EndProject
Project("{8BC9CEB8-8B4A-11D0-8D11-00A0C91BC942}") = "dtAudioBindings", "dtaudiobindings.vcproj", "{0D2F6673-29DD-492F-8ABD-6BCA7925F2DE}"
	ProjectSection(ProjectDependencies) = postProject
		{6C9F6D0C-9B74-404F-808B-9E480777F757} = {6C9F6D0C-9B74-404F-808B-9E480777F757}
	EndProjectSection
EndProject
Project("{8BC9CEB8-8B4A-11D0-8D11-00A0C91BC942}") = "dtSOARXBindings", "dtsoarxbindings.vcproj", "{33C4924B-EBAE-4862-AA87-924A1DAEC4B7}"
	ProjectSection(ProjectDependencies) = postProject
		{C34553DE-4963-4CAD-BA56-39B550358E87} = {C34553DE-4963-4CAD-BA56-39B550358E87}
	EndProjectSection
EndProject
Project("{8BC9CEB8-8B4A-11D0-8D11-00A0C91BC942}") = "dtGUIFlBindings", "dtguiflbindings.vcproj", "{89FA50C3-B575-42EE-9EA7-E4E4ED193813}"
	ProjectSection(ProjectDependencies) = postProject
		{7F7CF9FA-EFB9-4DD0-964E-0562DBED2C09} = {7F7CF9FA-EFB9-4DD0-964E-0562DBED2C09}
	EndProjectSection
EndProject
Project("{8BC9CEB8-8B4A-11D0-8D11-00A0C91BC942}") = "dtcore", "..\dtCore\dtcore.vcproj", "{E8B2FBBF-19C9-4814-9F30-90FE0A036232}"
	ProjectSection(ProjectDependencies) = postProject
	EndProjectSection
EndProject
Project("{8BC9CEB8-8B4A-11D0-8D11-00A0C91BC942}") = "dtabc", "..\dtABC\dtabc.vcproj", "{C34553DE-4963-4CAD-BA56-39B550358E87}"
	ProjectSection(ProjectDependencies) = postProject
		{E8B2FBBF-19C9-4814-9F30-90FE0A036232} = {E8B2FBBF-19C9-4814-9F30-90FE0A036232}
	EndProjectSection
EndProject
Project("{8BC9CEB8-8B4A-11D0-8D11-00A0C91BC942}") = "dtaudio", "..\dtAudio\dtaudio.vcproj", "{6C9F6D0C-9B74-404F-808B-9E480777F757}"
	ProjectSection(ProjectDependencies) = postProject
		{E8B2FBBF-19C9-4814-9F30-90FE0A036232} = {E8B2FBBF-19C9-4814-9F30-90FE0A036232}
	EndProjectSection
EndProject
Project("{8BC9CEB8-8B4A-11D0-8D11-00A0C91BC942}") = "dtchar", "..\dtChar\dtchar.vcproj", "{C34553DE-4963-4CAD-BA56-39B550358E87}"
	ProjectSection(ProjectDependencies) = postProject
		{E8B2FBBF-19C9-4814-9F30-90FE0A036232} = {E8B2FBBF-19C9-4814-9F30-90FE0A036232}
	EndProjectSection
EndProject
Project("{8BC9CEB8-8B4A-11D0-8D11-00A0C91BC942}") = "gui_fl", "..\gui_fl\gui_fl.vcproj", "{7F7CF9FA-EFB9-4DD0-964E-0562DBED2C09}"
	ProjectSection(ProjectDependencies) = postProject
		{E8B2FBBF-19C9-4814-9F30-90FE0A036232} = {E8B2FBBF-19C9-4814-9F30-90FE0A036232}
		{C34553DE-4963-4CAD-BA56-39B550358E87} = {C34553DE-4963-4CAD-BA56-39B550358E87}
	EndProjectSection
EndProject
Project("{8BC9CEB8-8B4A-11D0-8D11-00A0C91BC942}") = "dtsoarx", "..\soarx\dtsoarx.vcproj", "{C34553DE-4963-4CAD-BA56-39B550358E87}"
	ProjectSection(ProjectDependencies) = postProject
		{E8B2FBBF-19C9-4814-9F30-90FE0A036232} = {E8B2FBBF-19C9-4814-9F30-90FE0A036232}
	EndProjectSection
EndProject
Project("{8BC9CEB8-8B4A-11D0-8D11-00A0C91BC942}") = "dtscript", "dtscript.vcproj", "{4168D2C5-39C3-4368-B152-3C0F6AD1A95F}"
	ProjectSection(ProjectDependencies) = postProject
	EndProjectSection
EndProject
Global
	GlobalSection(SolutionConfiguration) = preSolution
		Debug = Debug
		Release = Release
	EndGlobalSection
	GlobalSection(ProjectConfiguration) = postSolution
		{17C8B821-1515-4CE5-9C9A-00193C34FF0F}.Debug.ActiveCfg = Debug|Win32
		{17C8B821-1515-4CE5-9C9A-00193C34FF0F}.Debug.Build.0 = Debug|Win32
		{17C8B821-1515-4CE5-9C9A-00193C34FF0F}.Release.ActiveCfg = Release|Win32
		{17C8B821-1515-4CE5-9C9A-00193C34FF0F}.Release.Build.0 = Release|Win32
		{537ADD2A-2558-46E6-B40F-27AAE5DAEAA2}.Debug.ActiveCfg = Debug|Win32
		{537ADD2A-2558-46E6-B40F-27AAE5DAEAA2}.Debug.Build.0 = Debug|Win32
		{537ADD2A-2558-46E6-B40F-27AAE5DAEAA2}.Release.ActiveCfg = Release|Win32
		{537ADD2A-2558-46E6-B40F-27AAE5DAEAA2}.Release.Build.0 = Release|Win32
		{20E80313-6099-4F8B-BB4E-E164F4ABEEC4}.Debug.ActiveCfg = Debug|Win32
		{20E80313-6099-4F8B-BB4E-E164F4ABEEC4}.Debug.Build.0 = Debug|Win32
		{20E80313-6099-4F8B-BB4E-E164F4ABEEC4}.Release.ActiveCfg = Release|Win32
		{20E80313-6099-4F8B-BB4E-E164F4ABEEC4}.Release.Build.0 = Release|Win32
		{0D2F6673-29DD-492F-8ABD-6BCA7925F2DE}.Debug.ActiveCfg = Debug|Win32
		{0D2F6673-29DD-492F-8ABD-6BCA7925F2DE}.Debug.Build.0 = Debug|Win32
		{0D2F6673-29DD-492F-8ABD-6BCA7925F2DE}.Release.ActiveCfg = Release|Win32
		{0D2F6673-29DD-492F-8ABD-6BCA7925F2DE}.Release.Build.0 = Release|Win32
		{33C4924B-EBAE-4862-AA87-924A1DAEC4B7}.Debug.ActiveCfg = Debug|Win32
		{33C4924B-EBAE-4862-AA87-924A1DAEC4B7}.Debug.Build.0 = Debug|Win32
		{33C4924B-EBAE-4862-AA87-924A1DAEC4B7}.Release.ActiveCfg = Release|Win32
		{33C4924B-EBAE-4862-AA87-924A1DAEC4B7}.Release.Build.0 = Release|Win32
		{89FA50C3-B575-42EE-9EA7-E4E4ED193813}.Debug.ActiveCfg = Debug|Win32
		{89FA50C3-B575-42EE-9EA7-E4E4ED193813}.Debug.Build.0 = Debug|Win32
		{89FA50C3-B575-42EE-9EA7-E4E4ED193813}.Release.ActiveCfg = Release|Win32
		{89FA50C3-B575-42EE-9EA7-E4E4ED193813}.Release.Build.0 = Release|Win32
		{E8B2FBBF-19C9-4814-9F30-90FE0A036232}.Debug.ActiveCfg = Debug|Win32
		{E8B2FBBF-19C9-4814-9F30-90FE0A036232}.Debug.Build.0 = Debug|Win32
		{E8B2FBBF-19C9-4814-9F30-90FE0A036232}.Release.ActiveCfg = Release|Win32
		{E8B2FBBF-19C9-4814-9F30-90FE0A036232}.Release.Build.0 = Release|Win32
		{C34553DE-4963-4CAD-BA56-39B550358E87}.Debug.ActiveCfg = Debug|Win32
		{C34553DE-4963-4CAD-BA56-39B550358E87}.Debug.Build.0 = Debug|Win32
		{C34553DE-4963-4CAD-BA56-39B550358E87}.Release.ActiveCfg = Release|Win32
		{C34553DE-4963-4CAD-BA56-39B550358E87}.Release.Build.0 = Release|Win32
		{6C9F6D0C-9B74-404F-808B-9E480777F757}.Debug.ActiveCfg = Debug|Win32
		{6C9F6D0C-9B74-404F-808B-9E480777F757}.Debug.Build.0 = Debug|Win32
		{6C9F6D0C-9B74-404F-808B-9E480777F757}.Release.ActiveCfg = Release|Win32
		{6C9F6D0C-9B74-404F-808B-9E480777F757}.Release.Build.0 = Release|Win32
		{C34553DE-4963-4CAD-BA56-39B550358E87}.Debug.ActiveCfg = Debug|Win32
		{C34553DE-4963-4CAD-BA56-39B550358E87}.Debug.Build.0 = Debug|Win32
		{C34553DE-4963-4CAD-BA56-39B550358E87}.Release.ActiveCfg = Release|Win32
		{C34553DE-4963-4CAD-BA56-39B550358E87}.Release.Build.0 = Release|Win32
		{7F7CF9FA-EFB9-4DD0-964E-0562DBED2C09}.Debug.ActiveCfg = Debug|Win32
		{7F7CF9FA-EFB9-4DD0-964E-0562DBED2C09}.Debug.Build.0 = Debug|Win32
		{7F7CF9FA-EFB9-4DD0-964E-0562DBED2C09}.Release.ActiveCfg = Release|Win32
		{7F7CF9FA-EFB9-4DD0-964E-0562DBED2C09}.Release.Build.0 = Release|Win32
		{C34553DE-4963-4CAD-BA56-39B550358E87}.Debug.ActiveCfg = Debug|Win32
		{C34553DE-4963-4CAD-BA56-39B550358E87}.Debug.Build.0 = Debug|Win32
		{C34553DE-4963-4CAD-BA56-39B550358E87}.Release.ActiveCfg = Release|Win32
		{C34553DE-4963-4CAD-BA56-39B550358E87}.Release.Build.0 = Release|Win32
		{4168D2C5-39C3-4368-B152-3C0F6AD1A95F}.Debug.ActiveCfg = Debug|Win32
		{4168D2C5-39C3-4368-B152-3C0F6AD1A95F}.Debug.Build.0 = Debug|Win32
		{4168D2C5-39C3-4368-B152-3C0F6AD1A95F}.Release.ActiveCfg = Release|Win32
		{4168D2C5-39C3-4368-B152-3C0F6AD1A95F}.Release.Build.0 = Release|Win32
	EndGlobalSection
	GlobalSection(ExtensibilityGlobals) = postSolution
	EndGlobalSection
	GlobalSection(ExtensibilityAddIns) = postSolution
	EndGlobalSection
EndGlobal
