Microsoft Visual Studio Solution File, Format Version 8.00
Project("{8BC9CEB8-8B4A-11D0-8D11-00A0C91BC942}") = "UnitTestsDtLMS", "UnitTestsDtLMS.vcproj", "{2AF7A80B-98E7-4132-BCCC-B3F2BE816593}"
	ProjectSection(ProjectDependencies) = postProject
		{F13215F4-EDDC-4402-AF78-6DC99077FB11} = {F13215F4-EDDC-4402-AF78-6DC99077FB11}
	EndProjectSection
EndProject
Project("{8BC9CEB8-8B4A-11D0-8D11-00A0C91BC942}") = "dtLMS", "..\..\src\dtLMS\dtLMS.vcproj", "{F13215F4-EDDC-4402-AF78-6DC99077FB11}"
	ProjectSection(ProjectDependencies) = postProject
	EndProjectSection
EndProject
Global
	GlobalSection(SolutionConfiguration) = preSolution
		Debug = Debug
		Release = Release
	EndGlobalSection
	GlobalSection(ProjectConfiguration) = postSolution
		{2AF7A80B-98E7-4132-BCCC-B3F2BE816593}.Debug.ActiveCfg = Debug|Win32
		{2AF7A80B-98E7-4132-BCCC-B3F2BE816593}.Debug.Build.0 = Debug|Win32
		{2AF7A80B-98E7-4132-BCCC-B3F2BE816593}.Release.ActiveCfg = Release|Win32
		{2AF7A80B-98E7-4132-BCCC-B3F2BE816593}.Release.Build.0 = Release|Win32
		{F13215F4-EDDC-4402-AF78-6DC99077FB11}.Debug.ActiveCfg = Debug|Win32
		{F13215F4-EDDC-4402-AF78-6DC99077FB11}.Debug.Build.0 = Debug|Win32
		{F13215F4-EDDC-4402-AF78-6DC99077FB11}.Release.ActiveCfg = Release|Win32
		{F13215F4-EDDC-4402-AF78-6DC99077FB11}.Release.Build.0 = Release|Win32
	EndGlobalSection
	GlobalSection(ExtensibilityGlobals) = postSolution
	EndGlobalSection
	GlobalSection(ExtensibilityAddIns) = postSolution
	EndGlobalSection
EndGlobal
