Microsoft Visual Studio Solution File, Format Version 9.00
# Visual Studio 2005
Project("{8BC9CEB8-8B4A-11D0-8D11-00A0C91BC942}") = "ProjectComplete", "ProjectComplete\ProjectComplete2005.vcproj", "{F38B1019-662C-4C92-8BFC-60B9128EEC5C}"
EndProject
Project("{8BC9CEB8-8B4A-11D0-8D11-00A0C91BC942}") = "ProjectCompleteWithHLA", "ProjectComplete\ProjectCompleteWithHLA2005.vcproj", "{DB10D07E-EACC-4069-9B98-9482CC69369F}"
EndProject
Global
	GlobalSection(SolutionConfigurationPlatforms) = preSolution
		Debug|Win32 = Debug|Win32
		Release|Win32 = Release|Win32
	EndGlobalSection
	GlobalSection(ProjectConfigurationPlatforms) = postSolution
		{F38B1019-662C-4C92-8BFC-60B9128EEC5C}.Debug|Win32.ActiveCfg = Debug|Win32
		{F38B1019-662C-4C92-8BFC-60B9128EEC5C}.Debug|Win32.Build.0 = Debug|Win32
		{F38B1019-662C-4C92-8BFC-60B9128EEC5C}.Release|Win32.ActiveCfg = Release|Win32
		{F38B1019-662C-4C92-8BFC-60B9128EEC5C}.Release|Win32.Build.0 = Release|Win32
		{DB10D07E-EACC-4069-9B98-9482CC69369F}.Debug|Win32.ActiveCfg = Debug|Win32
		{DB10D07E-EACC-4069-9B98-9482CC69369F}.Release|Win32.ActiveCfg = Release|Win32
	EndGlobalSection
	GlobalSection(SolutionProperties) = preSolution
		HideSolutionNode = FALSE
	EndGlobalSection
EndGlobal
