Microsoft Visual Studio Solution File, Format Version 8.00
Project("{8BC9CEB8-8B4A-11D0-8D11-00A0C91BC942}") = "testNetwork", "testNetwork.vcproj", "{B9C0F01B-55C1-4830-BF31-B17D208A645E}"
	ProjectSection(ProjectDependencies) = postProject
		{5F516A22-15B8-4160-B032-BDFD78707350} = {5F516A22-15B8-4160-B032-BDFD78707350}
		{D1B34D72-1FCC-45E4-8CA7-BFF9C7D7689C} = {D1B34D72-1FCC-45E4-8CA7-BFF9C7D7689C}
		{B799957E-9AFF-43DD-A46A-6BC98424C6B2} = {B799957E-9AFF-43DD-A46A-6BC98424C6B2}
		{E8B2FBBF-19C9-4814-9F30-90FE0A036232} = {E8B2FBBF-19C9-4814-9F30-90FE0A036232}
	EndProjectSection
EndProject
Project("{8BC9CEB8-8B4A-11D0-8D11-00A0C91BC942}") = "dtNet", "..\..\src\dtNet\dtNet.vcproj", "{B799957E-9AFF-43DD-A46A-6BC98424C6B2}"
	ProjectSection(ProjectDependencies) = postProject
		{E8B2FBBF-19C9-4814-9F30-90FE0A036232} = {E8B2FBBF-19C9-4814-9F30-90FE0A036232}
	EndProjectSection
EndProject
Project("{8BC9CEB8-8B4A-11D0-8D11-00A0C91BC942}") = "dtCore", "..\..\src\dtCore\dtcore.vcproj", "{E8B2FBBF-19C9-4814-9F30-90FE0A036232}"
	ProjectSection(ProjectDependencies) = postProject
		{5F516A22-15B8-4160-B032-BDFD78707350} = {5F516A22-15B8-4160-B032-BDFD78707350}
	EndProjectSection
EndProject
Project("{8BC9CEB8-8B4A-11D0-8D11-00A0C91BC942}") = "dtABC", "..\..\src\dtABC\dtabc.vcproj", "{D1B34D72-1FCC-45E4-8CA7-BFF9C7D7689C}"
	ProjectSection(ProjectDependencies) = postProject
		{5F516A22-15B8-4160-B032-BDFD78707350} = {5F516A22-15B8-4160-B032-BDFD78707350}
		{E8B2FBBF-19C9-4814-9F30-90FE0A036232} = {E8B2FBBF-19C9-4814-9F30-90FE0A036232}
	EndProjectSection
EndProject
Project("{8BC9CEB8-8B4A-11D0-8D11-00A0C91BC942}") = "dtUtil", "..\..\src\dtUtil\dtutil.vcproj", "{5F516A22-15B8-4160-B032-BDFD78707350}"
	ProjectSection(ProjectDependencies) = postProject
	EndProjectSection
EndProject
Global
	GlobalSection(SolutionConfiguration) = preSolution
		Debug = Debug
		Release = Release
	EndGlobalSection
	GlobalSection(ProjectConfiguration) = postSolution
		{B9C0F01B-55C1-4830-BF31-B17D208A645E}.Debug.ActiveCfg = Debug|Win32
		{B9C0F01B-55C1-4830-BF31-B17D208A645E}.Debug.Build.0 = Debug|Win32
		{B9C0F01B-55C1-4830-BF31-B17D208A645E}.Release.ActiveCfg = Release|Win32
		{B9C0F01B-55C1-4830-BF31-B17D208A645E}.Release.Build.0 = Release|Win32
		{B799957E-9AFF-43DD-A46A-6BC98424C6B2}.Debug.ActiveCfg = Debug|Win32
		{B799957E-9AFF-43DD-A46A-6BC98424C6B2}.Debug.Build.0 = Debug|Win32
		{B799957E-9AFF-43DD-A46A-6BC98424C6B2}.Release.ActiveCfg = Release|Win32
		{B799957E-9AFF-43DD-A46A-6BC98424C6B2}.Release.Build.0 = Release|Win32
		{E8B2FBBF-19C9-4814-9F30-90FE0A036232}.Debug.ActiveCfg = Debug|Win32
		{E8B2FBBF-19C9-4814-9F30-90FE0A036232}.Debug.Build.0 = Debug|Win32
		{E8B2FBBF-19C9-4814-9F30-90FE0A036232}.Release.ActiveCfg = Release|Win32
		{E8B2FBBF-19C9-4814-9F30-90FE0A036232}.Release.Build.0 = Release|Win32
		{D1B34D72-1FCC-45E4-8CA7-BFF9C7D7689C}.Debug.ActiveCfg = Debug|Win32
		{D1B34D72-1FCC-45E4-8CA7-BFF9C7D7689C}.Debug.Build.0 = Debug|Win32
		{D1B34D72-1FCC-45E4-8CA7-BFF9C7D7689C}.Release.ActiveCfg = Release|Win32
		{D1B34D72-1FCC-45E4-8CA7-BFF9C7D7689C}.Release.Build.0 = Release|Win32
		{5F516A22-15B8-4160-B032-BDFD78707350}.Debug.ActiveCfg = Debug|Win32
		{5F516A22-15B8-4160-B032-BDFD78707350}.Debug.Build.0 = Debug|Win32
		{5F516A22-15B8-4160-B032-BDFD78707350}.Release.ActiveCfg = Release|Win32
		{5F516A22-15B8-4160-B032-BDFD78707350}.Release.Build.0 = Release|Win32
	EndGlobalSection
	GlobalSection(ExtensibilityGlobals) = postSolution
	EndGlobalSection
	GlobalSection(ExtensibilityAddIns) = postSolution
	EndGlobalSection
EndGlobal
