Microsoft Visual Studio Solution File, Format Version 8.00
Project("{8BC9CEB8-8B4A-11D0-8D11-00A0C91BC942}") = "ProjectAlpha", "ProjectAlpha\ProjectAlpha.vcproj", "{311A0E82-2D37-4910-A7F2-FF058425B2E9}"
	ProjectSection(ProjectDependencies) = postProject
	EndProjectSection
EndProject
Project("{8BC9CEB8-8B4A-11D0-8D11-00A0C91BC942}") = "ProjectBeta", "ProjectBeta\ProjectBeta.vcproj", "{8B26519C-8811-408F-9AF0-5634C95AA45C}"
	ProjectSection(ProjectDependencies) = postProject
	EndProjectSection
EndProject
Project("{8BC9CEB8-8B4A-11D0-8D11-00A0C91BC942}") = "ProjectGamma", "ProjectGamma\ProjectGamma.vcproj", "{49C21B10-5B00-40B3-BB96-AFFC5DA9EA56}"
	ProjectSection(ProjectDependencies) = postProject
	EndProjectSection
EndProject
Global
	GlobalSection(SolutionConfiguration) = preSolution
		Debug = Debug
		Release = Release
	EndGlobalSection
	GlobalSection(ProjectConfiguration) = postSolution
		{311A0E82-2D37-4910-A7F2-FF058425B2E9}.Debug.ActiveCfg = Debug|Win32
		{311A0E82-2D37-4910-A7F2-FF058425B2E9}.Debug.Build.0 = Debug|Win32
		{311A0E82-2D37-4910-A7F2-FF058425B2E9}.Release.ActiveCfg = Release|Win32
		{311A0E82-2D37-4910-A7F2-FF058425B2E9}.Release.Build.0 = Release|Win32
		{8B26519C-8811-408F-9AF0-5634C95AA45C}.Debug.ActiveCfg = Debug|Win32
		{8B26519C-8811-408F-9AF0-5634C95AA45C}.Debug.Build.0 = Debug|Win32
		{8B26519C-8811-408F-9AF0-5634C95AA45C}.Release.ActiveCfg = Release|Win32
		{8B26519C-8811-408F-9AF0-5634C95AA45C}.Release.Build.0 = Release|Win32
		{49C21B10-5B00-40B3-BB96-AFFC5DA9EA56}.Debug.ActiveCfg = Debug|Win32
		{49C21B10-5B00-40B3-BB96-AFFC5DA9EA56}.Debug.Build.0 = Debug|Win32
		{49C21B10-5B00-40B3-BB96-AFFC5DA9EA56}.Release.ActiveCfg = Release|Win32
		{49C21B10-5B00-40B3-BB96-AFFC5DA9EA56}.Release.Build.0 = Release|Win32
	EndGlobalSection
	GlobalSection(ExtensibilityGlobals) = postSolution
	EndGlobalSection
	GlobalSection(ExtensibilityAddIns) = postSolution
	EndGlobalSection
EndGlobal
