Microsoft Visual Studio Solution File, Format Version 9.00
# Visual Studio 2005
Project("{8BC9CEB8-8B4A-11D0-8D11-00A0C91BC942}") = "fireFighter", "fireFighter_2005.vcproj", "{14F96193-7D76-4EC5-B21C-4E3AE9E128F8}"
EndProject
Project("{8BC9CEB8-8B4A-11D0-8D11-00A0C91BC942}") = "UnitTests", "..\..\tests\demos\fireFighter\UnitTests_2005.vcproj", "{FD9EA62D-02EF-46C2-8302-924B75F96BEA}"
	ProjectSection(ProjectDependencies) = postProject
		{14F96193-7D76-4EC5-B21C-4E3AE9E128F8} = {14F96193-7D76-4EC5-B21C-4E3AE9E128F8}
	EndProjectSection
EndProject
Global
	GlobalSection(SolutionConfigurationPlatforms) = preSolution
		Debug|Win32 = Debug|Win32
		Release|Win32 = Release|Win32
	EndGlobalSection
	GlobalSection(ProjectConfigurationPlatforms) = postSolution
		{14F96193-7D76-4EC5-B21C-4E3AE9E128F8}.Debug|Win32.ActiveCfg = Debug|Win32
		{14F96193-7D76-4EC5-B21C-4E3AE9E128F8}.Debug|Win32.Build.0 = Debug|Win32
		{14F96193-7D76-4EC5-B21C-4E3AE9E128F8}.Release|Win32.ActiveCfg = Release|Win32
		{14F96193-7D76-4EC5-B21C-4E3AE9E128F8}.Release|Win32.Build.0 = Release|Win32
		{FD9EA62D-02EF-46C2-8302-924B75F96BEA}.Debug|Win32.ActiveCfg = Debug|Win32
		{FD9EA62D-02EF-46C2-8302-924B75F96BEA}.Debug|Win32.Build.0 = Debug|Win32
		{FD9EA62D-02EF-46C2-8302-924B75F96BEA}.Release|Win32.ActiveCfg = Release|Win32
		{FD9EA62D-02EF-46C2-8302-924B75F96BEA}.Release|Win32.Build.0 = Release|Win32
	EndGlobalSection
	GlobalSection(SolutionProperties) = preSolution
		HideSolutionNode = FALSE
	EndGlobalSection
EndGlobal
