Microsoft Visual Studio Solution File, Format Version 9.00
# Visual Studio 2005
Project("{8BC9CEB8-8B4A-11D0-8D11-00A0C91BC942}") = "ProjectDelta", "ProjectDelta\ProjectDelta.vcproj", "{6B30B948-9942-45D6-987B-7C488AC1907C}"
EndProject
Global
	GlobalSection(SolutionConfigurationPlatforms) = preSolution
		Debug|Win32 = Debug|Win32
		Release|Win32 = Release|Win32
	EndGlobalSection
	GlobalSection(ProjectConfigurationPlatforms) = postSolution
		{6B30B948-9942-45D6-987B-7C488AC1907C}.Debug|Win32.ActiveCfg = Debug|Win32
		{6B30B948-9942-45D6-987B-7C488AC1907C}.Debug|Win32.Build.0 = Debug|Win32
		{6B30B948-9942-45D6-987B-7C488AC1907C}.Release|Win32.ActiveCfg = Release|Win32
		{6B30B948-9942-45D6-987B-7C488AC1907C}.Release|Win32.Build.0 = Release|Win32
	EndGlobalSection
	GlobalSection(SolutionProperties) = preSolution
		HideSolutionNode = FALSE
	EndGlobalSection
EndGlobal
