Microsoft Visual Studio Solution File, Format Version 8.00
Project("{8BC9CEB8-8B4A-11D0-8D11-00A0C91BC942}") = "testCEG", "testCEG.vcproj", "{070E0755-1A79-4BC4-8809-33397B43E40F}"
	ProjectSection(ProjectDependencies) = postProject
		{CF160A9E-61E2-4D81-83AB-C8165BB0678C} = {CF160A9E-61E2-4D81-83AB-C8165BB0678C}
		{E8B2FBBF-19C9-4814-9F30-90FE0A036232} = {E8B2FBBF-19C9-4814-9F30-90FE0A036232}
	EndProjectSection
EndProject
Project("{8BC9CEB8-8B4A-11D0-8D11-00A0C91BC942}") = "dtGUI", "..\..\src\dtGUI\dtGUI.vcproj", "{CF160A9E-61E2-4D81-83AB-C8165BB0678C}"
	ProjectSection(ProjectDependencies) = postProject
		{E8B2FBBF-19C9-4814-9F30-90FE0A036232} = {E8B2FBBF-19C9-4814-9F30-90FE0A036232}
	EndProjectSection
EndProject
Project("{8BC9CEB8-8B4A-11D0-8D11-00A0C91BC942}") = "dtcore", "..\..\src\dtCore\dtcore.vcproj", "{E8B2FBBF-19C9-4814-9F30-90FE0A036232}"
	ProjectSection(ProjectDependencies) = postProject
	EndProjectSection
EndProject
Global
	GlobalSection(SolutionConfiguration) = preSolution
		Debug = Debug
		Release = Release
	EndGlobalSection
	GlobalSection(ProjectConfiguration) = postSolution
		{070E0755-1A79-4BC4-8809-33397B43E40F}.Debug.ActiveCfg = Debug|Win32
		{070E0755-1A79-4BC4-8809-33397B43E40F}.Debug.Build.0 = Debug|Win32
		{070E0755-1A79-4BC4-8809-33397B43E40F}.Release.ActiveCfg = Release|Win32
		{070E0755-1A79-4BC4-8809-33397B43E40F}.Release.Build.0 = Release|Win32
		{CF160A9E-61E2-4D81-83AB-C8165BB0678C}.Debug.ActiveCfg = Debug|Win32
		{CF160A9E-61E2-4D81-83AB-C8165BB0678C}.Debug.Build.0 = Debug|Win32
		{CF160A9E-61E2-4D81-83AB-C8165BB0678C}.Release.ActiveCfg = Release|Win32
		{CF160A9E-61E2-4D81-83AB-C8165BB0678C}.Release.Build.0 = Release|Win32
		{E8B2FBBF-19C9-4814-9F30-90FE0A036232}.Debug.ActiveCfg = Debug|Win32
		{E8B2FBBF-19C9-4814-9F30-90FE0A036232}.Debug.Build.0 = Debug|Win32
		{E8B2FBBF-19C9-4814-9F30-90FE0A036232}.Release.ActiveCfg = Release|Win32
		{E8B2FBBF-19C9-4814-9F30-90FE0A036232}.Release.Build.0 = Release|Win32
	EndGlobalSection
	GlobalSection(ExtensibilityGlobals) = postSolution
	EndGlobalSection
	GlobalSection(ExtensibilityAddIns) = postSolution
	EndGlobalSection
EndGlobal
