Microsoft Visual Studio Solution File, Format Version 8.00
Project("{8BC9CEB8-8B4A-11D0-8D11-00A0C91BC942}") = "testHLA", "testHLA.vcproj", "{ACF9D3A6-BF65-4C9D-AC05-82FBC0FE3E3E}"
	ProjectSection(ProjectDependencies) = postProject
		{D1B34D72-1FCC-45E4-8CA7-BFF9C7D7689C} = {D1B34D72-1FCC-45E4-8CA7-BFF9C7D7689C}
		{E8B2FBBF-19C9-4814-9F30-90FE0A036232} = {E8B2FBBF-19C9-4814-9F30-90FE0A036232}
		{C34553DE-4963-4CAD-BA56-39B550358E87} = {C34553DE-4963-4CAD-BA56-39B550358E87}
	EndProjectSection
EndProject
Project("{8BC9CEB8-8B4A-11D0-8D11-00A0C91BC942}") = "dtcore", "..\..\src\dtCore\dtcore.vcproj", "{E8B2FBBF-19C9-4814-9F30-90FE0A036232}"
	ProjectSection(ProjectDependencies) = postProject
		{5F516A22-15B8-4160-B032-BDFD78707350} = {5F516A22-15B8-4160-B032-BDFD78707350}
	EndProjectSection
EndProject
Project("{8BC9CEB8-8B4A-11D0-8D11-00A0C91BC942}") = "dthla", "..\..\src\dtHLA\dthla.vcproj", "{C34553DE-4963-4CAD-BA56-39B550358E87}"
	ProjectSection(ProjectDependencies) = postProject
		{E8B2FBBF-19C9-4814-9F30-90FE0A036232} = {E8B2FBBF-19C9-4814-9F30-90FE0A036232}
	EndProjectSection
EndProject
Project("{8BC9CEB8-8B4A-11D0-8D11-00A0C91BC942}") = "dtabc", "..\..\src\dtABC\dtabc.vcproj", "{D1B34D72-1FCC-45E4-8CA7-BFF9C7D7689C}"
	ProjectSection(ProjectDependencies) = postProject
		{E8B2FBBF-19C9-4814-9F30-90FE0A036232} = {E8B2FBBF-19C9-4814-9F30-90FE0A036232}
	EndProjectSection
EndProject
Project("{8BC9CEB8-8B4A-11D0-8D11-00A0C91BC942}") = "dtutil", "..\..\..\..\VER0_8_6\delta3d\src\dtUtil\dtutil.vcproj", "{5F516A22-15B8-4160-B032-BDFD78707350}"
	ProjectSection(ProjectDependencies) = postProject
	EndProjectSection
EndProject
Global
	GlobalSection(SolutionConfiguration) = preSolution
		Debug = Debug
		Release = Release
	EndGlobalSection
	GlobalSection(ProjectConfiguration) = postSolution
		{ACF9D3A6-BF65-4C9D-AC05-82FBC0FE3E3E}.Debug.ActiveCfg = Debug|Win32
		{ACF9D3A6-BF65-4C9D-AC05-82FBC0FE3E3E}.Debug.Build.0 = Debug|Win32
		{ACF9D3A6-BF65-4C9D-AC05-82FBC0FE3E3E}.Release.ActiveCfg = Release|Win32
		{ACF9D3A6-BF65-4C9D-AC05-82FBC0FE3E3E}.Release.Build.0 = Release|Win32
		{E8B2FBBF-19C9-4814-9F30-90FE0A036232}.Debug.ActiveCfg = Debug|Win32
		{E8B2FBBF-19C9-4814-9F30-90FE0A036232}.Debug.Build.0 = Debug|Win32
		{E8B2FBBF-19C9-4814-9F30-90FE0A036232}.Release.ActiveCfg = Release|Win32
		{E8B2FBBF-19C9-4814-9F30-90FE0A036232}.Release.Build.0 = Release|Win32
		{C34553DE-4963-4CAD-BA56-39B550358E87}.Debug.ActiveCfg = Debug|Win32
		{C34553DE-4963-4CAD-BA56-39B550358E87}.Debug.Build.0 = Debug|Win32
		{C34553DE-4963-4CAD-BA56-39B550358E87}.Release.ActiveCfg = Release|Win32
		{C34553DE-4963-4CAD-BA56-39B550358E87}.Release.Build.0 = Release|Win32
		{D1B34D72-1FCC-45E4-8CA7-BFF9C7D7689C}.Debug.ActiveCfg = Debug|Win32
		{D1B34D72-1FCC-45E4-8CA7-BFF9C7D7689C}.Debug.Build.0 = Debug|Win32
		{D1B34D72-1FCC-45E4-8CA7-BFF9C7D7689C}.Release.ActiveCfg = Release|Win32
		{D1B34D72-1FCC-45E4-8CA7-BFF9C7D7689C}.Release.Build.0 = Release|Win32
		{5F516A22-15B8-4160-B032-BDFD78707350}.Debug.ActiveCfg = Debug|Win32
		{5F516A22-15B8-4160-B032-BDFD78707350}.Debug.Build.0 = Debug|Win32
		{5F516A22-15B8-4160-B032-BDFD78707350}.Release.ActiveCfg = Release|Win32
		{5F516A22-15B8-4160-B032-BDFD78707350}.Release.Build.0 = Release|Win32
	EndGlobalSection
	GlobalSection(ExtensibilityGlobals) = postSolution
	EndGlobalSection
	GlobalSection(ExtensibilityAddIns) = postSolution
	EndGlobalSection
EndGlobal
