Microsoft Visual Studio Solution File, Format Version 8.00
Project("{8BC9CEB8-8B4A-11D0-8D11-00A0C91BC942}") = "testPython", "testPython.vcproj", "{21B56391-18C2-47CA-BBEE-CDD327BE5C58}"
	ProjectSection(ProjectDependencies) = postProject
		{17C8B821-1515-4CE5-9C9A-00193C34FF0F} = {17C8B821-1515-4CE5-9C9A-00193C34FF0F}
		{E8B2FBBF-19C9-4814-9F30-90FE0A036232} = {E8B2FBBF-19C9-4814-9F30-90FE0A036232}
		{C34553DE-4963-4CAD-BA56-39B550358E87} = {C34553DE-4963-4CAD-BA56-39B550358E87}
		{7F7CF9FA-EFB9-4DD0-964E-0562DBED2C09} = {7F7CF9FA-EFB9-4DD0-964E-0562DBED2C09}
	EndProjectSection
EndProject
Project("{8BC9CEB8-8B4A-11D0-8D11-00A0C91BC942}") = "dtcore", "..\..\src\dtcore.vcproj", "{E8B2FBBF-19C9-4814-9F30-90FE0A036232}"
	ProjectSection(ProjectDependencies) = postProject
	EndProjectSection
EndProject
Project("{8BC9CEB8-8B4A-11D0-8D11-00A0C91BC942}") = "dtCoreBindings", "..\..\src\python\dtcorebindings.vcproj", "{17C8B821-1515-4CE5-9C9A-00193C34FF0F}"
	ProjectSection(ProjectDependencies) = postProject
		{E8B2FBBF-19C9-4814-9F30-90FE0A036232} = {E8B2FBBF-19C9-4814-9F30-90FE0A036232}
	EndProjectSection
EndProject
Project("{8BC9CEB8-8B4A-11D0-8D11-00A0C91BC942}") = "dtabc", "..\..\src\dtabc.vcproj", "{C34553DE-4963-4CAD-BA56-39B550358E87}"
	ProjectSection(ProjectDependencies) = postProject
		{E8B2FBBF-19C9-4814-9F30-90FE0A036232} = {E8B2FBBF-19C9-4814-9F30-90FE0A036232}
	EndProjectSection
EndProject
Project("{8BC9CEB8-8B4A-11D0-8D11-00A0C91BC942}") = "gui_fl", "..\..\src\gui_fl.vcproj", "{7F7CF9FA-EFB9-4DD0-964E-0562DBED2C09}"
	ProjectSection(ProjectDependencies) = postProject
		{E8B2FBBF-19C9-4814-9F30-90FE0A036232} = {E8B2FBBF-19C9-4814-9F30-90FE0A036232}
		{C34553DE-4963-4CAD-BA56-39B550358E87} = {C34553DE-4963-4CAD-BA56-39B550358E87}
	EndProjectSection
EndProject
Global
	GlobalSection(SolutionConfiguration) = preSolution
		Debug = Debug
		Release = Release
	EndGlobalSection
	GlobalSection(ProjectConfiguration) = postSolution
		{21B56391-18C2-47CA-BBEE-CDD327BE5C58}.Debug.ActiveCfg = Debug|Win32
		{21B56391-18C2-47CA-BBEE-CDD327BE5C58}.Debug.Build.0 = Debug|Win32
		{21B56391-18C2-47CA-BBEE-CDD327BE5C58}.Release.ActiveCfg = Release|Win32
		{21B56391-18C2-47CA-BBEE-CDD327BE5C58}.Release.Build.0 = Release|Win32
		{E8B2FBBF-19C9-4814-9F30-90FE0A036232}.Debug.ActiveCfg = Debug|Win32
		{E8B2FBBF-19C9-4814-9F30-90FE0A036232}.Debug.Build.0 = Debug|Win32
		{E8B2FBBF-19C9-4814-9F30-90FE0A036232}.Release.ActiveCfg = Release|Win32
		{E8B2FBBF-19C9-4814-9F30-90FE0A036232}.Release.Build.0 = Release|Win32
		{17C8B821-1515-4CE5-9C9A-00193C34FF0F}.Debug.ActiveCfg = Debug|Win32
		{17C8B821-1515-4CE5-9C9A-00193C34FF0F}.Debug.Build.0 = Debug|Win32
		{17C8B821-1515-4CE5-9C9A-00193C34FF0F}.Release.ActiveCfg = Release|Win32
		{17C8B821-1515-4CE5-9C9A-00193C34FF0F}.Release.Build.0 = Release|Win32
		{C34553DE-4963-4CAD-BA56-39B550358E87}.Debug.ActiveCfg = Debug|Win32
		{C34553DE-4963-4CAD-BA56-39B550358E87}.Debug.Build.0 = Debug|Win32
		{C34553DE-4963-4CAD-BA56-39B550358E87}.Release.ActiveCfg = Release|Win32
		{C34553DE-4963-4CAD-BA56-39B550358E87}.Release.Build.0 = Release|Win32
		{7F7CF9FA-EFB9-4DD0-964E-0562DBED2C09}.Debug.ActiveCfg = Debug|Win32
		{7F7CF9FA-EFB9-4DD0-964E-0562DBED2C09}.Debug.Build.0 = Debug|Win32
		{7F7CF9FA-EFB9-4DD0-964E-0562DBED2C09}.Release.ActiveCfg = Release|Win32
		{7F7CF9FA-EFB9-4DD0-964E-0562DBED2C09}.Release.Build.0 = Release|Win32
	EndGlobalSection
	GlobalSection(ExtensibilityGlobals) = postSolution
	EndGlobalSection
	GlobalSection(ExtensibilityAddIns) = postSolution
	EndGlobalSection
EndGlobal
