Microsoft Visual Studio Solution File, Format Version 9.00
# Visual Studio 2005
Project("{8BC9CEB8-8B4A-11D0-8D11-00A0C91BC942}") = "OSGExp", "OSGExp_2005.vcproj", "{109C4708-1B61-44DC-81BB-3636B39E9FDC}"
	ProjectSection(ProjectDependencies) = postProject
		{70DAC647-2186-4612-A4DD-A32254E7DDBC} = {70DAC647-2186-4612-A4DD-A32254E7DDBC}
	EndProjectSection
EndProject
Project("{8BC9CEB8-8B4A-11D0-8D11-00A0C91BC942}") = "OSGHelper", "Helpers\OSGHelper_2005.vcproj", "{BB0C4F38-BB73-4737-8149-8F70630F2864}"
EndProject
Project("{8BC9CEB8-8B4A-11D0-8D11-00A0C91BC942}") = "Previewer", "..\Previewer\Previewer_2005.vcproj", "{70DAC647-2186-4612-A4DD-A32254E7DDBC}"
EndProject
Global
	GlobalSection(SolutionConfigurationPlatforms) = preSolution
		Debug Static|Win32 = Debug Static|Win32
		Debug|Win32 = Debug|Win32
		Release Static|Win32 = Release Static|Win32
		Release|Win32 = Release|Win32
	EndGlobalSection
	GlobalSection(ProjectConfigurationPlatforms) = postSolution
		{109C4708-1B61-44DC-81BB-3636B39E9FDC}.Debug Static|Win32.ActiveCfg = Debug Static|Win32
		{109C4708-1B61-44DC-81BB-3636B39E9FDC}.Debug Static|Win32.Build.0 = Debug Static|Win32
		{109C4708-1B61-44DC-81BB-3636B39E9FDC}.Debug|Win32.ActiveCfg = Debug|Win32
		{109C4708-1B61-44DC-81BB-3636B39E9FDC}.Debug|Win32.Build.0 = Debug|Win32
		{109C4708-1B61-44DC-81BB-3636B39E9FDC}.Release Static|Win32.ActiveCfg = Release Static|Win32
		{109C4708-1B61-44DC-81BB-3636B39E9FDC}.Release Static|Win32.Build.0 = Release Static|Win32
		{109C4708-1B61-44DC-81BB-3636B39E9FDC}.Release|Win32.ActiveCfg = Release|Win32
		{109C4708-1B61-44DC-81BB-3636B39E9FDC}.Release|Win32.Build.0 = Release|Win32
		{BB0C4F38-BB73-4737-8149-8F70630F2864}.Debug Static|Win32.ActiveCfg = Debug|Win32
		{BB0C4F38-BB73-4737-8149-8F70630F2864}.Debug Static|Win32.Build.0 = Debug|Win32
		{BB0C4F38-BB73-4737-8149-8F70630F2864}.Debug|Win32.ActiveCfg = Debug|Win32
		{BB0C4F38-BB73-4737-8149-8F70630F2864}.Debug|Win32.Build.0 = Debug|Win32
		{BB0C4F38-BB73-4737-8149-8F70630F2864}.Release Static|Win32.ActiveCfg = Release|Win32
		{BB0C4F38-BB73-4737-8149-8F70630F2864}.Release Static|Win32.Build.0 = Release|Win32
		{BB0C4F38-BB73-4737-8149-8F70630F2864}.Release|Win32.ActiveCfg = Release|Win32
		{BB0C4F38-BB73-4737-8149-8F70630F2864}.Release|Win32.Build.0 = Release|Win32
		{70DAC647-2186-4612-A4DD-A32254E7DDBC}.Debug Static|Win32.ActiveCfg = Debug Static|Win32
		{70DAC647-2186-4612-A4DD-A32254E7DDBC}.Debug Static|Win32.Build.0 = Debug Static|Win32
		{70DAC647-2186-4612-A4DD-A32254E7DDBC}.Debug|Win32.ActiveCfg = Debug|Win32
		{70DAC647-2186-4612-A4DD-A32254E7DDBC}.Debug|Win32.Build.0 = Debug|Win32
		{70DAC647-2186-4612-A4DD-A32254E7DDBC}.Release Static|Win32.ActiveCfg = Release Static|Win32
		{70DAC647-2186-4612-A4DD-A32254E7DDBC}.Release Static|Win32.Build.0 = Release Static|Win32
		{70DAC647-2186-4612-A4DD-A32254E7DDBC}.Release|Win32.ActiveCfg = Release|Win32
		{70DAC647-2186-4612-A4DD-A32254E7DDBC}.Release|Win32.Build.0 = Release|Win32
	EndGlobalSection
	GlobalSection(SolutionProperties) = preSolution
		HideSolutionNode = FALSE
	EndGlobalSection
EndGlobal
