Microsoft Visual Studio Solution File, Format Version 9.00
# Visual Studio 2005
Project("{8BC9CEB8-8B4A-11D0-8D11-00A0C91BC942}") = "UnitTestsExtras", "UnitTestsExtras_2005.vcproj", "{6E9BBF42-B120-4D37-8D42-311A95127B89}"
EndProject
Global
	GlobalSection(SolutionConfigurationPlatforms) = preSolution
		Debug|Win32 = Debug|Win32
		Release|Win32 = Release|Win32
	EndGlobalSection
	GlobalSection(ProjectConfigurationPlatforms) = postSolution
		{6E9BBF42-B120-4D37-8D42-311A95127B89}.Debug|Win32.ActiveCfg = Debug|Win32
		{6E9BBF42-B120-4D37-8D42-311A95127B89}.Debug|Win32.Build.0 = Debug|Win32
		{6E9BBF42-B120-4D37-8D42-311A95127B89}.Release|Win32.ActiveCfg = Release|Win32
		{6E9BBF42-B120-4D37-8D42-311A95127B89}.Release|Win32.Build.0 = Release|Win32
	EndGlobalSection
	GlobalSection(SolutionProperties) = preSolution
		HideSolutionNode = FALSE
	EndGlobalSection
EndGlobal
