Microsoft Visual Studio Solution File, Format Version 8.00
Project("{8BC9CEB8-8B4A-11D0-8D11-00A0C91BC942}") = "dtCore", "src\dtCore\dtcore.vcproj", "{E8B2FBBF-19C9-4814-9F30-90FE0A036232}"
	ProjectSection(ProjectDependencies) = postProject
		{5F516A22-15B8-4160-B032-BDFD78707350} = {5F516A22-15B8-4160-B032-BDFD78707350}
	EndProjectSection
EndProject
Project("{8BC9CEB8-8B4A-11D0-8D11-00A0C91BC942}") = "dtABC", "src\dtABC\dtabc.vcproj", "{D1B34D72-1FCC-45E4-8CA7-BFF9C7D7689C}"
	ProjectSection(ProjectDependencies) = postProject
		{E8B2FBBF-19C9-4814-9F30-90FE0A036232} = {E8B2FBBF-19C9-4814-9F30-90FE0A036232}
	EndProjectSection
EndProject
Project("{8BC9CEB8-8B4A-11D0-8D11-00A0C91BC942}") = "dtAudio", "src\dtAudio\dtaudio.vcproj", "{6C9F6D0C-9B74-404F-808B-9E480777F757}"
	ProjectSection(ProjectDependencies) = postProject
		{E8B2FBBF-19C9-4814-9F30-90FE0A036232} = {E8B2FBBF-19C9-4814-9F30-90FE0A036232}
	EndProjectSection
EndProject
Project("{8BC9CEB8-8B4A-11D0-8D11-00A0C91BC942}") = "dtChar", "src\dtChar\dtchar.vcproj", "{91F7CF8D-9297-426F-B760-7E49EDA92A80}"
	ProjectSection(ProjectDependencies) = postProject
		{E8B2FBBF-19C9-4814-9F30-90FE0A036232} = {E8B2FBBF-19C9-4814-9F30-90FE0A036232}
	EndProjectSection
EndProject
Project("{8BC9CEB8-8B4A-11D0-8D11-00A0C91BC942}") = "dtUtil", "src\dtUtil\dtutil.vcproj", "{5F516A22-15B8-4160-B032-BDFD78707350}"
	ProjectSection(ProjectDependencies) = postProject
	EndProjectSection
EndProject
Project("{8BC9CEB8-8B4A-11D0-8D11-00A0C91BC942}") = "dtBSP", "src\dtBSP\dtbsp.vcproj", "{6CB0D175-771B-4592-91A2-C367C61A3381}"
	ProjectSection(ProjectDependencies) = postProject
	EndProjectSection
EndProject
Project("{8BC9CEB8-8B4A-11D0-8D11-00A0C91BC942}") = "dtGUI", "src\dtGUI\dtGUI.vcproj", "{CF160A9E-61E2-4D81-83AB-C8165BB0678C}"
	ProjectSection(ProjectDependencies) = postProject
		{E8B2FBBF-19C9-4814-9F30-90FE0A036232} = {E8B2FBBF-19C9-4814-9F30-90FE0A036232}
	EndProjectSection
EndProject
Project("{8BC9CEB8-8B4A-11D0-8D11-00A0C91BC942}") = "dtActors", "src\dtActors\dtActors.vcproj", "{FD79E7C7-15CE-49BC-B7C6-EFE5B4564B1A}"
	ProjectSection(ProjectDependencies) = postProject
		{6C9F6D0C-9B74-404F-808B-9E480777F757} = {6C9F6D0C-9B74-404F-808B-9E480777F757}
		{5F516A22-15B8-4160-B032-BDFD78707350} = {5F516A22-15B8-4160-B032-BDFD78707350}
		{F4AF0428-087E-4AE9-BAB2-B18E910DF67A} = {F4AF0428-087E-4AE9-BAB2-B18E910DF67A}
		{D1B34D72-1FCC-45E4-8CA7-BFF9C7D7689C} = {D1B34D72-1FCC-45E4-8CA7-BFF9C7D7689C}
		{6CB0D175-771B-4592-91A2-C367C61A3381} = {6CB0D175-771B-4592-91A2-C367C61A3381}
		{91F7CF8D-9297-426F-B760-7E49EDA92A80} = {91F7CF8D-9297-426F-B760-7E49EDA92A80}
		{E8B2FBBF-19C9-4814-9F30-90FE0A036232} = {E8B2FBBF-19C9-4814-9F30-90FE0A036232}
	EndProjectSection
EndProject
Project("{8BC9CEB8-8B4A-11D0-8D11-00A0C91BC942}") = "dtDAL", "src\dtDAL\dtDAL.vcproj", "{F4AF0428-087E-4AE9-BAB2-B18E910DF67A}"
	ProjectSection(ProjectDependencies) = postProject
		{6C9F6D0C-9B74-404F-808B-9E480777F757} = {6C9F6D0C-9B74-404F-808B-9E480777F757}
		{5F516A22-15B8-4160-B032-BDFD78707350} = {5F516A22-15B8-4160-B032-BDFD78707350}
		{D1B34D72-1FCC-45E4-8CA7-BFF9C7D7689C} = {D1B34D72-1FCC-45E4-8CA7-BFF9C7D7689C}
		{6CB0D175-771B-4592-91A2-C367C61A3381} = {6CB0D175-771B-4592-91A2-C367C61A3381}
		{91F7CF8D-9297-426F-B760-7E49EDA92A80} = {91F7CF8D-9297-426F-B760-7E49EDA92A80}
		{E8B2FBBF-19C9-4814-9F30-90FE0A036232} = {E8B2FBBF-19C9-4814-9F30-90FE0A036232}
	EndProjectSection
EndProject
Project("{8BC9CEB8-8B4A-11D0-8D11-00A0C91BC942}") = "dtNet", "src\dtNet\dtNet.vcproj", "{B799957E-9AFF-43DD-A46A-6BC98424C6B2}"
	ProjectSection(ProjectDependencies) = postProject
	EndProjectSection
EndProject
Project("{8BC9CEB8-8B4A-11D0-8D11-00A0C91BC942}") = "dtInspector", "src\dtInspector\dtinspector.vcproj", "{7F7CF9FA-EFB9-4DD0-964E-0562DBED2C09}"
	ProjectSection(ProjectDependencies) = postProject
		{D1B34D72-1FCC-45E4-8CA7-BFF9C7D7689C} = {D1B34D72-1FCC-45E4-8CA7-BFF9C7D7689C}
		{E8B2FBBF-19C9-4814-9F30-90FE0A036232} = {E8B2FBBF-19C9-4814-9F30-90FE0A036232}
	EndProjectSection
EndProject
Project("{8BC9CEB8-8B4A-11D0-8D11-00A0C91BC942}") = "dtTerrain", "src\dtTerrain\dtTerrain.vcproj", "{2688CD16-9490-48A8-A3FD-89C0E7605AA5}"
	ProjectSection(ProjectDependencies) = postProject
	EndProjectSection
EndProject
Global
	GlobalSection(SolutionConfiguration) = preSolution
		Debug = Debug
		Release = Release
	EndGlobalSection
	GlobalSection(ProjectConfiguration) = postSolution
		{E8B2FBBF-19C9-4814-9F30-90FE0A036232}.Debug.ActiveCfg = Debug|Win32
		{E8B2FBBF-19C9-4814-9F30-90FE0A036232}.Debug.Build.0 = Debug|Win32
		{E8B2FBBF-19C9-4814-9F30-90FE0A036232}.Release.ActiveCfg = Release|Win32
		{E8B2FBBF-19C9-4814-9F30-90FE0A036232}.Release.Build.0 = Release|Win32
		{D1B34D72-1FCC-45E4-8CA7-BFF9C7D7689C}.Debug.ActiveCfg = Debug|Win32
		{D1B34D72-1FCC-45E4-8CA7-BFF9C7D7689C}.Debug.Build.0 = Debug|Win32
		{D1B34D72-1FCC-45E4-8CA7-BFF9C7D7689C}.Release.ActiveCfg = Release|Win32
		{D1B34D72-1FCC-45E4-8CA7-BFF9C7D7689C}.Release.Build.0 = Release|Win32
		{6C9F6D0C-9B74-404F-808B-9E480777F757}.Debug.ActiveCfg = Debug|Win32
		{6C9F6D0C-9B74-404F-808B-9E480777F757}.Debug.Build.0 = Debug|Win32
		{6C9F6D0C-9B74-404F-808B-9E480777F757}.Release.ActiveCfg = Release|Win32
		{6C9F6D0C-9B74-404F-808B-9E480777F757}.Release.Build.0 = Release|Win32
		{91F7CF8D-9297-426F-B760-7E49EDA92A80}.Debug.ActiveCfg = Debug|Win32
		{91F7CF8D-9297-426F-B760-7E49EDA92A80}.Debug.Build.0 = Debug|Win32
		{91F7CF8D-9297-426F-B760-7E49EDA92A80}.Release.ActiveCfg = Release|Win32
		{91F7CF8D-9297-426F-B760-7E49EDA92A80}.Release.Build.0 = Release|Win32
		{5F516A22-15B8-4160-B032-BDFD78707350}.Debug.ActiveCfg = Debug|Win32
		{5F516A22-15B8-4160-B032-BDFD78707350}.Debug.Build.0 = Debug|Win32
		{5F516A22-15B8-4160-B032-BDFD78707350}.Release.ActiveCfg = Release|Win32
		{5F516A22-15B8-4160-B032-BDFD78707350}.Release.Build.0 = Release|Win32
		{6CB0D175-771B-4592-91A2-C367C61A3381}.Debug.ActiveCfg = Debug|Win32
		{6CB0D175-771B-4592-91A2-C367C61A3381}.Debug.Build.0 = Debug|Win32
		{6CB0D175-771B-4592-91A2-C367C61A3381}.Release.ActiveCfg = Release|Win32
		{6CB0D175-771B-4592-91A2-C367C61A3381}.Release.Build.0 = Release|Win32
		{CF160A9E-61E2-4D81-83AB-C8165BB0678C}.Debug.ActiveCfg = Debug|Win32
		{CF160A9E-61E2-4D81-83AB-C8165BB0678C}.Debug.Build.0 = Debug|Win32
		{CF160A9E-61E2-4D81-83AB-C8165BB0678C}.Release.ActiveCfg = Release|Win32
		{CF160A9E-61E2-4D81-83AB-C8165BB0678C}.Release.Build.0 = Release|Win32
		{FD79E7C7-15CE-49BC-B7C6-EFE5B4564B1A}.Debug.ActiveCfg = Debug|Win32
		{FD79E7C7-15CE-49BC-B7C6-EFE5B4564B1A}.Debug.Build.0 = Debug|Win32
		{FD79E7C7-15CE-49BC-B7C6-EFE5B4564B1A}.Release.ActiveCfg = Release|Win32
		{FD79E7C7-15CE-49BC-B7C6-EFE5B4564B1A}.Release.Build.0 = Release|Win32
		{F4AF0428-087E-4AE9-BAB2-B18E910DF67A}.Debug.ActiveCfg = Debug|Win32
		{F4AF0428-087E-4AE9-BAB2-B18E910DF67A}.Debug.Build.0 = Debug|Win32
		{F4AF0428-087E-4AE9-BAB2-B18E910DF67A}.Release.ActiveCfg = Release|Win32
		{F4AF0428-087E-4AE9-BAB2-B18E910DF67A}.Release.Build.0 = Release|Win32
		{B799957E-9AFF-43DD-A46A-6BC98424C6B2}.Debug.ActiveCfg = Debug|Win32
		{B799957E-9AFF-43DD-A46A-6BC98424C6B2}.Debug.Build.0 = Debug|Win32
		{B799957E-9AFF-43DD-A46A-6BC98424C6B2}.Release.ActiveCfg = Release|Win32
		{B799957E-9AFF-43DD-A46A-6BC98424C6B2}.Release.Build.0 = Release|Win32
		{7F7CF9FA-EFB9-4DD0-964E-0562DBED2C09}.Debug.ActiveCfg = Debug|Win32
		{7F7CF9FA-EFB9-4DD0-964E-0562DBED2C09}.Debug.Build.0 = Debug|Win32
		{7F7CF9FA-EFB9-4DD0-964E-0562DBED2C09}.Release.ActiveCfg = Release|Win32
		{7F7CF9FA-EFB9-4DD0-964E-0562DBED2C09}.Release.Build.0 = Release|Win32
		{2688CD16-9490-48A8-A3FD-89C0E7605AA5}.Debug.ActiveCfg = Debug|Win32
		{2688CD16-9490-48A8-A3FD-89C0E7605AA5}.Debug.Build.0 = Debug|Win32
		{2688CD16-9490-48A8-A3FD-89C0E7605AA5}.Release.ActiveCfg = Release|Win32
		{2688CD16-9490-48A8-A3FD-89C0E7605AA5}.Release.Build.0 = Release|Win32
	EndGlobalSection
	GlobalSection(SolutionItems) = postSolution
		..\src\readme.txt = ..\src\readme.txt
	EndGlobalSection
	GlobalSection(ExtensibilityGlobals) = postSolution
	EndGlobalSection
	GlobalSection(ExtensibilityAddIns) = postSolution
	EndGlobalSection
EndGlobal
