Microsoft Visual Studio Solution File, Format Version 8.00
Project("{8BC9CEB8-8B4A-11D0-8D11-00A0C91BC942}") = "testGUI", "testGUI.vcproj", "{4B1B3A75-0621-48F6-8045-38B526B6F805}"
	ProjectSection(ProjectDependencies) = postProject
		{CF160A9E-61E2-4D81-83AB-C8165BB0678C} = {CF160A9E-61E2-4D81-83AB-C8165BB0678C}
		{E8B2FBBF-19C9-4814-9F30-90FE0A036232} = {E8B2FBBF-19C9-4814-9F30-90FE0A036232}
		{C34553DE-4963-4CAD-BA56-39B550358E87} = {C34553DE-4963-4CAD-BA56-39B550358E87}
	EndProjectSection
EndProject
Project("{8BC9CEB8-8B4A-11D0-8D11-00A0C91BC942}") = "dtCore", "..\..\src\dtCore\dtcore.vcproj", "{E8B2FBBF-19C9-4814-9F30-90FE0A036232}"
	ProjectSection(ProjectDependencies) = postProject
		{5F516A22-15B8-4160-B032-BDFD78707350} = {5F516A22-15B8-4160-B032-BDFD78707350}
	EndProjectSection
EndProject
Project("{8BC9CEB8-8B4A-11D0-8D11-00A0C91BC942}") = "dtABC", "..\..\src\dtABC\dtabc.vcproj", "{C34553DE-4963-4CAD-BA56-39B550358E87}"
	ProjectSection(ProjectDependencies) = postProject
		{5F516A22-15B8-4160-B032-BDFD78707350} = {5F516A22-15B8-4160-B032-BDFD78707350}
		{F4AF0428-087E-4AE9-BAB2-B18E910DF67A} = {F4AF0428-087E-4AE9-BAB2-B18E910DF67A}
		{E8B2FBBF-19C9-4814-9F30-90FE0A036232} = {E8B2FBBF-19C9-4814-9F30-90FE0A036232}
	EndProjectSection
EndProject
Project("{8BC9CEB8-8B4A-11D0-8D11-00A0C91BC942}") = "dtGUI", "..\..\src\dtGUI\dtGUI.vcproj", "{CF160A9E-61E2-4D81-83AB-C8165BB0678C}"
	ProjectSection(ProjectDependencies) = postProject
		{5F516A22-15B8-4160-B032-BDFD78707350} = {5F516A22-15B8-4160-B032-BDFD78707350}
		{E8B2FBBF-19C9-4814-9F30-90FE0A036232} = {E8B2FBBF-19C9-4814-9F30-90FE0A036232}
	EndProjectSection
EndProject
Project("{8BC9CEB8-8B4A-11D0-8D11-00A0C91BC942}") = "dtUtil", "..\..\src\dtUtil\dtutil.vcproj", "{5F516A22-15B8-4160-B032-BDFD78707350}"
	ProjectSection(ProjectDependencies) = postProject
	EndProjectSection
EndProject
Project("{8BC9CEB8-8B4A-11D0-8D11-00A0C91BC942}") = "dtDAL", "..\..\src\dtDAL\dtDAL.vcproj", "{F4AF0428-087E-4AE9-BAB2-B18E910DF67A}"
	ProjectSection(ProjectDependencies) = postProject
		{5F516A22-15B8-4160-B032-BDFD78707350} = {5F516A22-15B8-4160-B032-BDFD78707350}
		{E8B2FBBF-19C9-4814-9F30-90FE0A036232} = {E8B2FBBF-19C9-4814-9F30-90FE0A036232}
	EndProjectSection
EndProject
Global
	GlobalSection(SolutionConfiguration) = preSolution
		Debug = Debug
		Release = Release
	EndGlobalSection
	GlobalSection(ProjectConfiguration) = postSolution
		{4B1B3A75-0621-48F6-8045-38B526B6F805}.Debug.ActiveCfg = Debug|Win32
		{4B1B3A75-0621-48F6-8045-38B526B6F805}.Debug.Build.0 = Debug|Win32
		{4B1B3A75-0621-48F6-8045-38B526B6F805}.Release.ActiveCfg = Release|Win32
		{4B1B3A75-0621-48F6-8045-38B526B6F805}.Release.Build.0 = Release|Win32
		{E8B2FBBF-19C9-4814-9F30-90FE0A036232}.Debug.ActiveCfg = Debug|Win32
		{E8B2FBBF-19C9-4814-9F30-90FE0A036232}.Debug.Build.0 = Debug|Win32
		{E8B2FBBF-19C9-4814-9F30-90FE0A036232}.Release.ActiveCfg = Release|Win32
		{E8B2FBBF-19C9-4814-9F30-90FE0A036232}.Release.Build.0 = Release|Win32
		{C34553DE-4963-4CAD-BA56-39B550358E87}.Debug.ActiveCfg = Debug|Win32
		{C34553DE-4963-4CAD-BA56-39B550358E87}.Debug.Build.0 = Debug|Win32
		{C34553DE-4963-4CAD-BA56-39B550358E87}.Release.ActiveCfg = Release|Win32
		{C34553DE-4963-4CAD-BA56-39B550358E87}.Release.Build.0 = Release|Win32
		{CF160A9E-61E2-4D81-83AB-C8165BB0678C}.Debug.ActiveCfg = Debug|Win32
		{CF160A9E-61E2-4D81-83AB-C8165BB0678C}.Debug.Build.0 = Debug|Win32
		{CF160A9E-61E2-4D81-83AB-C8165BB0678C}.Release.ActiveCfg = Release|Win32
		{CF160A9E-61E2-4D81-83AB-C8165BB0678C}.Release.Build.0 = Release|Win32
		{5F516A22-15B8-4160-B032-BDFD78707350}.Debug.ActiveCfg = Debug|Win32
		{5F516A22-15B8-4160-B032-BDFD78707350}.Debug.Build.0 = Debug|Win32
		{5F516A22-15B8-4160-B032-BDFD78707350}.Release.ActiveCfg = Release|Win32
		{5F516A22-15B8-4160-B032-BDFD78707350}.Release.Build.0 = Release|Win32
		{F4AF0428-087E-4AE9-BAB2-B18E910DF67A}.Debug.ActiveCfg = Debug|Win32
		{F4AF0428-087E-4AE9-BAB2-B18E910DF67A}.Debug.Build.0 = Debug|Win32
		{F4AF0428-087E-4AE9-BAB2-B18E910DF67A}.Release.ActiveCfg = Release|Win32
		{F4AF0428-087E-4AE9-BAB2-B18E910DF67A}.Release.Build.0 = Release|Win32
	EndGlobalSection
	GlobalSection(ExtensibilityGlobals) = postSolution
	EndGlobalSection
	GlobalSection(ExtensibilityAddIns) = postSolution
	EndGlobalSection
EndGlobal
